
Microsoft Visual Studio Solution File, Format Version 12.00
# Visual Studio 2012
Project("{FAE04EC0-301F-11D3-BF4B-00C04F79EFBC}") = "Mappit.Core", "Mappit.Core\Mappit.Core.csproj", "{F8D45F1C-87B9-4644-A709-F480C239FABE}"
EndProject
Project("{FAE04EC0-301F-11D3-BF4B-00C04F79EFBC}") = "Mappit.Touch", "Mappit.Touch\Mappit.Touch.csproj", "{79440CD1-A1C3-4749-9759-C1BA17791D68}"
EndProject
Project("{FAE04EC0-301F-11D3-BF4B-00C04F79EFBC}") = "Mappit.Droid", "Mappit.Droid\Mappit.Droid.csproj", "{73970AC9-AF04-45B6-8013-62F4DEAA14CF}"
EndProject
Global
	GlobalSection(SolutionConfigurationPlatforms) = preSolution
		Ad-Hoc|Any CPU = Ad-Hoc|Any CPU
		Ad-Hoc|iPhone = Ad-Hoc|iPhone
		Ad-Hoc|iPhoneSimulator = Ad-Hoc|iPhoneSimulator
		Ad-Hoc|Mixed Platforms = Ad-Hoc|Mixed Platforms
		AppStore|Any CPU = AppStore|Any CPU
		AppStore|iPhone = AppStore|iPhone
		AppStore|iPhoneSimulator = AppStore|iPhoneSimulator
		AppStore|Mixed Platforms = AppStore|Mixed Platforms
		Debug|Any CPU = Debug|Any CPU
		Debug|iPhone = Debug|iPhone
		Debug|iPhoneSimulator = Debug|iPhoneSimulator
		Debug|Mixed Platforms = Debug|Mixed Platforms
		Release|Any CPU = Release|Any CPU
		Release|iPhone = Release|iPhone
		Release|iPhoneSimulator = Release|iPhoneSimulator
		Release|Mixed Platforms = Release|Mixed Platforms
	EndGlobalSection
	GlobalSection(ProjectConfigurationPlatforms) = postSolution
		{F8D45F1C-87B9-4644-A709-F480C239FABE}.Ad-Hoc|Any CPU.ActiveCfg = Release|Any CPU
		{F8D45F1C-87B9-4644-A709-F480C239FABE}.Ad-Hoc|Any CPU.Build.0 = Release|Any CPU
		{F8D45F1C-87B9-4644-A709-F480C239FABE}.Ad-Hoc|iPhone.ActiveCfg = Release|Any CPU
		{F8D45F1C-87B9-4644-A709-F480C239FABE}.Ad-Hoc|iPhoneSimulator.ActiveCfg = Release|Any CPU
		{F8D45F1C-87B9-4644-A709-F480C239FABE}.Ad-Hoc|Mixed Platforms.ActiveCfg = Release|Any CPU
		{F8D45F1C-87B9-4644-A709-F480C239FABE}.Ad-Hoc|Mixed Platforms.Build.0 = Release|Any CPU
		{F8D45F1C-87B9-4644-A709-F480C239FABE}.AppStore|Any CPU.ActiveCfg = Release|Any CPU
		{F8D45F1C-87B9-4644-A709-F480C239FABE}.AppStore|Any CPU.Build.0 = Release|Any CPU
		{F8D45F1C-87B9-4644-A709-F480C239FABE}.AppStore|iPhone.ActiveCfg = Release|Any CPU
		{F8D45F1C-87B9-4644-A709-F480C239FABE}.AppStore|iPhoneSimulator.ActiveCfg = Release|Any CPU
		{F8D45F1C-87B9-4644-A709-F480C239FABE}.AppStore|Mixed Platforms.ActiveCfg = Release|Any CPU
		{F8D45F1C-87B9-4644-A709-F480C239FABE}.AppStore|Mixed Platforms.Build.0 = Release|Any CPU
		{F8D45F1C-87B9-4644-A709-F480C239FABE}.Debug|Any CPU.ActiveCfg = Debug|Any CPU
		{F8D45F1C-87B9-4644-A709-F480C239FABE}.Debug|Any CPU.Build.0 = Debug|Any CPU
		{F8D45F1C-87B9-4644-A709-F480C239FABE}.Debug|iPhone.ActiveCfg = Debug|Any CPU
		{F8D45F1C-87B9-4644-A709-F480C239FABE}.Debug|iPhoneSimulator.ActiveCfg = Debug|Any CPU
		{F8D45F1C-87B9-4644-A709-F480C239FABE}.Debug|iPhoneSimulator.Build.0 = Debug|Any CPU
		{F8D45F1C-87B9-4644-A709-F480C239FABE}.Debug|Mixed Platforms.ActiveCfg = Debug|Any CPU
		{F8D45F1C-87B9-4644-A709-F480C239FABE}.Debug|Mixed Platforms.Build.0 = Debug|Any CPU
		{F8D45F1C-87B9-4644-A709-F480C239FABE}.Release|Any CPU.ActiveCfg = Release|Any CPU
		{F8D45F1C-87B9-4644-A709-F480C239FABE}.Release|Any CPU.Build.0 = Release|Any CPU
		{F8D45F1C-87B9-4644-A709-F480C239FABE}.Release|iPhone.ActiveCfg = Release|Any CPU
		{F8D45F1C-87B9-4644-A709-F480C239FABE}.Release|iPhoneSimulator.ActiveCfg = Release|Any CPU
		{F8D45F1C-87B9-4644-A709-F480C239FABE}.Release|Mixed Platforms.ActiveCfg = Release|Any CPU
		{F8D45F1C-87B9-4644-A709-F480C239FABE}.Release|Mixed Platforms.Build.0 = Release|Any CPU
		{79440CD1-A1C3-4749-9759-C1BA17791D68}.Ad-Hoc|Any CPU.ActiveCfg = Ad-Hoc|iPhone
		{79440CD1-A1C3-4749-9759-C1BA17791D68}.Ad-Hoc|iPhone.ActiveCfg = Ad-Hoc|iPhone
		{79440CD1-A1C3-4749-9759-C1BA17791D68}.Ad-Hoc|iPhone.Build.0 = Ad-Hoc|iPhone
		{79440CD1-A1C3-4749-9759-C1BA17791D68}.Ad-Hoc|iPhoneSimulator.ActiveCfg = Ad-Hoc|iPhoneSimulator
		{79440CD1-A1C3-4749-9759-C1BA17791D68}.Ad-Hoc|iPhoneSimulator.Build.0 = Ad-Hoc|iPhoneSimulator
		{79440CD1-A1C3-4749-9759-C1BA17791D68}.Ad-Hoc|Mixed Platforms.ActiveCfg = Ad-Hoc|iPhone
		{79440CD1-A1C3-4749-9759-C1BA17791D68}.Ad-Hoc|Mixed Platforms.Build.0 = Ad-Hoc|iPhone
		{79440CD1-A1C3-4749-9759-C1BA17791D68}.AppStore|Any CPU.ActiveCfg = AppStore|iPhone
		{79440CD1-A1C3-4749-9759-C1BA17791D68}.AppStore|iPhone.ActiveCfg = AppStore|iPhone
		{79440CD1-A1C3-4749-9759-C1BA17791D68}.AppStore|iPhone.Build.0 = AppStore|iPhone
		{79440CD1-A1C3-4749-9759-C1BA17791D68}.AppStore|iPhoneSimulator.ActiveCfg = AppStore|iPhoneSimulator
		{79440CD1-A1C3-4749-9759-C1BA17791D68}.AppStore|iPhoneSimulator.Build.0 = AppStore|iPhoneSimulator
		{79440CD1-A1C3-4749-9759-C1BA17791D68}.AppStore|Mixed Platforms.ActiveCfg = AppStore|iPhone
		{79440CD1-A1C3-4749-9759-C1BA17791D68}.AppStore|Mixed Platforms.Build.0 = AppStore|iPhone
		{79440CD1-A1C3-4749-9759-C1BA17791D68}.Debug|Any CPU.ActiveCfg = Debug|iPhone
		{79440CD1-A1C3-4749-9759-C1BA17791D68}.Debug|iPhone.ActiveCfg = Debug|iPhone
		{79440CD1-A1C3-4749-9759-C1BA17791D68}.Debug|iPhone.Build.0 = Debug|iPhone
		{79440CD1-A1C3-4749-9759-C1BA17791D68}.Debug|iPhoneSimulator.ActiveCfg = Debug|iPhoneSimulator
		{79440CD1-A1C3-4749-9759-C1BA17791D68}.Debug|iPhoneSimulator.Build.0 = Debug|iPhoneSimulator
		{79440CD1-A1C3-4749-9759-C1BA17791D68}.Debug|Mixed Platforms.ActiveCfg = Debug|iPhone
		{79440CD1-A1C3-4749-9759-C1BA17791D68}.Debug|Mixed Platforms.Build.0 = Debug|iPhone
		{79440CD1-A1C3-4749-9759-C1BA17791D68}.Release|Any CPU.ActiveCfg = Release|iPhone
		{79440CD1-A1C3-4749-9759-C1BA17791D68}.Release|iPhone.ActiveCfg = Release|iPhone
		{79440CD1-A1C3-4749-9759-C1BA17791D68}.Release|iPhone.Build.0 = Release|iPhone
		{79440CD1-A1C3-4749-9759-C1BA17791D68}.Release|iPhoneSimulator.ActiveCfg = Release|iPhoneSimulator
		{79440CD1-A1C3-4749-9759-C1BA17791D68}.Release|iPhoneSimulator.Build.0 = Release|iPhoneSimulator
		{79440CD1-A1C3-4749-9759-C1BA17791D68}.Release|Mixed Platforms.ActiveCfg = Release|iPhone
		{79440CD1-A1C3-4749-9759-C1BA17791D68}.Release|Mixed Platforms.Build.0 = Release|iPhone
		{73970AC9-AF04-45B6-8013-62F4DEAA14CF}.Ad-Hoc|Any CPU.ActiveCfg = Release|Any CPU
		{73970AC9-AF04-45B6-8013-62F4DEAA14CF}.Ad-Hoc|Any CPU.Build.0 = Release|Any CPU
		{73970AC9-AF04-45B6-8013-62F4DEAA14CF}.Ad-Hoc|Any CPU.Deploy.0 = Release|Any CPU
		{73970AC9-AF04-45B6-8013-62F4DEAA14CF}.Ad-Hoc|iPhone.ActiveCfg = Release|Any CPU
		{73970AC9-AF04-45B6-8013-62F4DEAA14CF}.Ad-Hoc|iPhoneSimulator.ActiveCfg = Release|Any CPU
		{73970AC9-AF04-45B6-8013-62F4DEAA14CF}.Ad-Hoc|Mixed Platforms.ActiveCfg = Release|Any CPU
		{73970AC9-AF04-45B6-8013-62F4DEAA14CF}.Ad-Hoc|Mixed Platforms.Build.0 = Release|Any CPU
		{73970AC9-AF04-45B6-8013-62F4DEAA14CF}.Ad-Hoc|Mixed Platforms.Deploy.0 = Release|Any CPU
		{73970AC9-AF04-45B6-8013-62F4DEAA14CF}.AppStore|Any CPU.ActiveCfg = Release|Any CPU
		{73970AC9-AF04-45B6-8013-62F4DEAA14CF}.AppStore|Any CPU.Build.0 = Release|Any CPU
		{73970AC9-AF04-45B6-8013-62F4DEAA14CF}.AppStore|Any CPU.Deploy.0 = Release|Any CPU
		{73970AC9-AF04-45B6-8013-62F4DEAA14CF}.AppStore|iPhone.ActiveCfg = Release|Any CPU
		{73970AC9-AF04-45B6-8013-62F4DEAA14CF}.AppStore|iPhoneSimulator.ActiveCfg = Release|Any CPU
		{73970AC9-AF04-45B6-8013-62F4DEAA14CF}.AppStore|Mixed Platforms.ActiveCfg = Release|Any CPU
		{73970AC9-AF04-45B6-8013-62F4DEAA14CF}.AppStore|Mixed Platforms.Build.0 = Release|Any CPU
		{73970AC9-AF04-45B6-8013-62F4DEAA14CF}.AppStore|Mixed Platforms.Deploy.0 = Release|Any CPU
		{73970AC9-AF04-45B6-8013-62F4DEAA14CF}.Debug|Any CPU.ActiveCfg = Debug|Any CPU
		{73970AC9-AF04-45B6-8013-62F4DEAA14CF}.Debug|Any CPU.Build.0 = Debug|Any CPU
		{73970AC9-AF04-45B6-8013-62F4DEAA14CF}.Debug|Any CPU.Deploy.0 = Debug|Any CPU
		{73970AC9-AF04-45B6-8013-62F4DEAA14CF}.Debug|iPhone.ActiveCfg = Debug|Any CPU
		{73970AC9-AF04-45B6-8013-62F4DEAA14CF}.Debug|iPhoneSimulator.ActiveCfg = Debug|Any CPU
		{73970AC9-AF04-45B6-8013-62F4DEAA14CF}.Debug|Mixed Platforms.ActiveCfg = Debug|Any CPU
		{73970AC9-AF04-45B6-8013-62F4DEAA14CF}.Debug|Mixed Platforms.Build.0 = Debug|Any CPU
		{73970AC9-AF04-45B6-8013-62F4DEAA14CF}.Debug|Mixed Platforms.Deploy.0 = Debug|Any CPU
		{73970AC9-AF04-45B6-8013-62F4DEAA14CF}.Release|Any CPU.ActiveCfg = Release|Any CPU
		{73970AC9-AF04-45B6-8013-62F4DEAA14CF}.Release|Any CPU.Build.0 = Release|Any CPU
		{73970AC9-AF04-45B6-8013-62F4DEAA14CF}.Release|Any CPU.Deploy.0 = Release|Any CPU
		{73970AC9-AF04-45B6-8013-62F4DEAA14CF}.Release|iPhone.ActiveCfg = Release|Any CPU
		{73970AC9-AF04-45B6-8013-62F4DEAA14CF}.Release|iPhoneSimulator.ActiveCfg = Release|Any CPU
		{73970AC9-AF04-45B6-8013-62F4DEAA14CF}.Release|Mixed Platforms.ActiveCfg = Release|Any CPU
		{73970AC9-AF04-45B6-8013-62F4DEAA14CF}.Release|Mixed Platforms.Build.0 = Release|Any CPU
		{73970AC9-AF04-45B6-8013-62F4DEAA14CF}.Release|Mixed Platforms.Deploy.0 = Release|Any CPU
	EndGlobalSection
	GlobalSection(SolutionProperties) = preSolution
		HideSolutionNode = FALSE
	EndGlobalSection
EndGlobal
