
Microsoft Visual Studio Solution File, Format Version 12.00
# Visual Studio 2012
Project("{FAE04EC0-301F-11D3-BF4B-00C04F79EFBC}") = "Value.Core", "Value.Core\Value.Core.csproj", "{E25CDB86-1187-4F4A-8BE2-FEED313FD642}"
EndProject
Project("{FAE04EC0-301F-11D3-BF4B-00C04F79EFBC}") = "Value.Droid", "Value.Droid\Value.Droid.csproj", "{8D0ACB92-80A2-4292-8A06-045F18F69E00}"
EndProject
Project("{FAE04EC0-301F-11D3-BF4B-00C04F79EFBC}") = "Value.Touch", "Value.Touch\Value.Touch.csproj", "{BFFE7431-2696-4F74-81C0-201FA049EB82}"
EndProject
Project("{FAE04EC0-301F-11D3-BF4B-00C04F79EFBC}") = "Value.Store", "Value.Store\Value.Store.csproj", "{6E0A3554-0A5A-4072-97C0-F1780D6E7DBD}"
EndProject
Project("{FAE04EC0-301F-11D3-BF4B-00C04F79EFBC}") = "Value.Phone", "Value.Phone\Value.Phone.csproj", "{B26F2B41-D14A-4155-BC0E-DBA7115FBFF0}"
EndProject
Global
	GlobalSection(SolutionConfigurationPlatforms) = preSolution
		Ad-Hoc|Any CPU = Ad-Hoc|Any CPU
		Ad-Hoc|ARM = Ad-Hoc|ARM
		Ad-Hoc|iPhone = Ad-Hoc|iPhone
		Ad-Hoc|iPhoneSimulator = Ad-Hoc|iPhoneSimulator
		Ad-Hoc|Mixed Platforms = Ad-Hoc|Mixed Platforms
		Ad-Hoc|x64 = Ad-Hoc|x64
		Ad-Hoc|x86 = Ad-Hoc|x86
		AppStore|Any CPU = AppStore|Any CPU
		AppStore|ARM = AppStore|ARM
		AppStore|iPhone = AppStore|iPhone
		AppStore|iPhoneSimulator = AppStore|iPhoneSimulator
		AppStore|Mixed Platforms = AppStore|Mixed Platforms
		AppStore|x64 = AppStore|x64
		AppStore|x86 = AppStore|x86
		Debug|Any CPU = Debug|Any CPU
		Debug|ARM = Debug|ARM
		Debug|iPhone = Debug|iPhone
		Debug|iPhoneSimulator = Debug|iPhoneSimulator
		Debug|Mixed Platforms = Debug|Mixed Platforms
		Debug|x64 = Debug|x64
		Debug|x86 = Debug|x86
		Release|Any CPU = Release|Any CPU
		Release|ARM = Release|ARM
		Release|iPhone = Release|iPhone
		Release|iPhoneSimulator = Release|iPhoneSimulator
		Release|Mixed Platforms = Release|Mixed Platforms
		Release|x64 = Release|x64
		Release|x86 = Release|x86
	EndGlobalSection
	GlobalSection(ProjectConfigurationPlatforms) = postSolution
		{E25CDB86-1187-4F4A-8BE2-FEED313FD642}.Ad-Hoc|Any CPU.ActiveCfg = Release|Any CPU
		{E25CDB86-1187-4F4A-8BE2-FEED313FD642}.Ad-Hoc|Any CPU.Build.0 = Release|Any CPU
		{E25CDB86-1187-4F4A-8BE2-FEED313FD642}.Ad-Hoc|ARM.ActiveCfg = Release|Any CPU
		{E25CDB86-1187-4F4A-8BE2-FEED313FD642}.Ad-Hoc|iPhone.ActiveCfg = Release|Any CPU
		{E25CDB86-1187-4F4A-8BE2-FEED313FD642}.Ad-Hoc|iPhoneSimulator.ActiveCfg = Release|Any CPU
		{E25CDB86-1187-4F4A-8BE2-FEED313FD642}.Ad-Hoc|Mixed Platforms.ActiveCfg = Release|Any CPU
		{E25CDB86-1187-4F4A-8BE2-FEED313FD642}.Ad-Hoc|Mixed Platforms.Build.0 = Release|Any CPU
		{E25CDB86-1187-4F4A-8BE2-FEED313FD642}.Ad-Hoc|x64.ActiveCfg = Release|Any CPU
		{E25CDB86-1187-4F4A-8BE2-FEED313FD642}.Ad-Hoc|x86.ActiveCfg = Release|Any CPU
		{E25CDB86-1187-4F4A-8BE2-FEED313FD642}.AppStore|Any CPU.ActiveCfg = Release|Any CPU
		{E25CDB86-1187-4F4A-8BE2-FEED313FD642}.AppStore|Any CPU.Build.0 = Release|Any CPU
		{E25CDB86-1187-4F4A-8BE2-FEED313FD642}.AppStore|ARM.ActiveCfg = Release|Any CPU
		{E25CDB86-1187-4F4A-8BE2-FEED313FD642}.AppStore|iPhone.ActiveCfg = Release|Any CPU
		{E25CDB86-1187-4F4A-8BE2-FEED313FD642}.AppStore|iPhoneSimulator.ActiveCfg = Release|Any CPU
		{E25CDB86-1187-4F4A-8BE2-FEED313FD642}.AppStore|Mixed Platforms.ActiveCfg = Release|Any CPU
		{E25CDB86-1187-4F4A-8BE2-FEED313FD642}.AppStore|Mixed Platforms.Build.0 = Release|Any CPU
		{E25CDB86-1187-4F4A-8BE2-FEED313FD642}.AppStore|x64.ActiveCfg = Release|Any CPU
		{E25CDB86-1187-4F4A-8BE2-FEED313FD642}.AppStore|x86.ActiveCfg = Release|Any CPU
		{E25CDB86-1187-4F4A-8BE2-FEED313FD642}.Debug|Any CPU.ActiveCfg = Debug|Any CPU
		{E25CDB86-1187-4F4A-8BE2-FEED313FD642}.Debug|Any CPU.Build.0 = Debug|Any CPU
		{E25CDB86-1187-4F4A-8BE2-FEED313FD642}.Debug|ARM.ActiveCfg = Debug|Any CPU
		{E25CDB86-1187-4F4A-8BE2-FEED313FD642}.Debug|iPhone.ActiveCfg = Debug|Any CPU
		{E25CDB86-1187-4F4A-8BE2-FEED313FD642}.Debug|iPhoneSimulator.ActiveCfg = Debug|Any CPU
		{E25CDB86-1187-4F4A-8BE2-FEED313FD642}.Debug|Mixed Platforms.ActiveCfg = Debug|Any CPU
		{E25CDB86-1187-4F4A-8BE2-FEED313FD642}.Debug|Mixed Platforms.Build.0 = Debug|Any CPU
		{E25CDB86-1187-4F4A-8BE2-FEED313FD642}.Debug|x64.ActiveCfg = Debug|Any CPU
		{E25CDB86-1187-4F4A-8BE2-FEED313FD642}.Debug|x86.ActiveCfg = Debug|Any CPU
		{E25CDB86-1187-4F4A-8BE2-FEED313FD642}.Release|Any CPU.ActiveCfg = Release|Any CPU
		{E25CDB86-1187-4F4A-8BE2-FEED313FD642}.Release|Any CPU.Build.0 = Release|Any CPU
		{E25CDB86-1187-4F4A-8BE2-FEED313FD642}.Release|ARM.ActiveCfg = Release|Any CPU
		{E25CDB86-1187-4F4A-8BE2-FEED313FD642}.Release|iPhone.ActiveCfg = Release|Any CPU
		{E25CDB86-1187-4F4A-8BE2-FEED313FD642}.Release|iPhoneSimulator.ActiveCfg = Release|Any CPU
		{E25CDB86-1187-4F4A-8BE2-FEED313FD642}.Release|Mixed Platforms.ActiveCfg = Release|Any CPU
		{E25CDB86-1187-4F4A-8BE2-FEED313FD642}.Release|Mixed Platforms.Build.0 = Release|Any CPU
		{E25CDB86-1187-4F4A-8BE2-FEED313FD642}.Release|x64.ActiveCfg = Release|Any CPU
		{E25CDB86-1187-4F4A-8BE2-FEED313FD642}.Release|x86.ActiveCfg = Release|Any CPU
		{8D0ACB92-80A2-4292-8A06-045F18F69E00}.Ad-Hoc|Any CPU.ActiveCfg = Release|Any CPU
		{8D0ACB92-80A2-4292-8A06-045F18F69E00}.Ad-Hoc|Any CPU.Build.0 = Release|Any CPU
		{8D0ACB92-80A2-4292-8A06-045F18F69E00}.Ad-Hoc|Any CPU.Deploy.0 = Release|Any CPU
		{8D0ACB92-80A2-4292-8A06-045F18F69E00}.Ad-Hoc|ARM.ActiveCfg = Release|Any CPU
		{8D0ACB92-80A2-4292-8A06-045F18F69E00}.Ad-Hoc|iPhone.ActiveCfg = Release|Any CPU
		{8D0ACB92-80A2-4292-8A06-045F18F69E00}.Ad-Hoc|iPhoneSimulator.ActiveCfg = Release|Any CPU
		{8D0ACB92-80A2-4292-8A06-045F18F69E00}.Ad-Hoc|Mixed Platforms.ActiveCfg = Release|Any CPU
		{8D0ACB92-80A2-4292-8A06-045F18F69E00}.Ad-Hoc|Mixed Platforms.Build.0 = Release|Any CPU
		{8D0ACB92-80A2-4292-8A06-045F18F69E00}.Ad-Hoc|Mixed Platforms.Deploy.0 = Release|Any CPU
		{8D0ACB92-80A2-4292-8A06-045F18F69E00}.Ad-Hoc|x64.ActiveCfg = Release|Any CPU
		{8D0ACB92-80A2-4292-8A06-045F18F69E00}.Ad-Hoc|x86.ActiveCfg = Release|Any CPU
		{8D0ACB92-80A2-4292-8A06-045F18F69E00}.AppStore|Any CPU.ActiveCfg = Release|Any CPU
		{8D0ACB92-80A2-4292-8A06-045F18F69E00}.AppStore|Any CPU.Build.0 = Release|Any CPU
		{8D0ACB92-80A2-4292-8A06-045F18F69E00}.AppStore|Any CPU.Deploy.0 = Release|Any CPU
		{8D0ACB92-80A2-4292-8A06-045F18F69E00}.AppStore|ARM.ActiveCfg = Release|Any CPU
		{8D0ACB92-80A2-4292-8A06-045F18F69E00}.AppStore|iPhone.ActiveCfg = Release|Any CPU
		{8D0ACB92-80A2-4292-8A06-045F18F69E00}.AppStore|iPhoneSimulator.ActiveCfg = Release|Any CPU
		{8D0ACB92-80A2-4292-8A06-045F18F69E00}.AppStore|Mixed Platforms.ActiveCfg = Release|Any CPU
		{8D0ACB92-80A2-4292-8A06-045F18F69E00}.AppStore|Mixed Platforms.Build.0 = Release|Any CPU
		{8D0ACB92-80A2-4292-8A06-045F18F69E00}.AppStore|Mixed Platforms.Deploy.0 = Release|Any CPU
		{8D0ACB92-80A2-4292-8A06-045F18F69E00}.AppStore|x64.ActiveCfg = Release|Any CPU
		{8D0ACB92-80A2-4292-8A06-045F18F69E00}.AppStore|x86.ActiveCfg = Release|Any CPU
		{8D0ACB92-80A2-4292-8A06-045F18F69E00}.Debug|Any CPU.ActiveCfg = Debug|Any CPU
		{8D0ACB92-80A2-4292-8A06-045F18F69E00}.Debug|Any CPU.Build.0 = Debug|Any CPU
		{8D0ACB92-80A2-4292-8A06-045F18F69E00}.Debug|Any CPU.Deploy.0 = Debug|Any CPU
		{8D0ACB92-80A2-4292-8A06-045F18F69E00}.Debug|ARM.ActiveCfg = Debug|Any CPU
		{8D0ACB92-80A2-4292-8A06-045F18F69E00}.Debug|iPhone.ActiveCfg = Debug|Any CPU
		{8D0ACB92-80A2-4292-8A06-045F18F69E00}.Debug|iPhoneSimulator.ActiveCfg = Debug|Any CPU
		{8D0ACB92-80A2-4292-8A06-045F18F69E00}.Debug|Mixed Platforms.ActiveCfg = Debug|Any CPU
		{8D0ACB92-80A2-4292-8A06-045F18F69E00}.Debug|Mixed Platforms.Build.0 = Debug|Any CPU
		{8D0ACB92-80A2-4292-8A06-045F18F69E00}.Debug|Mixed Platforms.Deploy.0 = Debug|Any CPU
		{8D0ACB92-80A2-4292-8A06-045F18F69E00}.Debug|x64.ActiveCfg = Debug|Any CPU
		{8D0ACB92-80A2-4292-8A06-045F18F69E00}.Debug|x86.ActiveCfg = Debug|Any CPU
		{8D0ACB92-80A2-4292-8A06-045F18F69E00}.Release|Any CPU.ActiveCfg = Release|Any CPU
		{8D0ACB92-80A2-4292-8A06-045F18F69E00}.Release|Any CPU.Build.0 = Release|Any CPU
		{8D0ACB92-80A2-4292-8A06-045F18F69E00}.Release|Any CPU.Deploy.0 = Release|Any CPU
		{8D0ACB92-80A2-4292-8A06-045F18F69E00}.Release|ARM.ActiveCfg = Release|Any CPU
		{8D0ACB92-80A2-4292-8A06-045F18F69E00}.Release|iPhone.ActiveCfg = Release|Any CPU
		{8D0ACB92-80A2-4292-8A06-045F18F69E00}.Release|iPhoneSimulator.ActiveCfg = Release|Any CPU
		{8D0ACB92-80A2-4292-8A06-045F18F69E00}.Release|Mixed Platforms.ActiveCfg = Release|Any CPU
		{8D0ACB92-80A2-4292-8A06-045F18F69E00}.Release|Mixed Platforms.Build.0 = Release|Any CPU
		{8D0ACB92-80A2-4292-8A06-045F18F69E00}.Release|Mixed Platforms.Deploy.0 = Release|Any CPU
		{8D0ACB92-80A2-4292-8A06-045F18F69E00}.Release|x64.ActiveCfg = Release|Any CPU
		{8D0ACB92-80A2-4292-8A06-045F18F69E00}.Release|x86.ActiveCfg = Release|Any CPU
		{BFFE7431-2696-4F74-81C0-201FA049EB82}.Ad-Hoc|Any CPU.ActiveCfg = Ad-Hoc|iPhone
		{BFFE7431-2696-4F74-81C0-201FA049EB82}.Ad-Hoc|ARM.ActiveCfg = Ad-Hoc|iPhone
		{BFFE7431-2696-4F74-81C0-201FA049EB82}.Ad-Hoc|iPhone.ActiveCfg = Ad-Hoc|iPhone
		{BFFE7431-2696-4F74-81C0-201FA049EB82}.Ad-Hoc|iPhone.Build.0 = Ad-Hoc|iPhone
		{BFFE7431-2696-4F74-81C0-201FA049EB82}.Ad-Hoc|iPhoneSimulator.ActiveCfg = Ad-Hoc|iPhoneSimulator
		{BFFE7431-2696-4F74-81C0-201FA049EB82}.Ad-Hoc|iPhoneSimulator.Build.0 = Ad-Hoc|iPhoneSimulator
		{BFFE7431-2696-4F74-81C0-201FA049EB82}.Ad-Hoc|Mixed Platforms.ActiveCfg = Ad-Hoc|iPhone
		{BFFE7431-2696-4F74-81C0-201FA049EB82}.Ad-Hoc|Mixed Platforms.Build.0 = Ad-Hoc|iPhone
		{BFFE7431-2696-4F74-81C0-201FA049EB82}.Ad-Hoc|x64.ActiveCfg = Ad-Hoc|iPhone
		{BFFE7431-2696-4F74-81C0-201FA049EB82}.Ad-Hoc|x86.ActiveCfg = Ad-Hoc|iPhone
		{BFFE7431-2696-4F74-81C0-201FA049EB82}.AppStore|Any CPU.ActiveCfg = AppStore|iPhone
		{BFFE7431-2696-4F74-81C0-201FA049EB82}.AppStore|ARM.ActiveCfg = AppStore|iPhone
		{BFFE7431-2696-4F74-81C0-201FA049EB82}.AppStore|iPhone.ActiveCfg = AppStore|iPhone
		{BFFE7431-2696-4F74-81C0-201FA049EB82}.AppStore|iPhone.Build.0 = AppStore|iPhone
		{BFFE7431-2696-4F74-81C0-201FA049EB82}.AppStore|iPhoneSimulator.ActiveCfg = AppStore|iPhoneSimulator
		{BFFE7431-2696-4F74-81C0-201FA049EB82}.AppStore|iPhoneSimulator.Build.0 = AppStore|iPhoneSimulator
		{BFFE7431-2696-4F74-81C0-201FA049EB82}.AppStore|Mixed Platforms.ActiveCfg = AppStore|iPhone
		{BFFE7431-2696-4F74-81C0-201FA049EB82}.AppStore|Mixed Platforms.Build.0 = AppStore|iPhone
		{BFFE7431-2696-4F74-81C0-201FA049EB82}.AppStore|x64.ActiveCfg = AppStore|iPhone
		{BFFE7431-2696-4F74-81C0-201FA049EB82}.AppStore|x86.ActiveCfg = AppStore|iPhone
		{BFFE7431-2696-4F74-81C0-201FA049EB82}.Debug|Any CPU.ActiveCfg = Debug|iPhone
		{BFFE7431-2696-4F74-81C0-201FA049EB82}.Debug|ARM.ActiveCfg = Debug|iPhone
		{BFFE7431-2696-4F74-81C0-201FA049EB82}.Debug|iPhone.ActiveCfg = Debug|iPhone
		{BFFE7431-2696-4F74-81C0-201FA049EB82}.Debug|iPhone.Build.0 = Debug|iPhone
		{BFFE7431-2696-4F74-81C0-201FA049EB82}.Debug|iPhoneSimulator.ActiveCfg = Debug|iPhoneSimulator
		{BFFE7431-2696-4F74-81C0-201FA049EB82}.Debug|iPhoneSimulator.Build.0 = Debug|iPhoneSimulator
		{BFFE7431-2696-4F74-81C0-201FA049EB82}.Debug|Mixed Platforms.ActiveCfg = Debug|iPhone
		{BFFE7431-2696-4F74-81C0-201FA049EB82}.Debug|Mixed Platforms.Build.0 = Debug|iPhone
		{BFFE7431-2696-4F74-81C0-201FA049EB82}.Debug|x64.ActiveCfg = Debug|iPhone
		{BFFE7431-2696-4F74-81C0-201FA049EB82}.Debug|x86.ActiveCfg = Debug|iPhone
		{BFFE7431-2696-4F74-81C0-201FA049EB82}.Release|Any CPU.ActiveCfg = Release|iPhone
		{BFFE7431-2696-4F74-81C0-201FA049EB82}.Release|ARM.ActiveCfg = Release|iPhone
		{BFFE7431-2696-4F74-81C0-201FA049EB82}.Release|iPhone.ActiveCfg = Release|iPhone
		{BFFE7431-2696-4F74-81C0-201FA049EB82}.Release|iPhone.Build.0 = Release|iPhone
		{BFFE7431-2696-4F74-81C0-201FA049EB82}.Release|iPhoneSimulator.ActiveCfg = Release|iPhoneSimulator
		{BFFE7431-2696-4F74-81C0-201FA049EB82}.Release|iPhoneSimulator.Build.0 = Release|iPhoneSimulator
		{BFFE7431-2696-4F74-81C0-201FA049EB82}.Release|Mixed Platforms.ActiveCfg = Release|iPhone
		{BFFE7431-2696-4F74-81C0-201FA049EB82}.Release|Mixed Platforms.Build.0 = Release|iPhone
		{BFFE7431-2696-4F74-81C0-201FA049EB82}.Release|x64.ActiveCfg = Release|iPhone
		{BFFE7431-2696-4F74-81C0-201FA049EB82}.Release|x86.ActiveCfg = Release|iPhone
		{6E0A3554-0A5A-4072-97C0-F1780D6E7DBD}.Ad-Hoc|Any CPU.ActiveCfg = Release|Any CPU
		{6E0A3554-0A5A-4072-97C0-F1780D6E7DBD}.Ad-Hoc|Any CPU.Build.0 = Release|Any CPU
		{6E0A3554-0A5A-4072-97C0-F1780D6E7DBD}.Ad-Hoc|Any CPU.Deploy.0 = Release|Any CPU
		{6E0A3554-0A5A-4072-97C0-F1780D6E7DBD}.Ad-Hoc|ARM.ActiveCfg = Release|ARM
		{6E0A3554-0A5A-4072-97C0-F1780D6E7DBD}.Ad-Hoc|ARM.Build.0 = Release|ARM
		{6E0A3554-0A5A-4072-97C0-F1780D6E7DBD}.Ad-Hoc|ARM.Deploy.0 = Release|ARM
		{6E0A3554-0A5A-4072-97C0-F1780D6E7DBD}.Ad-Hoc|iPhone.ActiveCfg = Release|Any CPU
		{6E0A3554-0A5A-4072-97C0-F1780D6E7DBD}.Ad-Hoc|iPhoneSimulator.ActiveCfg = Release|Any CPU
		{6E0A3554-0A5A-4072-97C0-F1780D6E7DBD}.Ad-Hoc|Mixed Platforms.ActiveCfg = Release|x86
		{6E0A3554-0A5A-4072-97C0-F1780D6E7DBD}.Ad-Hoc|Mixed Platforms.Build.0 = Release|x86
		{6E0A3554-0A5A-4072-97C0-F1780D6E7DBD}.Ad-Hoc|Mixed Platforms.Deploy.0 = Release|x86
		{6E0A3554-0A5A-4072-97C0-F1780D6E7DBD}.Ad-Hoc|x64.ActiveCfg = Release|x64
		{6E0A3554-0A5A-4072-97C0-F1780D6E7DBD}.Ad-Hoc|x64.Build.0 = Release|x64
		{6E0A3554-0A5A-4072-97C0-F1780D6E7DBD}.Ad-Hoc|x64.Deploy.0 = Release|x64
		{6E0A3554-0A5A-4072-97C0-F1780D6E7DBD}.Ad-Hoc|x86.ActiveCfg = Release|x86
		{6E0A3554-0A5A-4072-97C0-F1780D6E7DBD}.Ad-Hoc|x86.Build.0 = Release|x86
		{6E0A3554-0A5A-4072-97C0-F1780D6E7DBD}.Ad-Hoc|x86.Deploy.0 = Release|x86
		{6E0A3554-0A5A-4072-97C0-F1780D6E7DBD}.AppStore|Any CPU.ActiveCfg = Release|Any CPU
		{6E0A3554-0A5A-4072-97C0-F1780D6E7DBD}.AppStore|Any CPU.Build.0 = Release|Any CPU
		{6E0A3554-0A5A-4072-97C0-F1780D6E7DBD}.AppStore|Any CPU.Deploy.0 = Release|Any CPU
		{6E0A3554-0A5A-4072-97C0-F1780D6E7DBD}.AppStore|ARM.ActiveCfg = Release|ARM
		{6E0A3554-0A5A-4072-97C0-F1780D6E7DBD}.AppStore|ARM.Build.0 = Release|ARM
		{6E0A3554-0A5A-4072-97C0-F1780D6E7DBD}.AppStore|ARM.Deploy.0 = Release|ARM
		{6E0A3554-0A5A-4072-97C0-F1780D6E7DBD}.AppStore|iPhone.ActiveCfg = Release|Any CPU
		{6E0A3554-0A5A-4072-97C0-F1780D6E7DBD}.AppStore|iPhoneSimulator.ActiveCfg = Release|Any CPU
		{6E0A3554-0A5A-4072-97C0-F1780D6E7DBD}.AppStore|Mixed Platforms.ActiveCfg = Release|x86
		{6E0A3554-0A5A-4072-97C0-F1780D6E7DBD}.AppStore|Mixed Platforms.Build.0 = Release|x86
		{6E0A3554-0A5A-4072-97C0-F1780D6E7DBD}.AppStore|Mixed Platforms.Deploy.0 = Release|x86
		{6E0A3554-0A5A-4072-97C0-F1780D6E7DBD}.AppStore|x64.ActiveCfg = Release|x64
		{6E0A3554-0A5A-4072-97C0-F1780D6E7DBD}.AppStore|x64.Build.0 = Release|x64
		{6E0A3554-0A5A-4072-97C0-F1780D6E7DBD}.AppStore|x64.Deploy.0 = Release|x64
		{6E0A3554-0A5A-4072-97C0-F1780D6E7DBD}.AppStore|x86.ActiveCfg = Release|x86
		{6E0A3554-0A5A-4072-97C0-F1780D6E7DBD}.AppStore|x86.Build.0 = Release|x86
		{6E0A3554-0A5A-4072-97C0-F1780D6E7DBD}.AppStore|x86.Deploy.0 = Release|x86
		{6E0A3554-0A5A-4072-97C0-F1780D6E7DBD}.Debug|Any CPU.ActiveCfg = Debug|Any CPU
		{6E0A3554-0A5A-4072-97C0-F1780D6E7DBD}.Debug|Any CPU.Build.0 = Debug|Any CPU
		{6E0A3554-0A5A-4072-97C0-F1780D6E7DBD}.Debug|Any CPU.Deploy.0 = Debug|Any CPU
		{6E0A3554-0A5A-4072-97C0-F1780D6E7DBD}.Debug|ARM.ActiveCfg = Debug|ARM
		{6E0A3554-0A5A-4072-97C0-F1780D6E7DBD}.Debug|ARM.Build.0 = Debug|ARM
		{6E0A3554-0A5A-4072-97C0-F1780D6E7DBD}.Debug|ARM.Deploy.0 = Debug|ARM
		{6E0A3554-0A5A-4072-97C0-F1780D6E7DBD}.Debug|iPhone.ActiveCfg = Debug|Any CPU
		{6E0A3554-0A5A-4072-97C0-F1780D6E7DBD}.Debug|iPhoneSimulator.ActiveCfg = Debug|Any CPU
		{6E0A3554-0A5A-4072-97C0-F1780D6E7DBD}.Debug|Mixed Platforms.ActiveCfg = Debug|x86
		{6E0A3554-0A5A-4072-97C0-F1780D6E7DBD}.Debug|Mixed Platforms.Build.0 = Debug|x86
		{6E0A3554-0A5A-4072-97C0-F1780D6E7DBD}.Debug|Mixed Platforms.Deploy.0 = Debug|x86
		{6E0A3554-0A5A-4072-97C0-F1780D6E7DBD}.Debug|x64.ActiveCfg = Debug|x64
		{6E0A3554-0A5A-4072-97C0-F1780D6E7DBD}.Debug|x64.Build.0 = Debug|x64
		{6E0A3554-0A5A-4072-97C0-F1780D6E7DBD}.Debug|x64.Deploy.0 = Debug|x64
		{6E0A3554-0A5A-4072-97C0-F1780D6E7DBD}.Debug|x86.ActiveCfg = Debug|x86
		{6E0A3554-0A5A-4072-97C0-F1780D6E7DBD}.Debug|x86.Build.0 = Debug|x86
		{6E0A3554-0A5A-4072-97C0-F1780D6E7DBD}.Debug|x86.Deploy.0 = Debug|x86
		{6E0A3554-0A5A-4072-97C0-F1780D6E7DBD}.Release|Any CPU.ActiveCfg = Release|Any CPU
		{6E0A3554-0A5A-4072-97C0-F1780D6E7DBD}.Release|Any CPU.Build.0 = Release|Any CPU
		{6E0A3554-0A5A-4072-97C0-F1780D6E7DBD}.Release|Any CPU.Deploy.0 = Release|Any CPU
		{6E0A3554-0A5A-4072-97C0-F1780D6E7DBD}.Release|ARM.ActiveCfg = Release|ARM
		{6E0A3554-0A5A-4072-97C0-F1780D6E7DBD}.Release|ARM.Build.0 = Release|ARM
		{6E0A3554-0A5A-4072-97C0-F1780D6E7DBD}.Release|ARM.Deploy.0 = Release|ARM
		{6E0A3554-0A5A-4072-97C0-F1780D6E7DBD}.Release|iPhone.ActiveCfg = Release|Any CPU
		{6E0A3554-0A5A-4072-97C0-F1780D6E7DBD}.Release|iPhoneSimulator.ActiveCfg = Release|Any CPU
		{6E0A3554-0A5A-4072-97C0-F1780D6E7DBD}.Release|Mixed Platforms.ActiveCfg = Release|x86
		{6E0A3554-0A5A-4072-97C0-F1780D6E7DBD}.Release|Mixed Platforms.Build.0 = Release|x86
		{6E0A3554-0A5A-4072-97C0-F1780D6E7DBD}.Release|Mixed Platforms.Deploy.0 = Release|x86
		{6E0A3554-0A5A-4072-97C0-F1780D6E7DBD}.Release|x64.ActiveCfg = Release|x64
		{6E0A3554-0A5A-4072-97C0-F1780D6E7DBD}.Release|x64.Build.0 = Release|x64
		{6E0A3554-0A5A-4072-97C0-F1780D6E7DBD}.Release|x64.Deploy.0 = Release|x64
		{6E0A3554-0A5A-4072-97C0-F1780D6E7DBD}.Release|x86.ActiveCfg = Release|x86
		{6E0A3554-0A5A-4072-97C0-F1780D6E7DBD}.Release|x86.Build.0 = Release|x86
		{6E0A3554-0A5A-4072-97C0-F1780D6E7DBD}.Release|x86.Deploy.0 = Release|x86
		{B26F2B41-D14A-4155-BC0E-DBA7115FBFF0}.Ad-Hoc|Any CPU.ActiveCfg = Release|Any CPU
		{B26F2B41-D14A-4155-BC0E-DBA7115FBFF0}.Ad-Hoc|Any CPU.Build.0 = Release|Any CPU
		{B26F2B41-D14A-4155-BC0E-DBA7115FBFF0}.Ad-Hoc|Any CPU.Deploy.0 = Release|Any CPU
		{B26F2B41-D14A-4155-BC0E-DBA7115FBFF0}.Ad-Hoc|ARM.ActiveCfg = Release|Any CPU
		{B26F2B41-D14A-4155-BC0E-DBA7115FBFF0}.Ad-Hoc|iPhone.ActiveCfg = Release|Any CPU
		{B26F2B41-D14A-4155-BC0E-DBA7115FBFF0}.Ad-Hoc|iPhoneSimulator.ActiveCfg = Release|Any CPU
		{B26F2B41-D14A-4155-BC0E-DBA7115FBFF0}.Ad-Hoc|Mixed Platforms.ActiveCfg = Release|Any CPU
		{B26F2B41-D14A-4155-BC0E-DBA7115FBFF0}.Ad-Hoc|Mixed Platforms.Build.0 = Release|Any CPU
		{B26F2B41-D14A-4155-BC0E-DBA7115FBFF0}.Ad-Hoc|Mixed Platforms.Deploy.0 = Release|Any CPU
		{B26F2B41-D14A-4155-BC0E-DBA7115FBFF0}.Ad-Hoc|x64.ActiveCfg = Release|Any CPU
		{B26F2B41-D14A-4155-BC0E-DBA7115FBFF0}.Ad-Hoc|x86.ActiveCfg = Release|Any CPU
		{B26F2B41-D14A-4155-BC0E-DBA7115FBFF0}.AppStore|Any CPU.ActiveCfg = Release|Any CPU
		{B26F2B41-D14A-4155-BC0E-DBA7115FBFF0}.AppStore|Any CPU.Build.0 = Release|Any CPU
		{B26F2B41-D14A-4155-BC0E-DBA7115FBFF0}.AppStore|Any CPU.Deploy.0 = Release|Any CPU
		{B26F2B41-D14A-4155-BC0E-DBA7115FBFF0}.AppStore|ARM.ActiveCfg = Release|Any CPU
		{B26F2B41-D14A-4155-BC0E-DBA7115FBFF0}.AppStore|iPhone.ActiveCfg = Release|Any CPU
		{B26F2B41-D14A-4155-BC0E-DBA7115FBFF0}.AppStore|iPhoneSimulator.ActiveCfg = Release|Any CPU
		{B26F2B41-D14A-4155-BC0E-DBA7115FBFF0}.AppStore|Mixed Platforms.ActiveCfg = Release|Any CPU
		{B26F2B41-D14A-4155-BC0E-DBA7115FBFF0}.AppStore|Mixed Platforms.Build.0 = Release|Any CPU
		{B26F2B41-D14A-4155-BC0E-DBA7115FBFF0}.AppStore|Mixed Platforms.Deploy.0 = Release|Any CPU
		{B26F2B41-D14A-4155-BC0E-DBA7115FBFF0}.AppStore|x64.ActiveCfg = Release|Any CPU
		{B26F2B41-D14A-4155-BC0E-DBA7115FBFF0}.AppStore|x86.ActiveCfg = Release|Any CPU
		{B26F2B41-D14A-4155-BC0E-DBA7115FBFF0}.Debug|Any CPU.ActiveCfg = Debug|Any CPU
		{B26F2B41-D14A-4155-BC0E-DBA7115FBFF0}.Debug|Any CPU.Build.0 = Debug|Any CPU
		{B26F2B41-D14A-4155-BC0E-DBA7115FBFF0}.Debug|Any CPU.Deploy.0 = Debug|Any CPU
		{B26F2B41-D14A-4155-BC0E-DBA7115FBFF0}.Debug|ARM.ActiveCfg = Debug|Any CPU
		{B26F2B41-D14A-4155-BC0E-DBA7115FBFF0}.Debug|iPhone.ActiveCfg = Debug|Any CPU
		{B26F2B41-D14A-4155-BC0E-DBA7115FBFF0}.Debug|iPhoneSimulator.ActiveCfg = Debug|Any CPU
		{B26F2B41-D14A-4155-BC0E-DBA7115FBFF0}.Debug|Mixed Platforms.ActiveCfg = Debug|Any CPU
		{B26F2B41-D14A-4155-BC0E-DBA7115FBFF0}.Debug|Mixed Platforms.Build.0 = Debug|Any CPU
		{B26F2B41-D14A-4155-BC0E-DBA7115FBFF0}.Debug|Mixed Platforms.Deploy.0 = Debug|Any CPU
		{B26F2B41-D14A-4155-BC0E-DBA7115FBFF0}.Debug|x64.ActiveCfg = Debug|Any CPU
		{B26F2B41-D14A-4155-BC0E-DBA7115FBFF0}.Debug|x86.ActiveCfg = Debug|Any CPU
		{B26F2B41-D14A-4155-BC0E-DBA7115FBFF0}.Release|Any CPU.ActiveCfg = Release|Any CPU
		{B26F2B41-D14A-4155-BC0E-DBA7115FBFF0}.Release|Any CPU.Build.0 = Release|Any CPU
		{B26F2B41-D14A-4155-BC0E-DBA7115FBFF0}.Release|Any CPU.Deploy.0 = Release|Any CPU
		{B26F2B41-D14A-4155-BC0E-DBA7115FBFF0}.Release|ARM.ActiveCfg = Release|Any CPU
		{B26F2B41-D14A-4155-BC0E-DBA7115FBFF0}.Release|iPhone.ActiveCfg = Release|Any CPU
		{B26F2B41-D14A-4155-BC0E-DBA7115FBFF0}.Release|iPhoneSimulator.ActiveCfg = Release|Any CPU
		{B26F2B41-D14A-4155-BC0E-DBA7115FBFF0}.Release|Mixed Platforms.ActiveCfg = Release|Any CPU
		{B26F2B41-D14A-4155-BC0E-DBA7115FBFF0}.Release|Mixed Platforms.Build.0 = Release|Any CPU
		{B26F2B41-D14A-4155-BC0E-DBA7115FBFF0}.Release|Mixed Platforms.Deploy.0 = Release|Any CPU
		{B26F2B41-D14A-4155-BC0E-DBA7115FBFF0}.Release|x64.ActiveCfg = Release|Any CPU
		{B26F2B41-D14A-4155-BC0E-DBA7115FBFF0}.Release|x86.ActiveCfg = Release|Any CPU
	EndGlobalSection
	GlobalSection(SolutionProperties) = preSolution
		HideSolutionNode = FALSE
	EndGlobalSection
EndGlobal
