
Microsoft Visual Studio Solution File, Format Version 12.00
# Visual Studio 15
VisualStudioVersion = 15.0.26206.0
MinimumVisualStudioVersion = 10.0.40219.1
Project("{FAE04EC0-301F-11D3-BF4B-00C04F79EFBC}") = "KittenView.Core", "KittenView.Core\KittenView.Core.csproj", "{203F5137-94EF-46C8-8D10-C4D40568DE16}"
EndProject
Project("{FAE04EC0-301F-11D3-BF4B-00C04F79EFBC}") = "KittenView.Droid", "KittenView.Droid\KittenView.Droid.csproj", "{F4EA9919-C02F-4027-8D32-87BDEBE41D11}"
EndProject
Project("{FAE04EC0-301F-11D3-BF4B-00C04F79EFBC}") = "KittenView.Uwp", "KittenView.Uwp\KittenView.Uwp.csproj", "{C4B601A2-196D-4A80-9604-96FCACF28C4B}"
EndProject
Project("{FAE04EC0-301F-11D3-BF4B-00C04F79EFBC}") = "KittenView.iOS", "KittenView.iOS\KittenView.iOS.csproj", "{EFF5FB35-89F6-470D-88AC-D15B6263A35F}"
EndProject
Global
	GlobalSection(SolutionConfigurationPlatforms) = preSolution
		Ad-Hoc|Any CPU = Ad-Hoc|Any CPU
		Ad-Hoc|ARM = Ad-Hoc|ARM
		Ad-Hoc|iPhone = Ad-Hoc|iPhone
		Ad-Hoc|iPhoneSimulator = Ad-Hoc|iPhoneSimulator
		Ad-Hoc|x64 = Ad-Hoc|x64
		Ad-Hoc|x86 = Ad-Hoc|x86
		AppStore|Any CPU = AppStore|Any CPU
		AppStore|ARM = AppStore|ARM
		AppStore|iPhone = AppStore|iPhone
		AppStore|iPhoneSimulator = AppStore|iPhoneSimulator
		AppStore|x64 = AppStore|x64
		AppStore|x86 = AppStore|x86
		Debug|Any CPU = Debug|Any CPU
		Debug|ARM = Debug|ARM
		Debug|iPhone = Debug|iPhone
		Debug|iPhoneSimulator = Debug|iPhoneSimulator
		Debug|x64 = Debug|x64
		Debug|x86 = Debug|x86
		Release|Any CPU = Release|Any CPU
		Release|ARM = Release|ARM
		Release|iPhone = Release|iPhone
		Release|iPhoneSimulator = Release|iPhoneSimulator
		Release|x64 = Release|x64
		Release|x86 = Release|x86
	EndGlobalSection
	GlobalSection(ProjectConfigurationPlatforms) = postSolution
		{203F5137-94EF-46C8-8D10-C4D40568DE16}.Ad-Hoc|Any CPU.ActiveCfg = Release|Any CPU
		{203F5137-94EF-46C8-8D10-C4D40568DE16}.Ad-Hoc|Any CPU.Build.0 = Release|Any CPU
		{203F5137-94EF-46C8-8D10-C4D40568DE16}.Ad-Hoc|ARM.ActiveCfg = Release|Any CPU
		{203F5137-94EF-46C8-8D10-C4D40568DE16}.Ad-Hoc|ARM.Build.0 = Release|Any CPU
		{203F5137-94EF-46C8-8D10-C4D40568DE16}.Ad-Hoc|iPhone.ActiveCfg = Release|Any CPU
		{203F5137-94EF-46C8-8D10-C4D40568DE16}.Ad-Hoc|iPhone.Build.0 = Release|Any CPU
		{203F5137-94EF-46C8-8D10-C4D40568DE16}.Ad-Hoc|iPhoneSimulator.ActiveCfg = Release|Any CPU
		{203F5137-94EF-46C8-8D10-C4D40568DE16}.Ad-Hoc|iPhoneSimulator.Build.0 = Release|Any CPU
		{203F5137-94EF-46C8-8D10-C4D40568DE16}.Ad-Hoc|x64.ActiveCfg = Release|Any CPU
		{203F5137-94EF-46C8-8D10-C4D40568DE16}.Ad-Hoc|x64.Build.0 = Release|Any CPU
		{203F5137-94EF-46C8-8D10-C4D40568DE16}.Ad-Hoc|x86.ActiveCfg = Release|Any CPU
		{203F5137-94EF-46C8-8D10-C4D40568DE16}.Ad-Hoc|x86.Build.0 = Release|Any CPU
		{203F5137-94EF-46C8-8D10-C4D40568DE16}.AppStore|Any CPU.ActiveCfg = Release|Any CPU
		{203F5137-94EF-46C8-8D10-C4D40568DE16}.AppStore|Any CPU.Build.0 = Release|Any CPU
		{203F5137-94EF-46C8-8D10-C4D40568DE16}.AppStore|ARM.ActiveCfg = Release|Any CPU
		{203F5137-94EF-46C8-8D10-C4D40568DE16}.AppStore|ARM.Build.0 = Release|Any CPU
		{203F5137-94EF-46C8-8D10-C4D40568DE16}.AppStore|iPhone.ActiveCfg = Release|Any CPU
		{203F5137-94EF-46C8-8D10-C4D40568DE16}.AppStore|iPhone.Build.0 = Release|Any CPU
		{203F5137-94EF-46C8-8D10-C4D40568DE16}.AppStore|iPhoneSimulator.ActiveCfg = Release|Any CPU
		{203F5137-94EF-46C8-8D10-C4D40568DE16}.AppStore|iPhoneSimulator.Build.0 = Release|Any CPU
		{203F5137-94EF-46C8-8D10-C4D40568DE16}.AppStore|x64.ActiveCfg = Release|Any CPU
		{203F5137-94EF-46C8-8D10-C4D40568DE16}.AppStore|x64.Build.0 = Release|Any CPU
		{203F5137-94EF-46C8-8D10-C4D40568DE16}.AppStore|x86.ActiveCfg = Release|Any CPU
		{203F5137-94EF-46C8-8D10-C4D40568DE16}.AppStore|x86.Build.0 = Release|Any CPU
		{203F5137-94EF-46C8-8D10-C4D40568DE16}.Debug|Any CPU.ActiveCfg = Debug|Any CPU
		{203F5137-94EF-46C8-8D10-C4D40568DE16}.Debug|Any CPU.Build.0 = Debug|Any CPU
		{203F5137-94EF-46C8-8D10-C4D40568DE16}.Debug|ARM.ActiveCfg = Debug|Any CPU
		{203F5137-94EF-46C8-8D10-C4D40568DE16}.Debug|ARM.Build.0 = Debug|Any CPU
		{203F5137-94EF-46C8-8D10-C4D40568DE16}.Debug|iPhone.ActiveCfg = Debug|Any CPU
		{203F5137-94EF-46C8-8D10-C4D40568DE16}.Debug|iPhone.Build.0 = Debug|Any CPU
		{203F5137-94EF-46C8-8D10-C4D40568DE16}.Debug|iPhoneSimulator.ActiveCfg = Debug|Any CPU
		{203F5137-94EF-46C8-8D10-C4D40568DE16}.Debug|iPhoneSimulator.Build.0 = Debug|Any CPU
		{203F5137-94EF-46C8-8D10-C4D40568DE16}.Debug|x64.ActiveCfg = Debug|Any CPU
		{203F5137-94EF-46C8-8D10-C4D40568DE16}.Debug|x64.Build.0 = Debug|Any CPU
		{203F5137-94EF-46C8-8D10-C4D40568DE16}.Debug|x86.ActiveCfg = Debug|Any CPU
		{203F5137-94EF-46C8-8D10-C4D40568DE16}.Debug|x86.Build.0 = Debug|Any CPU
		{203F5137-94EF-46C8-8D10-C4D40568DE16}.Release|Any CPU.ActiveCfg = Release|Any CPU
		{203F5137-94EF-46C8-8D10-C4D40568DE16}.Release|Any CPU.Build.0 = Release|Any CPU
		{203F5137-94EF-46C8-8D10-C4D40568DE16}.Release|ARM.ActiveCfg = Release|Any CPU
		{203F5137-94EF-46C8-8D10-C4D40568DE16}.Release|ARM.Build.0 = Release|Any CPU
		{203F5137-94EF-46C8-8D10-C4D40568DE16}.Release|iPhone.ActiveCfg = Release|Any CPU
		{203F5137-94EF-46C8-8D10-C4D40568DE16}.Release|iPhone.Build.0 = Release|Any CPU
		{203F5137-94EF-46C8-8D10-C4D40568DE16}.Release|iPhoneSimulator.ActiveCfg = Release|Any CPU
		{203F5137-94EF-46C8-8D10-C4D40568DE16}.Release|iPhoneSimulator.Build.0 = Release|Any CPU
		{203F5137-94EF-46C8-8D10-C4D40568DE16}.Release|x64.ActiveCfg = Release|Any CPU
		{203F5137-94EF-46C8-8D10-C4D40568DE16}.Release|x64.Build.0 = Release|Any CPU
		{203F5137-94EF-46C8-8D10-C4D40568DE16}.Release|x86.ActiveCfg = Release|Any CPU
		{203F5137-94EF-46C8-8D10-C4D40568DE16}.Release|x86.Build.0 = Release|Any CPU
		{F4EA9919-C02F-4027-8D32-87BDEBE41D11}.Ad-Hoc|Any CPU.ActiveCfg = Release|Any CPU
		{F4EA9919-C02F-4027-8D32-87BDEBE41D11}.Ad-Hoc|Any CPU.Build.0 = Release|Any CPU
		{F4EA9919-C02F-4027-8D32-87BDEBE41D11}.Ad-Hoc|Any CPU.Deploy.0 = Release|Any CPU
		{F4EA9919-C02F-4027-8D32-87BDEBE41D11}.Ad-Hoc|ARM.ActiveCfg = Release|Any CPU
		{F4EA9919-C02F-4027-8D32-87BDEBE41D11}.Ad-Hoc|ARM.Build.0 = Release|Any CPU
		{F4EA9919-C02F-4027-8D32-87BDEBE41D11}.Ad-Hoc|ARM.Deploy.0 = Release|Any CPU
		{F4EA9919-C02F-4027-8D32-87BDEBE41D11}.Ad-Hoc|iPhone.ActiveCfg = Release|Any CPU
		{F4EA9919-C02F-4027-8D32-87BDEBE41D11}.Ad-Hoc|iPhone.Build.0 = Release|Any CPU
		{F4EA9919-C02F-4027-8D32-87BDEBE41D11}.Ad-Hoc|iPhone.Deploy.0 = Release|Any CPU
		{F4EA9919-C02F-4027-8D32-87BDEBE41D11}.Ad-Hoc|iPhoneSimulator.ActiveCfg = Release|Any CPU
		{F4EA9919-C02F-4027-8D32-87BDEBE41D11}.Ad-Hoc|iPhoneSimulator.Build.0 = Release|Any CPU
		{F4EA9919-C02F-4027-8D32-87BDEBE41D11}.Ad-Hoc|iPhoneSimulator.Deploy.0 = Release|Any CPU
		{F4EA9919-C02F-4027-8D32-87BDEBE41D11}.Ad-Hoc|x64.ActiveCfg = Release|Any CPU
		{F4EA9919-C02F-4027-8D32-87BDEBE41D11}.Ad-Hoc|x64.Build.0 = Release|Any CPU
		{F4EA9919-C02F-4027-8D32-87BDEBE41D11}.Ad-Hoc|x64.Deploy.0 = Release|Any CPU
		{F4EA9919-C02F-4027-8D32-87BDEBE41D11}.Ad-Hoc|x86.ActiveCfg = Release|Any CPU
		{F4EA9919-C02F-4027-8D32-87BDEBE41D11}.Ad-Hoc|x86.Build.0 = Release|Any CPU
		{F4EA9919-C02F-4027-8D32-87BDEBE41D11}.Ad-Hoc|x86.Deploy.0 = Release|Any CPU
		{F4EA9919-C02F-4027-8D32-87BDEBE41D11}.AppStore|Any CPU.ActiveCfg = Release|Any CPU
		{F4EA9919-C02F-4027-8D32-87BDEBE41D11}.AppStore|Any CPU.Build.0 = Release|Any CPU
		{F4EA9919-C02F-4027-8D32-87BDEBE41D11}.AppStore|Any CPU.Deploy.0 = Release|Any CPU
		{F4EA9919-C02F-4027-8D32-87BDEBE41D11}.AppStore|ARM.ActiveCfg = Release|Any CPU
		{F4EA9919-C02F-4027-8D32-87BDEBE41D11}.AppStore|ARM.Build.0 = Release|Any CPU
		{F4EA9919-C02F-4027-8D32-87BDEBE41D11}.AppStore|ARM.Deploy.0 = Release|Any CPU
		{F4EA9919-C02F-4027-8D32-87BDEBE41D11}.AppStore|iPhone.ActiveCfg = Release|Any CPU
		{F4EA9919-C02F-4027-8D32-87BDEBE41D11}.AppStore|iPhone.Build.0 = Release|Any CPU
		{F4EA9919-C02F-4027-8D32-87BDEBE41D11}.AppStore|iPhone.Deploy.0 = Release|Any CPU
		{F4EA9919-C02F-4027-8D32-87BDEBE41D11}.AppStore|iPhoneSimulator.ActiveCfg = Release|Any CPU
		{F4EA9919-C02F-4027-8D32-87BDEBE41D11}.AppStore|iPhoneSimulator.Build.0 = Release|Any CPU
		{F4EA9919-C02F-4027-8D32-87BDEBE41D11}.AppStore|iPhoneSimulator.Deploy.0 = Release|Any CPU
		{F4EA9919-C02F-4027-8D32-87BDEBE41D11}.AppStore|x64.ActiveCfg = Release|Any CPU
		{F4EA9919-C02F-4027-8D32-87BDEBE41D11}.AppStore|x64.Build.0 = Release|Any CPU
		{F4EA9919-C02F-4027-8D32-87BDEBE41D11}.AppStore|x64.Deploy.0 = Release|Any CPU
		{F4EA9919-C02F-4027-8D32-87BDEBE41D11}.AppStore|x86.ActiveCfg = Release|Any CPU
		{F4EA9919-C02F-4027-8D32-87BDEBE41D11}.AppStore|x86.Build.0 = Release|Any CPU
		{F4EA9919-C02F-4027-8D32-87BDEBE41D11}.AppStore|x86.Deploy.0 = Release|Any CPU
		{F4EA9919-C02F-4027-8D32-87BDEBE41D11}.Debug|Any CPU.ActiveCfg = Debug|Any CPU
		{F4EA9919-C02F-4027-8D32-87BDEBE41D11}.Debug|Any CPU.Build.0 = Debug|Any CPU
		{F4EA9919-C02F-4027-8D32-87BDEBE41D11}.Debug|Any CPU.Deploy.0 = Debug|Any CPU
		{F4EA9919-C02F-4027-8D32-87BDEBE41D11}.Debug|ARM.ActiveCfg = Debug|Any CPU
		{F4EA9919-C02F-4027-8D32-87BDEBE41D11}.Debug|ARM.Build.0 = Debug|Any CPU
		{F4EA9919-C02F-4027-8D32-87BDEBE41D11}.Debug|ARM.Deploy.0 = Debug|Any CPU
		{F4EA9919-C02F-4027-8D32-87BDEBE41D11}.Debug|iPhone.ActiveCfg = Debug|Any CPU
		{F4EA9919-C02F-4027-8D32-87BDEBE41D11}.Debug|iPhone.Build.0 = Debug|Any CPU
		{F4EA9919-C02F-4027-8D32-87BDEBE41D11}.Debug|iPhone.Deploy.0 = Debug|Any CPU
		{F4EA9919-C02F-4027-8D32-87BDEBE41D11}.Debug|iPhoneSimulator.ActiveCfg = Debug|Any CPU
		{F4EA9919-C02F-4027-8D32-87BDEBE41D11}.Debug|iPhoneSimulator.Build.0 = Debug|Any CPU
		{F4EA9919-C02F-4027-8D32-87BDEBE41D11}.Debug|iPhoneSimulator.Deploy.0 = Debug|Any CPU
		{F4EA9919-C02F-4027-8D32-87BDEBE41D11}.Debug|x64.ActiveCfg = Debug|Any CPU
		{F4EA9919-C02F-4027-8D32-87BDEBE41D11}.Debug|x64.Build.0 = Debug|Any CPU
		{F4EA9919-C02F-4027-8D32-87BDEBE41D11}.Debug|x64.Deploy.0 = Debug|Any CPU
		{F4EA9919-C02F-4027-8D32-87BDEBE41D11}.Debug|x86.ActiveCfg = Debug|Any CPU
		{F4EA9919-C02F-4027-8D32-87BDEBE41D11}.Debug|x86.Build.0 = Debug|Any CPU
		{F4EA9919-C02F-4027-8D32-87BDEBE41D11}.Debug|x86.Deploy.0 = Debug|Any CPU
		{F4EA9919-C02F-4027-8D32-87BDEBE41D11}.Release|Any CPU.ActiveCfg = Release|Any CPU
		{F4EA9919-C02F-4027-8D32-87BDEBE41D11}.Release|Any CPU.Build.0 = Release|Any CPU
		{F4EA9919-C02F-4027-8D32-87BDEBE41D11}.Release|Any CPU.Deploy.0 = Release|Any CPU
		{F4EA9919-C02F-4027-8D32-87BDEBE41D11}.Release|ARM.ActiveCfg = Release|Any CPU
		{F4EA9919-C02F-4027-8D32-87BDEBE41D11}.Release|ARM.Build.0 = Release|Any CPU
		{F4EA9919-C02F-4027-8D32-87BDEBE41D11}.Release|ARM.Deploy.0 = Release|Any CPU
		{F4EA9919-C02F-4027-8D32-87BDEBE41D11}.Release|iPhone.ActiveCfg = Release|Any CPU
		{F4EA9919-C02F-4027-8D32-87BDEBE41D11}.Release|iPhone.Build.0 = Release|Any CPU
		{F4EA9919-C02F-4027-8D32-87BDEBE41D11}.Release|iPhone.Deploy.0 = Release|Any CPU
		{F4EA9919-C02F-4027-8D32-87BDEBE41D11}.Release|iPhoneSimulator.ActiveCfg = Release|Any CPU
		{F4EA9919-C02F-4027-8D32-87BDEBE41D11}.Release|iPhoneSimulator.Build.0 = Release|Any CPU
		{F4EA9919-C02F-4027-8D32-87BDEBE41D11}.Release|iPhoneSimulator.Deploy.0 = Release|Any CPU
		{F4EA9919-C02F-4027-8D32-87BDEBE41D11}.Release|x64.ActiveCfg = Release|Any CPU
		{F4EA9919-C02F-4027-8D32-87BDEBE41D11}.Release|x64.Build.0 = Release|Any CPU
		{F4EA9919-C02F-4027-8D32-87BDEBE41D11}.Release|x64.Deploy.0 = Release|Any CPU
		{F4EA9919-C02F-4027-8D32-87BDEBE41D11}.Release|x86.ActiveCfg = Release|Any CPU
		{F4EA9919-C02F-4027-8D32-87BDEBE41D11}.Release|x86.Build.0 = Release|Any CPU
		{F4EA9919-C02F-4027-8D32-87BDEBE41D11}.Release|x86.Deploy.0 = Release|Any CPU
		{C4B601A2-196D-4A80-9604-96FCACF28C4B}.Ad-Hoc|Any CPU.ActiveCfg = Release|x64
		{C4B601A2-196D-4A80-9604-96FCACF28C4B}.Ad-Hoc|Any CPU.Build.0 = Release|x64
		{C4B601A2-196D-4A80-9604-96FCACF28C4B}.Ad-Hoc|Any CPU.Deploy.0 = Release|x64
		{C4B601A2-196D-4A80-9604-96FCACF28C4B}.Ad-Hoc|ARM.ActiveCfg = Release|ARM
		{C4B601A2-196D-4A80-9604-96FCACF28C4B}.Ad-Hoc|ARM.Build.0 = Release|ARM
		{C4B601A2-196D-4A80-9604-96FCACF28C4B}.Ad-Hoc|ARM.Deploy.0 = Release|ARM
		{C4B601A2-196D-4A80-9604-96FCACF28C4B}.Ad-Hoc|iPhone.ActiveCfg = Release|x64
		{C4B601A2-196D-4A80-9604-96FCACF28C4B}.Ad-Hoc|iPhone.Build.0 = Release|x64
		{C4B601A2-196D-4A80-9604-96FCACF28C4B}.Ad-Hoc|iPhone.Deploy.0 = Release|x64
		{C4B601A2-196D-4A80-9604-96FCACF28C4B}.Ad-Hoc|iPhoneSimulator.ActiveCfg = Release|x64
		{C4B601A2-196D-4A80-9604-96FCACF28C4B}.Ad-Hoc|iPhoneSimulator.Build.0 = Release|x64
		{C4B601A2-196D-4A80-9604-96FCACF28C4B}.Ad-Hoc|iPhoneSimulator.Deploy.0 = Release|x64
		{C4B601A2-196D-4A80-9604-96FCACF28C4B}.Ad-Hoc|x64.ActiveCfg = Release|x64
		{C4B601A2-196D-4A80-9604-96FCACF28C4B}.Ad-Hoc|x64.Build.0 = Release|x64
		{C4B601A2-196D-4A80-9604-96FCACF28C4B}.Ad-Hoc|x64.Deploy.0 = Release|x64
		{C4B601A2-196D-4A80-9604-96FCACF28C4B}.Ad-Hoc|x86.ActiveCfg = Release|x86
		{C4B601A2-196D-4A80-9604-96FCACF28C4B}.Ad-Hoc|x86.Build.0 = Release|x86
		{C4B601A2-196D-4A80-9604-96FCACF28C4B}.Ad-Hoc|x86.Deploy.0 = Release|x86
		{C4B601A2-196D-4A80-9604-96FCACF28C4B}.AppStore|Any CPU.ActiveCfg = Release|x64
		{C4B601A2-196D-4A80-9604-96FCACF28C4B}.AppStore|Any CPU.Build.0 = Release|x64
		{C4B601A2-196D-4A80-9604-96FCACF28C4B}.AppStore|Any CPU.Deploy.0 = Release|x64
		{C4B601A2-196D-4A80-9604-96FCACF28C4B}.AppStore|ARM.ActiveCfg = Release|ARM
		{C4B601A2-196D-4A80-9604-96FCACF28C4B}.AppStore|ARM.Build.0 = Release|ARM
		{C4B601A2-196D-4A80-9604-96FCACF28C4B}.AppStore|ARM.Deploy.0 = Release|ARM
		{C4B601A2-196D-4A80-9604-96FCACF28C4B}.AppStore|iPhone.ActiveCfg = Release|x64
		{C4B601A2-196D-4A80-9604-96FCACF28C4B}.AppStore|iPhone.Build.0 = Release|x64
		{C4B601A2-196D-4A80-9604-96FCACF28C4B}.AppStore|iPhone.Deploy.0 = Release|x64
		{C4B601A2-196D-4A80-9604-96FCACF28C4B}.AppStore|iPhoneSimulator.ActiveCfg = Release|x64
		{C4B601A2-196D-4A80-9604-96FCACF28C4B}.AppStore|iPhoneSimulator.Build.0 = Release|x64
		{C4B601A2-196D-4A80-9604-96FCACF28C4B}.AppStore|iPhoneSimulator.Deploy.0 = Release|x64
		{C4B601A2-196D-4A80-9604-96FCACF28C4B}.AppStore|x64.ActiveCfg = Release|x64
		{C4B601A2-196D-4A80-9604-96FCACF28C4B}.AppStore|x64.Build.0 = Release|x64
		{C4B601A2-196D-4A80-9604-96FCACF28C4B}.AppStore|x64.Deploy.0 = Release|x64
		{C4B601A2-196D-4A80-9604-96FCACF28C4B}.AppStore|x86.ActiveCfg = Release|x86
		{C4B601A2-196D-4A80-9604-96FCACF28C4B}.AppStore|x86.Build.0 = Release|x86
		{C4B601A2-196D-4A80-9604-96FCACF28C4B}.AppStore|x86.Deploy.0 = Release|x86
		{C4B601A2-196D-4A80-9604-96FCACF28C4B}.Debug|Any CPU.ActiveCfg = Debug|x86
		{C4B601A2-196D-4A80-9604-96FCACF28C4B}.Debug|ARM.ActiveCfg = Debug|ARM
		{C4B601A2-196D-4A80-9604-96FCACF28C4B}.Debug|ARM.Build.0 = Debug|ARM
		{C4B601A2-196D-4A80-9604-96FCACF28C4B}.Debug|ARM.Deploy.0 = Debug|ARM
		{C4B601A2-196D-4A80-9604-96FCACF28C4B}.Debug|iPhone.ActiveCfg = Debug|x86
		{C4B601A2-196D-4A80-9604-96FCACF28C4B}.Debug|iPhoneSimulator.ActiveCfg = Debug|x86
		{C4B601A2-196D-4A80-9604-96FCACF28C4B}.Debug|x64.ActiveCfg = Debug|x64
		{C4B601A2-196D-4A80-9604-96FCACF28C4B}.Debug|x64.Build.0 = Debug|x64
		{C4B601A2-196D-4A80-9604-96FCACF28C4B}.Debug|x64.Deploy.0 = Debug|x64
		{C4B601A2-196D-4A80-9604-96FCACF28C4B}.Debug|x86.ActiveCfg = Debug|x86
		{C4B601A2-196D-4A80-9604-96FCACF28C4B}.Debug|x86.Build.0 = Debug|x86
		{C4B601A2-196D-4A80-9604-96FCACF28C4B}.Debug|x86.Deploy.0 = Debug|x86
		{C4B601A2-196D-4A80-9604-96FCACF28C4B}.Release|Any CPU.ActiveCfg = Release|x86
		{C4B601A2-196D-4A80-9604-96FCACF28C4B}.Release|ARM.ActiveCfg = Release|ARM
		{C4B601A2-196D-4A80-9604-96FCACF28C4B}.Release|ARM.Build.0 = Release|ARM
		{C4B601A2-196D-4A80-9604-96FCACF28C4B}.Release|ARM.Deploy.0 = Release|ARM
		{C4B601A2-196D-4A80-9604-96FCACF28C4B}.Release|iPhone.ActiveCfg = Release|x86
		{C4B601A2-196D-4A80-9604-96FCACF28C4B}.Release|iPhoneSimulator.ActiveCfg = Release|x86
		{C4B601A2-196D-4A80-9604-96FCACF28C4B}.Release|x64.ActiveCfg = Release|x64
		{C4B601A2-196D-4A80-9604-96FCACF28C4B}.Release|x64.Build.0 = Release|x64
		{C4B601A2-196D-4A80-9604-96FCACF28C4B}.Release|x64.Deploy.0 = Release|x64
		{C4B601A2-196D-4A80-9604-96FCACF28C4B}.Release|x86.ActiveCfg = Release|x86
		{C4B601A2-196D-4A80-9604-96FCACF28C4B}.Release|x86.Build.0 = Release|x86
		{C4B601A2-196D-4A80-9604-96FCACF28C4B}.Release|x86.Deploy.0 = Release|x86
		{EFF5FB35-89F6-470D-88AC-D15B6263A35F}.Ad-Hoc|Any CPU.ActiveCfg = Ad-Hoc|iPhone
		{EFF5FB35-89F6-470D-88AC-D15B6263A35F}.Ad-Hoc|ARM.ActiveCfg = Ad-Hoc|iPhone
		{EFF5FB35-89F6-470D-88AC-D15B6263A35F}.Ad-Hoc|iPhone.ActiveCfg = Ad-Hoc|iPhone
		{EFF5FB35-89F6-470D-88AC-D15B6263A35F}.Ad-Hoc|iPhone.Build.0 = Ad-Hoc|iPhone
		{EFF5FB35-89F6-470D-88AC-D15B6263A35F}.Ad-Hoc|iPhoneSimulator.ActiveCfg = Ad-Hoc|iPhoneSimulator
		{EFF5FB35-89F6-470D-88AC-D15B6263A35F}.Ad-Hoc|iPhoneSimulator.Build.0 = Ad-Hoc|iPhoneSimulator
		{EFF5FB35-89F6-470D-88AC-D15B6263A35F}.Ad-Hoc|x64.ActiveCfg = Ad-Hoc|iPhone
		{EFF5FB35-89F6-470D-88AC-D15B6263A35F}.Ad-Hoc|x86.ActiveCfg = Ad-Hoc|iPhone
		{EFF5FB35-89F6-470D-88AC-D15B6263A35F}.AppStore|Any CPU.ActiveCfg = AppStore|iPhone
		{EFF5FB35-89F6-470D-88AC-D15B6263A35F}.AppStore|ARM.ActiveCfg = AppStore|iPhone
		{EFF5FB35-89F6-470D-88AC-D15B6263A35F}.AppStore|iPhone.ActiveCfg = AppStore|iPhone
		{EFF5FB35-89F6-470D-88AC-D15B6263A35F}.AppStore|iPhone.Build.0 = AppStore|iPhone
		{EFF5FB35-89F6-470D-88AC-D15B6263A35F}.AppStore|iPhoneSimulator.ActiveCfg = AppStore|iPhoneSimulator
		{EFF5FB35-89F6-470D-88AC-D15B6263A35F}.AppStore|iPhoneSimulator.Build.0 = AppStore|iPhoneSimulator
		{EFF5FB35-89F6-470D-88AC-D15B6263A35F}.AppStore|x64.ActiveCfg = AppStore|iPhone
		{EFF5FB35-89F6-470D-88AC-D15B6263A35F}.AppStore|x86.ActiveCfg = AppStore|iPhone
		{EFF5FB35-89F6-470D-88AC-D15B6263A35F}.Debug|Any CPU.ActiveCfg = Debug|iPhone
		{EFF5FB35-89F6-470D-88AC-D15B6263A35F}.Debug|ARM.ActiveCfg = Debug|iPhone
		{EFF5FB35-89F6-470D-88AC-D15B6263A35F}.Debug|iPhone.ActiveCfg = Debug|iPhone
		{EFF5FB35-89F6-470D-88AC-D15B6263A35F}.Debug|iPhone.Build.0 = Debug|iPhone
		{EFF5FB35-89F6-470D-88AC-D15B6263A35F}.Debug|iPhoneSimulator.ActiveCfg = Debug|iPhoneSimulator
		{EFF5FB35-89F6-470D-88AC-D15B6263A35F}.Debug|iPhoneSimulator.Build.0 = Debug|iPhoneSimulator
		{EFF5FB35-89F6-470D-88AC-D15B6263A35F}.Debug|x64.ActiveCfg = Debug|iPhone
		{EFF5FB35-89F6-470D-88AC-D15B6263A35F}.Debug|x86.ActiveCfg = Debug|iPhone
		{EFF5FB35-89F6-470D-88AC-D15B6263A35F}.Release|Any CPU.ActiveCfg = Release|iPhone
		{EFF5FB35-89F6-470D-88AC-D15B6263A35F}.Release|ARM.ActiveCfg = Release|iPhone
		{EFF5FB35-89F6-470D-88AC-D15B6263A35F}.Release|iPhone.ActiveCfg = Release|iPhone
		{EFF5FB35-89F6-470D-88AC-D15B6263A35F}.Release|iPhone.Build.0 = Release|iPhone
		{EFF5FB35-89F6-470D-88AC-D15B6263A35F}.Release|iPhoneSimulator.ActiveCfg = Release|iPhoneSimulator
		{EFF5FB35-89F6-470D-88AC-D15B6263A35F}.Release|iPhoneSimulator.Build.0 = Release|iPhoneSimulator
		{EFF5FB35-89F6-470D-88AC-D15B6263A35F}.Release|x64.ActiveCfg = Release|iPhone
		{EFF5FB35-89F6-470D-88AC-D15B6263A35F}.Release|x86.ActiveCfg = Release|iPhone
	EndGlobalSection
	GlobalSection(SolutionProperties) = preSolution
		HideSolutionNode = FALSE
	EndGlobalSection
EndGlobal
