
Microsoft Visual Studio Solution File, Format Version 12.00
# Visual Studio 15
VisualStudioVersion = 15.0.26206.0
MinimumVisualStudioVersion = 10.0.40219.1
Project("{FAE04EC0-301F-11D3-BF4B-00C04F79EFBC}") = "FirstDemo.Core", "FirstDemo.Core\FirstDemo.Core.csproj", "{851B4E74-47F5-4619-8CBB-B9C5114DB092}"
EndProject
Project("{FAE04EC0-301F-11D3-BF4B-00C04F79EFBC}") = "FirstDemo.Droid", "FirstDemo.Droid\FirstDemo.Droid.csproj", "{FCA745F3-2B53-4597-966A-11C97C75485A}"
EndProject
Project("{FAE04EC0-301F-11D3-BF4B-00C04F79EFBC}") = "FirstDemo.Uwp", "FirstDemo.Uwp\FirstDemo.Uwp.csproj", "{B6453BF4-3651-43B7-95EA-CBE03F1B7695}"
EndProject
Project("{FAE04EC0-301F-11D3-BF4B-00C04F79EFBC}") = "FirstDemo.iOS", "FirstDemo.iOS\FirstDemo.iOS.csproj", "{C3EBED52-6AD8-40A7-A601-107C48DC96BC}"
EndProject
Global
	GlobalSection(SolutionConfigurationPlatforms) = preSolution
		Ad-Hoc|Any CPU = Ad-Hoc|Any CPU
		Ad-Hoc|ARM = Ad-Hoc|ARM
		Ad-Hoc|iPhone = Ad-Hoc|iPhone
		Ad-Hoc|iPhoneSimulator = Ad-Hoc|iPhoneSimulator
		Ad-Hoc|x64 = Ad-Hoc|x64
		Ad-Hoc|x86 = Ad-Hoc|x86
		AppStore|Any CPU = AppStore|Any CPU
		AppStore|ARM = AppStore|ARM
		AppStore|iPhone = AppStore|iPhone
		AppStore|iPhoneSimulator = AppStore|iPhoneSimulator
		AppStore|x64 = AppStore|x64
		AppStore|x86 = AppStore|x86
		Debug|Any CPU = Debug|Any CPU
		Debug|ARM = Debug|ARM
		Debug|iPhone = Debug|iPhone
		Debug|iPhoneSimulator = Debug|iPhoneSimulator
		Debug|x64 = Debug|x64
		Debug|x86 = Debug|x86
		Release|Any CPU = Release|Any CPU
		Release|ARM = Release|ARM
		Release|iPhone = Release|iPhone
		Release|iPhoneSimulator = Release|iPhoneSimulator
		Release|x64 = Release|x64
		Release|x86 = Release|x86
	EndGlobalSection
	GlobalSection(ProjectConfigurationPlatforms) = postSolution
		{851B4E74-47F5-4619-8CBB-B9C5114DB092}.Ad-Hoc|Any CPU.ActiveCfg = Release|Any CPU
		{851B4E74-47F5-4619-8CBB-B9C5114DB092}.Ad-Hoc|Any CPU.Build.0 = Release|Any CPU
		{851B4E74-47F5-4619-8CBB-B9C5114DB092}.Ad-Hoc|ARM.ActiveCfg = Release|Any CPU
		{851B4E74-47F5-4619-8CBB-B9C5114DB092}.Ad-Hoc|ARM.Build.0 = Release|Any CPU
		{851B4E74-47F5-4619-8CBB-B9C5114DB092}.Ad-Hoc|iPhone.ActiveCfg = Release|Any CPU
		{851B4E74-47F5-4619-8CBB-B9C5114DB092}.Ad-Hoc|iPhone.Build.0 = Release|Any CPU
		{851B4E74-47F5-4619-8CBB-B9C5114DB092}.Ad-Hoc|iPhoneSimulator.ActiveCfg = Release|Any CPU
		{851B4E74-47F5-4619-8CBB-B9C5114DB092}.Ad-Hoc|iPhoneSimulator.Build.0 = Release|Any CPU
		{851B4E74-47F5-4619-8CBB-B9C5114DB092}.Ad-Hoc|x64.ActiveCfg = Release|Any CPU
		{851B4E74-47F5-4619-8CBB-B9C5114DB092}.Ad-Hoc|x64.Build.0 = Release|Any CPU
		{851B4E74-47F5-4619-8CBB-B9C5114DB092}.Ad-Hoc|x86.ActiveCfg = Release|Any CPU
		{851B4E74-47F5-4619-8CBB-B9C5114DB092}.Ad-Hoc|x86.Build.0 = Release|Any CPU
		{851B4E74-47F5-4619-8CBB-B9C5114DB092}.AppStore|Any CPU.ActiveCfg = Release|Any CPU
		{851B4E74-47F5-4619-8CBB-B9C5114DB092}.AppStore|Any CPU.Build.0 = Release|Any CPU
		{851B4E74-47F5-4619-8CBB-B9C5114DB092}.AppStore|ARM.ActiveCfg = Release|Any CPU
		{851B4E74-47F5-4619-8CBB-B9C5114DB092}.AppStore|ARM.Build.0 = Release|Any CPU
		{851B4E74-47F5-4619-8CBB-B9C5114DB092}.AppStore|iPhone.ActiveCfg = Release|Any CPU
		{851B4E74-47F5-4619-8CBB-B9C5114DB092}.AppStore|iPhone.Build.0 = Release|Any CPU
		{851B4E74-47F5-4619-8CBB-B9C5114DB092}.AppStore|iPhoneSimulator.ActiveCfg = Release|Any CPU
		{851B4E74-47F5-4619-8CBB-B9C5114DB092}.AppStore|iPhoneSimulator.Build.0 = Release|Any CPU
		{851B4E74-47F5-4619-8CBB-B9C5114DB092}.AppStore|x64.ActiveCfg = Release|Any CPU
		{851B4E74-47F5-4619-8CBB-B9C5114DB092}.AppStore|x64.Build.0 = Release|Any CPU
		{851B4E74-47F5-4619-8CBB-B9C5114DB092}.AppStore|x86.ActiveCfg = Release|Any CPU
		{851B4E74-47F5-4619-8CBB-B9C5114DB092}.AppStore|x86.Build.0 = Release|Any CPU
		{851B4E74-47F5-4619-8CBB-B9C5114DB092}.Debug|Any CPU.ActiveCfg = Debug|Any CPU
		{851B4E74-47F5-4619-8CBB-B9C5114DB092}.Debug|Any CPU.Build.0 = Debug|Any CPU
		{851B4E74-47F5-4619-8CBB-B9C5114DB092}.Debug|ARM.ActiveCfg = Debug|Any CPU
		{851B4E74-47F5-4619-8CBB-B9C5114DB092}.Debug|ARM.Build.0 = Debug|Any CPU
		{851B4E74-47F5-4619-8CBB-B9C5114DB092}.Debug|iPhone.ActiveCfg = Debug|Any CPU
		{851B4E74-47F5-4619-8CBB-B9C5114DB092}.Debug|iPhone.Build.0 = Debug|Any CPU
		{851B4E74-47F5-4619-8CBB-B9C5114DB092}.Debug|iPhoneSimulator.ActiveCfg = Debug|Any CPU
		{851B4E74-47F5-4619-8CBB-B9C5114DB092}.Debug|iPhoneSimulator.Build.0 = Debug|Any CPU
		{851B4E74-47F5-4619-8CBB-B9C5114DB092}.Debug|x64.ActiveCfg = Debug|Any CPU
		{851B4E74-47F5-4619-8CBB-B9C5114DB092}.Debug|x64.Build.0 = Debug|Any CPU
		{851B4E74-47F5-4619-8CBB-B9C5114DB092}.Debug|x86.ActiveCfg = Debug|Any CPU
		{851B4E74-47F5-4619-8CBB-B9C5114DB092}.Debug|x86.Build.0 = Debug|Any CPU
		{851B4E74-47F5-4619-8CBB-B9C5114DB092}.Release|Any CPU.ActiveCfg = Release|Any CPU
		{851B4E74-47F5-4619-8CBB-B9C5114DB092}.Release|Any CPU.Build.0 = Release|Any CPU
		{851B4E74-47F5-4619-8CBB-B9C5114DB092}.Release|ARM.ActiveCfg = Release|Any CPU
		{851B4E74-47F5-4619-8CBB-B9C5114DB092}.Release|ARM.Build.0 = Release|Any CPU
		{851B4E74-47F5-4619-8CBB-B9C5114DB092}.Release|iPhone.ActiveCfg = Release|Any CPU
		{851B4E74-47F5-4619-8CBB-B9C5114DB092}.Release|iPhone.Build.0 = Release|Any CPU
		{851B4E74-47F5-4619-8CBB-B9C5114DB092}.Release|iPhoneSimulator.ActiveCfg = Release|Any CPU
		{851B4E74-47F5-4619-8CBB-B9C5114DB092}.Release|iPhoneSimulator.Build.0 = Release|Any CPU
		{851B4E74-47F5-4619-8CBB-B9C5114DB092}.Release|x64.ActiveCfg = Release|Any CPU
		{851B4E74-47F5-4619-8CBB-B9C5114DB092}.Release|x64.Build.0 = Release|Any CPU
		{851B4E74-47F5-4619-8CBB-B9C5114DB092}.Release|x86.ActiveCfg = Release|Any CPU
		{851B4E74-47F5-4619-8CBB-B9C5114DB092}.Release|x86.Build.0 = Release|Any CPU
		{FCA745F3-2B53-4597-966A-11C97C75485A}.Ad-Hoc|Any CPU.ActiveCfg = Release|Any CPU
		{FCA745F3-2B53-4597-966A-11C97C75485A}.Ad-Hoc|Any CPU.Build.0 = Release|Any CPU
		{FCA745F3-2B53-4597-966A-11C97C75485A}.Ad-Hoc|Any CPU.Deploy.0 = Release|Any CPU
		{FCA745F3-2B53-4597-966A-11C97C75485A}.Ad-Hoc|ARM.ActiveCfg = Release|Any CPU
		{FCA745F3-2B53-4597-966A-11C97C75485A}.Ad-Hoc|ARM.Build.0 = Release|Any CPU
		{FCA745F3-2B53-4597-966A-11C97C75485A}.Ad-Hoc|ARM.Deploy.0 = Release|Any CPU
		{FCA745F3-2B53-4597-966A-11C97C75485A}.Ad-Hoc|iPhone.ActiveCfg = Release|Any CPU
		{FCA745F3-2B53-4597-966A-11C97C75485A}.Ad-Hoc|iPhone.Build.0 = Release|Any CPU
		{FCA745F3-2B53-4597-966A-11C97C75485A}.Ad-Hoc|iPhone.Deploy.0 = Release|Any CPU
		{FCA745F3-2B53-4597-966A-11C97C75485A}.Ad-Hoc|iPhoneSimulator.ActiveCfg = Release|Any CPU
		{FCA745F3-2B53-4597-966A-11C97C75485A}.Ad-Hoc|iPhoneSimulator.Build.0 = Release|Any CPU
		{FCA745F3-2B53-4597-966A-11C97C75485A}.Ad-Hoc|iPhoneSimulator.Deploy.0 = Release|Any CPU
		{FCA745F3-2B53-4597-966A-11C97C75485A}.Ad-Hoc|x64.ActiveCfg = Release|Any CPU
		{FCA745F3-2B53-4597-966A-11C97C75485A}.Ad-Hoc|x64.Build.0 = Release|Any CPU
		{FCA745F3-2B53-4597-966A-11C97C75485A}.Ad-Hoc|x64.Deploy.0 = Release|Any CPU
		{FCA745F3-2B53-4597-966A-11C97C75485A}.Ad-Hoc|x86.ActiveCfg = Release|Any CPU
		{FCA745F3-2B53-4597-966A-11C97C75485A}.Ad-Hoc|x86.Build.0 = Release|Any CPU
		{FCA745F3-2B53-4597-966A-11C97C75485A}.Ad-Hoc|x86.Deploy.0 = Release|Any CPU
		{FCA745F3-2B53-4597-966A-11C97C75485A}.AppStore|Any CPU.ActiveCfg = Release|Any CPU
		{FCA745F3-2B53-4597-966A-11C97C75485A}.AppStore|Any CPU.Build.0 = Release|Any CPU
		{FCA745F3-2B53-4597-966A-11C97C75485A}.AppStore|Any CPU.Deploy.0 = Release|Any CPU
		{FCA745F3-2B53-4597-966A-11C97C75485A}.AppStore|ARM.ActiveCfg = Release|Any CPU
		{FCA745F3-2B53-4597-966A-11C97C75485A}.AppStore|ARM.Build.0 = Release|Any CPU
		{FCA745F3-2B53-4597-966A-11C97C75485A}.AppStore|ARM.Deploy.0 = Release|Any CPU
		{FCA745F3-2B53-4597-966A-11C97C75485A}.AppStore|iPhone.ActiveCfg = Release|Any CPU
		{FCA745F3-2B53-4597-966A-11C97C75485A}.AppStore|iPhone.Build.0 = Release|Any CPU
		{FCA745F3-2B53-4597-966A-11C97C75485A}.AppStore|iPhone.Deploy.0 = Release|Any CPU
		{FCA745F3-2B53-4597-966A-11C97C75485A}.AppStore|iPhoneSimulator.ActiveCfg = Release|Any CPU
		{FCA745F3-2B53-4597-966A-11C97C75485A}.AppStore|iPhoneSimulator.Build.0 = Release|Any CPU
		{FCA745F3-2B53-4597-966A-11C97C75485A}.AppStore|iPhoneSimulator.Deploy.0 = Release|Any CPU
		{FCA745F3-2B53-4597-966A-11C97C75485A}.AppStore|x64.ActiveCfg = Release|Any CPU
		{FCA745F3-2B53-4597-966A-11C97C75485A}.AppStore|x64.Build.0 = Release|Any CPU
		{FCA745F3-2B53-4597-966A-11C97C75485A}.AppStore|x64.Deploy.0 = Release|Any CPU
		{FCA745F3-2B53-4597-966A-11C97C75485A}.AppStore|x86.ActiveCfg = Release|Any CPU
		{FCA745F3-2B53-4597-966A-11C97C75485A}.AppStore|x86.Build.0 = Release|Any CPU
		{FCA745F3-2B53-4597-966A-11C97C75485A}.AppStore|x86.Deploy.0 = Release|Any CPU
		{FCA745F3-2B53-4597-966A-11C97C75485A}.Debug|Any CPU.ActiveCfg = Debug|Any CPU
		{FCA745F3-2B53-4597-966A-11C97C75485A}.Debug|Any CPU.Build.0 = Debug|Any CPU
		{FCA745F3-2B53-4597-966A-11C97C75485A}.Debug|Any CPU.Deploy.0 = Debug|Any CPU
		{FCA745F3-2B53-4597-966A-11C97C75485A}.Debug|ARM.ActiveCfg = Debug|Any CPU
		{FCA745F3-2B53-4597-966A-11C97C75485A}.Debug|ARM.Build.0 = Debug|Any CPU
		{FCA745F3-2B53-4597-966A-11C97C75485A}.Debug|ARM.Deploy.0 = Debug|Any CPU
		{FCA745F3-2B53-4597-966A-11C97C75485A}.Debug|iPhone.ActiveCfg = Debug|Any CPU
		{FCA745F3-2B53-4597-966A-11C97C75485A}.Debug|iPhone.Build.0 = Debug|Any CPU
		{FCA745F3-2B53-4597-966A-11C97C75485A}.Debug|iPhone.Deploy.0 = Debug|Any CPU
		{FCA745F3-2B53-4597-966A-11C97C75485A}.Debug|iPhoneSimulator.ActiveCfg = Debug|Any CPU
		{FCA745F3-2B53-4597-966A-11C97C75485A}.Debug|iPhoneSimulator.Build.0 = Debug|Any CPU
		{FCA745F3-2B53-4597-966A-11C97C75485A}.Debug|iPhoneSimulator.Deploy.0 = Debug|Any CPU
		{FCA745F3-2B53-4597-966A-11C97C75485A}.Debug|x64.ActiveCfg = Debug|Any CPU
		{FCA745F3-2B53-4597-966A-11C97C75485A}.Debug|x64.Build.0 = Debug|Any CPU
		{FCA745F3-2B53-4597-966A-11C97C75485A}.Debug|x64.Deploy.0 = Debug|Any CPU
		{FCA745F3-2B53-4597-966A-11C97C75485A}.Debug|x86.ActiveCfg = Debug|Any CPU
		{FCA745F3-2B53-4597-966A-11C97C75485A}.Debug|x86.Build.0 = Debug|Any CPU
		{FCA745F3-2B53-4597-966A-11C97C75485A}.Debug|x86.Deploy.0 = Debug|Any CPU
		{FCA745F3-2B53-4597-966A-11C97C75485A}.Release|Any CPU.ActiveCfg = Release|Any CPU
		{FCA745F3-2B53-4597-966A-11C97C75485A}.Release|Any CPU.Build.0 = Release|Any CPU
		{FCA745F3-2B53-4597-966A-11C97C75485A}.Release|Any CPU.Deploy.0 = Release|Any CPU
		{FCA745F3-2B53-4597-966A-11C97C75485A}.Release|ARM.ActiveCfg = Release|Any CPU
		{FCA745F3-2B53-4597-966A-11C97C75485A}.Release|ARM.Build.0 = Release|Any CPU
		{FCA745F3-2B53-4597-966A-11C97C75485A}.Release|ARM.Deploy.0 = Release|Any CPU
		{FCA745F3-2B53-4597-966A-11C97C75485A}.Release|iPhone.ActiveCfg = Release|Any CPU
		{FCA745F3-2B53-4597-966A-11C97C75485A}.Release|iPhone.Build.0 = Release|Any CPU
		{FCA745F3-2B53-4597-966A-11C97C75485A}.Release|iPhone.Deploy.0 = Release|Any CPU
		{FCA745F3-2B53-4597-966A-11C97C75485A}.Release|iPhoneSimulator.ActiveCfg = Release|Any CPU
		{FCA745F3-2B53-4597-966A-11C97C75485A}.Release|iPhoneSimulator.Build.0 = Release|Any CPU
		{FCA745F3-2B53-4597-966A-11C97C75485A}.Release|iPhoneSimulator.Deploy.0 = Release|Any CPU
		{FCA745F3-2B53-4597-966A-11C97C75485A}.Release|x64.ActiveCfg = Release|Any CPU
		{FCA745F3-2B53-4597-966A-11C97C75485A}.Release|x64.Build.0 = Release|Any CPU
		{FCA745F3-2B53-4597-966A-11C97C75485A}.Release|x64.Deploy.0 = Release|Any CPU
		{FCA745F3-2B53-4597-966A-11C97C75485A}.Release|x86.ActiveCfg = Release|Any CPU
		{FCA745F3-2B53-4597-966A-11C97C75485A}.Release|x86.Build.0 = Release|Any CPU
		{FCA745F3-2B53-4597-966A-11C97C75485A}.Release|x86.Deploy.0 = Release|Any CPU
		{B6453BF4-3651-43B7-95EA-CBE03F1B7695}.Ad-Hoc|Any CPU.ActiveCfg = Release|x64
		{B6453BF4-3651-43B7-95EA-CBE03F1B7695}.Ad-Hoc|Any CPU.Build.0 = Release|x64
		{B6453BF4-3651-43B7-95EA-CBE03F1B7695}.Ad-Hoc|Any CPU.Deploy.0 = Release|x64
		{B6453BF4-3651-43B7-95EA-CBE03F1B7695}.Ad-Hoc|ARM.ActiveCfg = Release|ARM
		{B6453BF4-3651-43B7-95EA-CBE03F1B7695}.Ad-Hoc|ARM.Build.0 = Release|ARM
		{B6453BF4-3651-43B7-95EA-CBE03F1B7695}.Ad-Hoc|ARM.Deploy.0 = Release|ARM
		{B6453BF4-3651-43B7-95EA-CBE03F1B7695}.Ad-Hoc|iPhone.ActiveCfg = Release|x64
		{B6453BF4-3651-43B7-95EA-CBE03F1B7695}.Ad-Hoc|iPhone.Build.0 = Release|x64
		{B6453BF4-3651-43B7-95EA-CBE03F1B7695}.Ad-Hoc|iPhone.Deploy.0 = Release|x64
		{B6453BF4-3651-43B7-95EA-CBE03F1B7695}.Ad-Hoc|iPhoneSimulator.ActiveCfg = Release|x64
		{B6453BF4-3651-43B7-95EA-CBE03F1B7695}.Ad-Hoc|iPhoneSimulator.Build.0 = Release|x64
		{B6453BF4-3651-43B7-95EA-CBE03F1B7695}.Ad-Hoc|iPhoneSimulator.Deploy.0 = Release|x64
		{B6453BF4-3651-43B7-95EA-CBE03F1B7695}.Ad-Hoc|x64.ActiveCfg = Release|x64
		{B6453BF4-3651-43B7-95EA-CBE03F1B7695}.Ad-Hoc|x64.Build.0 = Release|x64
		{B6453BF4-3651-43B7-95EA-CBE03F1B7695}.Ad-Hoc|x64.Deploy.0 = Release|x64
		{B6453BF4-3651-43B7-95EA-CBE03F1B7695}.Ad-Hoc|x86.ActiveCfg = Release|x86
		{B6453BF4-3651-43B7-95EA-CBE03F1B7695}.Ad-Hoc|x86.Build.0 = Release|x86
		{B6453BF4-3651-43B7-95EA-CBE03F1B7695}.Ad-Hoc|x86.Deploy.0 = Release|x86
		{B6453BF4-3651-43B7-95EA-CBE03F1B7695}.AppStore|Any CPU.ActiveCfg = Release|x64
		{B6453BF4-3651-43B7-95EA-CBE03F1B7695}.AppStore|Any CPU.Build.0 = Release|x64
		{B6453BF4-3651-43B7-95EA-CBE03F1B7695}.AppStore|Any CPU.Deploy.0 = Release|x64
		{B6453BF4-3651-43B7-95EA-CBE03F1B7695}.AppStore|ARM.ActiveCfg = Release|ARM
		{B6453BF4-3651-43B7-95EA-CBE03F1B7695}.AppStore|ARM.Build.0 = Release|ARM
		{B6453BF4-3651-43B7-95EA-CBE03F1B7695}.AppStore|ARM.Deploy.0 = Release|ARM
		{B6453BF4-3651-43B7-95EA-CBE03F1B7695}.AppStore|iPhone.ActiveCfg = Release|x64
		{B6453BF4-3651-43B7-95EA-CBE03F1B7695}.AppStore|iPhone.Build.0 = Release|x64
		{B6453BF4-3651-43B7-95EA-CBE03F1B7695}.AppStore|iPhone.Deploy.0 = Release|x64
		{B6453BF4-3651-43B7-95EA-CBE03F1B7695}.AppStore|iPhoneSimulator.ActiveCfg = Release|x64
		{B6453BF4-3651-43B7-95EA-CBE03F1B7695}.AppStore|iPhoneSimulator.Build.0 = Release|x64
		{B6453BF4-3651-43B7-95EA-CBE03F1B7695}.AppStore|iPhoneSimulator.Deploy.0 = Release|x64
		{B6453BF4-3651-43B7-95EA-CBE03F1B7695}.AppStore|x64.ActiveCfg = Release|x64
		{B6453BF4-3651-43B7-95EA-CBE03F1B7695}.AppStore|x64.Build.0 = Release|x64
		{B6453BF4-3651-43B7-95EA-CBE03F1B7695}.AppStore|x64.Deploy.0 = Release|x64
		{B6453BF4-3651-43B7-95EA-CBE03F1B7695}.AppStore|x86.ActiveCfg = Release|x86
		{B6453BF4-3651-43B7-95EA-CBE03F1B7695}.AppStore|x86.Build.0 = Release|x86
		{B6453BF4-3651-43B7-95EA-CBE03F1B7695}.AppStore|x86.Deploy.0 = Release|x86
		{B6453BF4-3651-43B7-95EA-CBE03F1B7695}.Debug|Any CPU.ActiveCfg = Debug|x86
		{B6453BF4-3651-43B7-95EA-CBE03F1B7695}.Debug|ARM.ActiveCfg = Debug|ARM
		{B6453BF4-3651-43B7-95EA-CBE03F1B7695}.Debug|ARM.Build.0 = Debug|ARM
		{B6453BF4-3651-43B7-95EA-CBE03F1B7695}.Debug|ARM.Deploy.0 = Debug|ARM
		{B6453BF4-3651-43B7-95EA-CBE03F1B7695}.Debug|iPhone.ActiveCfg = Debug|x86
		{B6453BF4-3651-43B7-95EA-CBE03F1B7695}.Debug|iPhoneSimulator.ActiveCfg = Debug|x86
		{B6453BF4-3651-43B7-95EA-CBE03F1B7695}.Debug|x64.ActiveCfg = Debug|x64
		{B6453BF4-3651-43B7-95EA-CBE03F1B7695}.Debug|x64.Build.0 = Debug|x64
		{B6453BF4-3651-43B7-95EA-CBE03F1B7695}.Debug|x64.Deploy.0 = Debug|x64
		{B6453BF4-3651-43B7-95EA-CBE03F1B7695}.Debug|x86.ActiveCfg = Debug|x86
		{B6453BF4-3651-43B7-95EA-CBE03F1B7695}.Debug|x86.Build.0 = Debug|x86
		{B6453BF4-3651-43B7-95EA-CBE03F1B7695}.Debug|x86.Deploy.0 = Debug|x86
		{B6453BF4-3651-43B7-95EA-CBE03F1B7695}.Release|Any CPU.ActiveCfg = Release|x86
		{B6453BF4-3651-43B7-95EA-CBE03F1B7695}.Release|ARM.ActiveCfg = Release|ARM
		{B6453BF4-3651-43B7-95EA-CBE03F1B7695}.Release|ARM.Build.0 = Release|ARM
		{B6453BF4-3651-43B7-95EA-CBE03F1B7695}.Release|ARM.Deploy.0 = Release|ARM
		{B6453BF4-3651-43B7-95EA-CBE03F1B7695}.Release|iPhone.ActiveCfg = Release|x86
		{B6453BF4-3651-43B7-95EA-CBE03F1B7695}.Release|iPhoneSimulator.ActiveCfg = Release|x86
		{B6453BF4-3651-43B7-95EA-CBE03F1B7695}.Release|x64.ActiveCfg = Release|x64
		{B6453BF4-3651-43B7-95EA-CBE03F1B7695}.Release|x64.Build.0 = Release|x64
		{B6453BF4-3651-43B7-95EA-CBE03F1B7695}.Release|x64.Deploy.0 = Release|x64
		{B6453BF4-3651-43B7-95EA-CBE03F1B7695}.Release|x86.ActiveCfg = Release|x86
		{B6453BF4-3651-43B7-95EA-CBE03F1B7695}.Release|x86.Build.0 = Release|x86
		{B6453BF4-3651-43B7-95EA-CBE03F1B7695}.Release|x86.Deploy.0 = Release|x86
		{C3EBED52-6AD8-40A7-A601-107C48DC96BC}.Ad-Hoc|Any CPU.ActiveCfg = Ad-Hoc|iPhone
		{C3EBED52-6AD8-40A7-A601-107C48DC96BC}.Ad-Hoc|ARM.ActiveCfg = Ad-Hoc|iPhone
		{C3EBED52-6AD8-40A7-A601-107C48DC96BC}.Ad-Hoc|iPhone.ActiveCfg = Ad-Hoc|iPhone
		{C3EBED52-6AD8-40A7-A601-107C48DC96BC}.Ad-Hoc|iPhone.Build.0 = Ad-Hoc|iPhone
		{C3EBED52-6AD8-40A7-A601-107C48DC96BC}.Ad-Hoc|iPhoneSimulator.ActiveCfg = Ad-Hoc|iPhoneSimulator
		{C3EBED52-6AD8-40A7-A601-107C48DC96BC}.Ad-Hoc|iPhoneSimulator.Build.0 = Ad-Hoc|iPhoneSimulator
		{C3EBED52-6AD8-40A7-A601-107C48DC96BC}.Ad-Hoc|x64.ActiveCfg = Ad-Hoc|iPhone
		{C3EBED52-6AD8-40A7-A601-107C48DC96BC}.Ad-Hoc|x86.ActiveCfg = Ad-Hoc|iPhone
		{C3EBED52-6AD8-40A7-A601-107C48DC96BC}.AppStore|Any CPU.ActiveCfg = AppStore|iPhone
		{C3EBED52-6AD8-40A7-A601-107C48DC96BC}.AppStore|ARM.ActiveCfg = AppStore|iPhone
		{C3EBED52-6AD8-40A7-A601-107C48DC96BC}.AppStore|iPhone.ActiveCfg = AppStore|iPhone
		{C3EBED52-6AD8-40A7-A601-107C48DC96BC}.AppStore|iPhone.Build.0 = AppStore|iPhone
		{C3EBED52-6AD8-40A7-A601-107C48DC96BC}.AppStore|iPhoneSimulator.ActiveCfg = AppStore|iPhoneSimulator
		{C3EBED52-6AD8-40A7-A601-107C48DC96BC}.AppStore|iPhoneSimulator.Build.0 = AppStore|iPhoneSimulator
		{C3EBED52-6AD8-40A7-A601-107C48DC96BC}.AppStore|x64.ActiveCfg = AppStore|iPhone
		{C3EBED52-6AD8-40A7-A601-107C48DC96BC}.AppStore|x86.ActiveCfg = AppStore|iPhone
		{C3EBED52-6AD8-40A7-A601-107C48DC96BC}.Debug|Any CPU.ActiveCfg = Debug|iPhone
		{C3EBED52-6AD8-40A7-A601-107C48DC96BC}.Debug|ARM.ActiveCfg = Debug|iPhone
		{C3EBED52-6AD8-40A7-A601-107C48DC96BC}.Debug|iPhone.ActiveCfg = Debug|iPhone
		{C3EBED52-6AD8-40A7-A601-107C48DC96BC}.Debug|iPhone.Build.0 = Debug|iPhone
		{C3EBED52-6AD8-40A7-A601-107C48DC96BC}.Debug|iPhoneSimulator.ActiveCfg = Debug|iPhoneSimulator
		{C3EBED52-6AD8-40A7-A601-107C48DC96BC}.Debug|iPhoneSimulator.Build.0 = Debug|iPhoneSimulator
		{C3EBED52-6AD8-40A7-A601-107C48DC96BC}.Debug|x64.ActiveCfg = Debug|iPhone
		{C3EBED52-6AD8-40A7-A601-107C48DC96BC}.Debug|x86.ActiveCfg = Debug|iPhone
		{C3EBED52-6AD8-40A7-A601-107C48DC96BC}.Release|Any CPU.ActiveCfg = Release|iPhone
		{C3EBED52-6AD8-40A7-A601-107C48DC96BC}.Release|ARM.ActiveCfg = Release|iPhone
		{C3EBED52-6AD8-40A7-A601-107C48DC96BC}.Release|iPhone.ActiveCfg = Release|iPhone
		{C3EBED52-6AD8-40A7-A601-107C48DC96BC}.Release|iPhone.Build.0 = Release|iPhone
		{C3EBED52-6AD8-40A7-A601-107C48DC96BC}.Release|iPhoneSimulator.ActiveCfg = Release|iPhoneSimulator
		{C3EBED52-6AD8-40A7-A601-107C48DC96BC}.Release|iPhoneSimulator.Build.0 = Release|iPhoneSimulator
		{C3EBED52-6AD8-40A7-A601-107C48DC96BC}.Release|x64.ActiveCfg = Release|iPhone
		{C3EBED52-6AD8-40A7-A601-107C48DC96BC}.Release|x86.ActiveCfg = Release|iPhone
	EndGlobalSection
	GlobalSection(SolutionProperties) = preSolution
		HideSolutionNode = FALSE
	EndGlobalSection
EndGlobal
