
Microsoft Visual Studio Solution File, Format Version 11.00
# Visual Studio 2010
Project("{FAE04EC0-301F-11D3-BF4B-00C04F79EFBC}") = "MyApp.Core", "MyApp.Core\MyApp.Core.csproj", "{784D86D8-8CA8-41D6-A806-A86E0625E3C5}"
EndProject
Project("{FAE04EC0-301F-11D3-BF4B-00C04F79EFBC}") = "MyApp.Touch", "MyApp.Touch\MyApp.Touch.csproj", "{5C4CD21D-9369-4A16-BD51-05BF9DF13042}"
EndProject
Global
	GlobalSection(SolutionConfigurationPlatforms) = preSolution
		Debug|Any CPU = Debug|Any CPU
		Release|Any CPU = Release|Any CPU
		Debug|iPhoneSimulator = Debug|iPhoneSimulator
		Release|iPhoneSimulator = Release|iPhoneSimulator
		Debug|iPhone = Debug|iPhone
		Release|iPhone = Release|iPhone
		Ad-Hoc|iPhone = Ad-Hoc|iPhone
		AppStore|iPhone = AppStore|iPhone
	EndGlobalSection
	GlobalSection(ProjectConfigurationPlatforms) = postSolution
		{5C4CD21D-9369-4A16-BD51-05BF9DF13042}.Ad-Hoc|iPhone.ActiveCfg = Ad-Hoc|iPhone
		{5C4CD21D-9369-4A16-BD51-05BF9DF13042}.Ad-Hoc|iPhone.Build.0 = Ad-Hoc|iPhone
		{5C4CD21D-9369-4A16-BD51-05BF9DF13042}.AppStore|iPhone.ActiveCfg = AppStore|iPhone
		{5C4CD21D-9369-4A16-BD51-05BF9DF13042}.AppStore|iPhone.Build.0 = AppStore|iPhone
		{5C4CD21D-9369-4A16-BD51-05BF9DF13042}.Debug|Any CPU.ActiveCfg = Debug|iPhoneSimulator
		{5C4CD21D-9369-4A16-BD51-05BF9DF13042}.Debug|Any CPU.Build.0 = Debug|iPhoneSimulator
		{5C4CD21D-9369-4A16-BD51-05BF9DF13042}.Debug|iPhone.ActiveCfg = Debug|iPhone
		{5C4CD21D-9369-4A16-BD51-05BF9DF13042}.Debug|iPhone.Build.0 = Debug|iPhone
		{5C4CD21D-9369-4A16-BD51-05BF9DF13042}.Debug|iPhoneSimulator.ActiveCfg = Debug|iPhoneSimulator
		{5C4CD21D-9369-4A16-BD51-05BF9DF13042}.Debug|iPhoneSimulator.Build.0 = Debug|iPhoneSimulator
		{5C4CD21D-9369-4A16-BD51-05BF9DF13042}.Release|Any CPU.ActiveCfg = Release|iPhoneSimulator
		{5C4CD21D-9369-4A16-BD51-05BF9DF13042}.Release|Any CPU.Build.0 = Release|iPhoneSimulator
		{5C4CD21D-9369-4A16-BD51-05BF9DF13042}.Release|iPhone.ActiveCfg = Release|iPhone
		{5C4CD21D-9369-4A16-BD51-05BF9DF13042}.Release|iPhone.Build.0 = Release|iPhone
		{5C4CD21D-9369-4A16-BD51-05BF9DF13042}.Release|iPhoneSimulator.ActiveCfg = Release|iPhoneSimulator
		{5C4CD21D-9369-4A16-BD51-05BF9DF13042}.Release|iPhoneSimulator.Build.0 = Release|iPhoneSimulator
		{784D86D8-8CA8-41D6-A806-A86E0625E3C5}.Ad-Hoc|iPhone.ActiveCfg = Debug|Any CPU
		{784D86D8-8CA8-41D6-A806-A86E0625E3C5}.Ad-Hoc|iPhone.Build.0 = Debug|Any CPU
		{784D86D8-8CA8-41D6-A806-A86E0625E3C5}.AppStore|iPhone.ActiveCfg = Debug|Any CPU
		{784D86D8-8CA8-41D6-A806-A86E0625E3C5}.AppStore|iPhone.Build.0 = Debug|Any CPU
		{784D86D8-8CA8-41D6-A806-A86E0625E3C5}.Debug|Any CPU.ActiveCfg = Debug|Any CPU
		{784D86D8-8CA8-41D6-A806-A86E0625E3C5}.Debug|Any CPU.Build.0 = Debug|Any CPU
		{784D86D8-8CA8-41D6-A806-A86E0625E3C5}.Debug|iPhone.ActiveCfg = Debug|Any CPU
		{784D86D8-8CA8-41D6-A806-A86E0625E3C5}.Debug|iPhone.Build.0 = Debug|Any CPU
		{784D86D8-8CA8-41D6-A806-A86E0625E3C5}.Debug|iPhoneSimulator.ActiveCfg = Debug|Any CPU
		{784D86D8-8CA8-41D6-A806-A86E0625E3C5}.Debug|iPhoneSimulator.Build.0 = Debug|Any CPU
		{784D86D8-8CA8-41D6-A806-A86E0625E3C5}.Release|Any CPU.ActiveCfg = Release|Any CPU
		{784D86D8-8CA8-41D6-A806-A86E0625E3C5}.Release|Any CPU.Build.0 = Release|Any CPU
		{784D86D8-8CA8-41D6-A806-A86E0625E3C5}.Release|iPhone.ActiveCfg = Release|Any CPU
		{784D86D8-8CA8-41D6-A806-A86E0625E3C5}.Release|iPhone.Build.0 = Release|Any CPU
		{784D86D8-8CA8-41D6-A806-A86E0625E3C5}.Release|iPhoneSimulator.ActiveCfg = Release|Any CPU
		{784D86D8-8CA8-41D6-A806-A86E0625E3C5}.Release|iPhoneSimulator.Build.0 = Release|Any CPU
	EndGlobalSection
	GlobalSection(MonoDevelopProperties) = preSolution
		StartupItem = MyApp.Touch\MyApp.Touch.csproj
	EndGlobalSection
EndGlobal
