
Microsoft Visual Studio Solution File, Format Version 12.00
# Visual Studio 2012
Project("{FAE04EC0-301F-11D3-BF4B-00C04F79EFBC}") = "Babel.Core", "Babel.Core\Babel.Core.csproj", "{F7103111-05CE-4859-A81F-F7D88CAEE12E}"
EndProject
Project("{FAE04EC0-301F-11D3-BF4B-00C04F79EFBC}") = "Babel.Phone", "Babel.Phone\Babel.Phone.csproj", "{5B340095-E661-4670-8673-23FCDB3ACB95}"
EndProject
Project("{FAE04EC0-301F-11D3-BF4B-00C04F79EFBC}") = "Babel.Droid", "Babel.Droid\Babel.Droid.csproj", "{34B5248B-80CB-40C9-9319-2BD73F830BEB}"
EndProject
Project("{FAE04EC0-301F-11D3-BF4B-00C04F79EFBC}") = "Babel.Touch", "Babel.Touch\Babel.Touch.csproj", "{27644071-97F7-4CAC-AA7F-13A56A1A4C03}"
EndProject
Global
	GlobalSection(SolutionConfigurationPlatforms) = preSolution
		Ad-Hoc|Any CPU = Ad-Hoc|Any CPU
		Ad-Hoc|iPhone = Ad-Hoc|iPhone
		Ad-Hoc|iPhoneSimulator = Ad-Hoc|iPhoneSimulator
		Ad-Hoc|Mixed Platforms = Ad-Hoc|Mixed Platforms
		AppStore|Any CPU = AppStore|Any CPU
		AppStore|iPhone = AppStore|iPhone
		AppStore|iPhoneSimulator = AppStore|iPhoneSimulator
		AppStore|Mixed Platforms = AppStore|Mixed Platforms
		Debug|Any CPU = Debug|Any CPU
		Debug|iPhone = Debug|iPhone
		Debug|iPhoneSimulator = Debug|iPhoneSimulator
		Debug|Mixed Platforms = Debug|Mixed Platforms
		Release|Any CPU = Release|Any CPU
		Release|iPhone = Release|iPhone
		Release|iPhoneSimulator = Release|iPhoneSimulator
		Release|Mixed Platforms = Release|Mixed Platforms
	EndGlobalSection
	GlobalSection(ProjectConfigurationPlatforms) = postSolution
		{F7103111-05CE-4859-A81F-F7D88CAEE12E}.Ad-Hoc|Any CPU.ActiveCfg = Release|Any CPU
		{F7103111-05CE-4859-A81F-F7D88CAEE12E}.Ad-Hoc|Any CPU.Build.0 = Release|Any CPU
		{F7103111-05CE-4859-A81F-F7D88CAEE12E}.Ad-Hoc|iPhone.ActiveCfg = Release|Any CPU
		{F7103111-05CE-4859-A81F-F7D88CAEE12E}.Ad-Hoc|iPhoneSimulator.ActiveCfg = Release|Any CPU
		{F7103111-05CE-4859-A81F-F7D88CAEE12E}.Ad-Hoc|Mixed Platforms.ActiveCfg = Release|Any CPU
		{F7103111-05CE-4859-A81F-F7D88CAEE12E}.Ad-Hoc|Mixed Platforms.Build.0 = Release|Any CPU
		{F7103111-05CE-4859-A81F-F7D88CAEE12E}.AppStore|Any CPU.ActiveCfg = Release|Any CPU
		{F7103111-05CE-4859-A81F-F7D88CAEE12E}.AppStore|Any CPU.Build.0 = Release|Any CPU
		{F7103111-05CE-4859-A81F-F7D88CAEE12E}.AppStore|iPhone.ActiveCfg = Release|Any CPU
		{F7103111-05CE-4859-A81F-F7D88CAEE12E}.AppStore|iPhoneSimulator.ActiveCfg = Release|Any CPU
		{F7103111-05CE-4859-A81F-F7D88CAEE12E}.AppStore|Mixed Platforms.ActiveCfg = Release|Any CPU
		{F7103111-05CE-4859-A81F-F7D88CAEE12E}.AppStore|Mixed Platforms.Build.0 = Release|Any CPU
		{F7103111-05CE-4859-A81F-F7D88CAEE12E}.Debug|Any CPU.ActiveCfg = Debug|Any CPU
		{F7103111-05CE-4859-A81F-F7D88CAEE12E}.Debug|Any CPU.Build.0 = Debug|Any CPU
		{F7103111-05CE-4859-A81F-F7D88CAEE12E}.Debug|iPhone.ActiveCfg = Debug|Any CPU
		{F7103111-05CE-4859-A81F-F7D88CAEE12E}.Debug|iPhoneSimulator.ActiveCfg = Debug|Any CPU
		{F7103111-05CE-4859-A81F-F7D88CAEE12E}.Debug|Mixed Platforms.ActiveCfg = Debug|Any CPU
		{F7103111-05CE-4859-A81F-F7D88CAEE12E}.Debug|Mixed Platforms.Build.0 = Debug|Any CPU
		{F7103111-05CE-4859-A81F-F7D88CAEE12E}.Release|Any CPU.ActiveCfg = Release|Any CPU
		{F7103111-05CE-4859-A81F-F7D88CAEE12E}.Release|Any CPU.Build.0 = Release|Any CPU
		{F7103111-05CE-4859-A81F-F7D88CAEE12E}.Release|iPhone.ActiveCfg = Release|Any CPU
		{F7103111-05CE-4859-A81F-F7D88CAEE12E}.Release|iPhoneSimulator.ActiveCfg = Release|Any CPU
		{F7103111-05CE-4859-A81F-F7D88CAEE12E}.Release|Mixed Platforms.ActiveCfg = Release|Any CPU
		{F7103111-05CE-4859-A81F-F7D88CAEE12E}.Release|Mixed Platforms.Build.0 = Release|Any CPU
		{5B340095-E661-4670-8673-23FCDB3ACB95}.Ad-Hoc|Any CPU.ActiveCfg = Release|Any CPU
		{5B340095-E661-4670-8673-23FCDB3ACB95}.Ad-Hoc|Any CPU.Build.0 = Release|Any CPU
		{5B340095-E661-4670-8673-23FCDB3ACB95}.Ad-Hoc|Any CPU.Deploy.0 = Release|Any CPU
		{5B340095-E661-4670-8673-23FCDB3ACB95}.Ad-Hoc|iPhone.ActiveCfg = Release|Any CPU
		{5B340095-E661-4670-8673-23FCDB3ACB95}.Ad-Hoc|iPhoneSimulator.ActiveCfg = Release|Any CPU
		{5B340095-E661-4670-8673-23FCDB3ACB95}.Ad-Hoc|Mixed Platforms.ActiveCfg = Release|Any CPU
		{5B340095-E661-4670-8673-23FCDB3ACB95}.Ad-Hoc|Mixed Platforms.Build.0 = Release|Any CPU
		{5B340095-E661-4670-8673-23FCDB3ACB95}.Ad-Hoc|Mixed Platforms.Deploy.0 = Release|Any CPU
		{5B340095-E661-4670-8673-23FCDB3ACB95}.AppStore|Any CPU.ActiveCfg = Release|Any CPU
		{5B340095-E661-4670-8673-23FCDB3ACB95}.AppStore|Any CPU.Build.0 = Release|Any CPU
		{5B340095-E661-4670-8673-23FCDB3ACB95}.AppStore|Any CPU.Deploy.0 = Release|Any CPU
		{5B340095-E661-4670-8673-23FCDB3ACB95}.AppStore|iPhone.ActiveCfg = Release|Any CPU
		{5B340095-E661-4670-8673-23FCDB3ACB95}.AppStore|iPhoneSimulator.ActiveCfg = Release|Any CPU
		{5B340095-E661-4670-8673-23FCDB3ACB95}.AppStore|Mixed Platforms.ActiveCfg = Release|Any CPU
		{5B340095-E661-4670-8673-23FCDB3ACB95}.AppStore|Mixed Platforms.Build.0 = Release|Any CPU
		{5B340095-E661-4670-8673-23FCDB3ACB95}.AppStore|Mixed Platforms.Deploy.0 = Release|Any CPU
		{5B340095-E661-4670-8673-23FCDB3ACB95}.Debug|Any CPU.ActiveCfg = Debug|Any CPU
		{5B340095-E661-4670-8673-23FCDB3ACB95}.Debug|Any CPU.Build.0 = Debug|Any CPU
		{5B340095-E661-4670-8673-23FCDB3ACB95}.Debug|Any CPU.Deploy.0 = Debug|Any CPU
		{5B340095-E661-4670-8673-23FCDB3ACB95}.Debug|iPhone.ActiveCfg = Debug|Any CPU
		{5B340095-E661-4670-8673-23FCDB3ACB95}.Debug|iPhoneSimulator.ActiveCfg = Debug|Any CPU
		{5B340095-E661-4670-8673-23FCDB3ACB95}.Debug|Mixed Platforms.ActiveCfg = Debug|Any CPU
		{5B340095-E661-4670-8673-23FCDB3ACB95}.Debug|Mixed Platforms.Build.0 = Debug|Any CPU
		{5B340095-E661-4670-8673-23FCDB3ACB95}.Debug|Mixed Platforms.Deploy.0 = Debug|Any CPU
		{5B340095-E661-4670-8673-23FCDB3ACB95}.Release|Any CPU.ActiveCfg = Release|Any CPU
		{5B340095-E661-4670-8673-23FCDB3ACB95}.Release|Any CPU.Build.0 = Release|Any CPU
		{5B340095-E661-4670-8673-23FCDB3ACB95}.Release|Any CPU.Deploy.0 = Release|Any CPU
		{5B340095-E661-4670-8673-23FCDB3ACB95}.Release|iPhone.ActiveCfg = Release|Any CPU
		{5B340095-E661-4670-8673-23FCDB3ACB95}.Release|iPhoneSimulator.ActiveCfg = Release|Any CPU
		{5B340095-E661-4670-8673-23FCDB3ACB95}.Release|Mixed Platforms.ActiveCfg = Release|Any CPU
		{5B340095-E661-4670-8673-23FCDB3ACB95}.Release|Mixed Platforms.Build.0 = Release|Any CPU
		{5B340095-E661-4670-8673-23FCDB3ACB95}.Release|Mixed Platforms.Deploy.0 = Release|Any CPU
		{34B5248B-80CB-40C9-9319-2BD73F830BEB}.Ad-Hoc|Any CPU.ActiveCfg = Release|Any CPU
		{34B5248B-80CB-40C9-9319-2BD73F830BEB}.Ad-Hoc|Any CPU.Build.0 = Release|Any CPU
		{34B5248B-80CB-40C9-9319-2BD73F830BEB}.Ad-Hoc|Any CPU.Deploy.0 = Release|Any CPU
		{34B5248B-80CB-40C9-9319-2BD73F830BEB}.Ad-Hoc|iPhone.ActiveCfg = Release|Any CPU
		{34B5248B-80CB-40C9-9319-2BD73F830BEB}.Ad-Hoc|iPhoneSimulator.ActiveCfg = Release|Any CPU
		{34B5248B-80CB-40C9-9319-2BD73F830BEB}.Ad-Hoc|Mixed Platforms.ActiveCfg = Release|Any CPU
		{34B5248B-80CB-40C9-9319-2BD73F830BEB}.Ad-Hoc|Mixed Platforms.Build.0 = Release|Any CPU
		{34B5248B-80CB-40C9-9319-2BD73F830BEB}.Ad-Hoc|Mixed Platforms.Deploy.0 = Release|Any CPU
		{34B5248B-80CB-40C9-9319-2BD73F830BEB}.AppStore|Any CPU.ActiveCfg = Release|Any CPU
		{34B5248B-80CB-40C9-9319-2BD73F830BEB}.AppStore|Any CPU.Build.0 = Release|Any CPU
		{34B5248B-80CB-40C9-9319-2BD73F830BEB}.AppStore|Any CPU.Deploy.0 = Release|Any CPU
		{34B5248B-80CB-40C9-9319-2BD73F830BEB}.AppStore|iPhone.ActiveCfg = Release|Any CPU
		{34B5248B-80CB-40C9-9319-2BD73F830BEB}.AppStore|iPhoneSimulator.ActiveCfg = Release|Any CPU
		{34B5248B-80CB-40C9-9319-2BD73F830BEB}.AppStore|Mixed Platforms.ActiveCfg = Release|Any CPU
		{34B5248B-80CB-40C9-9319-2BD73F830BEB}.AppStore|Mixed Platforms.Build.0 = Release|Any CPU
		{34B5248B-80CB-40C9-9319-2BD73F830BEB}.AppStore|Mixed Platforms.Deploy.0 = Release|Any CPU
		{34B5248B-80CB-40C9-9319-2BD73F830BEB}.Debug|Any CPU.ActiveCfg = Debug|Any CPU
		{34B5248B-80CB-40C9-9319-2BD73F830BEB}.Debug|Any CPU.Build.0 = Debug|Any CPU
		{34B5248B-80CB-40C9-9319-2BD73F830BEB}.Debug|Any CPU.Deploy.0 = Debug|Any CPU
		{34B5248B-80CB-40C9-9319-2BD73F830BEB}.Debug|iPhone.ActiveCfg = Debug|Any CPU
		{34B5248B-80CB-40C9-9319-2BD73F830BEB}.Debug|iPhoneSimulator.ActiveCfg = Debug|Any CPU
		{34B5248B-80CB-40C9-9319-2BD73F830BEB}.Debug|Mixed Platforms.ActiveCfg = Debug|Any CPU
		{34B5248B-80CB-40C9-9319-2BD73F830BEB}.Debug|Mixed Platforms.Build.0 = Debug|Any CPU
		{34B5248B-80CB-40C9-9319-2BD73F830BEB}.Debug|Mixed Platforms.Deploy.0 = Debug|Any CPU
		{34B5248B-80CB-40C9-9319-2BD73F830BEB}.Release|Any CPU.ActiveCfg = Release|Any CPU
		{34B5248B-80CB-40C9-9319-2BD73F830BEB}.Release|Any CPU.Build.0 = Release|Any CPU
		{34B5248B-80CB-40C9-9319-2BD73F830BEB}.Release|Any CPU.Deploy.0 = Release|Any CPU
		{34B5248B-80CB-40C9-9319-2BD73F830BEB}.Release|iPhone.ActiveCfg = Release|Any CPU
		{34B5248B-80CB-40C9-9319-2BD73F830BEB}.Release|iPhoneSimulator.ActiveCfg = Release|Any CPU
		{34B5248B-80CB-40C9-9319-2BD73F830BEB}.Release|Mixed Platforms.ActiveCfg = Release|Any CPU
		{34B5248B-80CB-40C9-9319-2BD73F830BEB}.Release|Mixed Platforms.Build.0 = Release|Any CPU
		{34B5248B-80CB-40C9-9319-2BD73F830BEB}.Release|Mixed Platforms.Deploy.0 = Release|Any CPU
		{27644071-97F7-4CAC-AA7F-13A56A1A4C03}.Ad-Hoc|Any CPU.ActiveCfg = Ad-Hoc|iPhone
		{27644071-97F7-4CAC-AA7F-13A56A1A4C03}.Ad-Hoc|iPhone.ActiveCfg = Ad-Hoc|iPhone
		{27644071-97F7-4CAC-AA7F-13A56A1A4C03}.Ad-Hoc|iPhone.Build.0 = Ad-Hoc|iPhone
		{27644071-97F7-4CAC-AA7F-13A56A1A4C03}.Ad-Hoc|iPhoneSimulator.ActiveCfg = Ad-Hoc|iPhoneSimulator
		{27644071-97F7-4CAC-AA7F-13A56A1A4C03}.Ad-Hoc|iPhoneSimulator.Build.0 = Ad-Hoc|iPhoneSimulator
		{27644071-97F7-4CAC-AA7F-13A56A1A4C03}.Ad-Hoc|Mixed Platforms.ActiveCfg = Ad-Hoc|iPhone
		{27644071-97F7-4CAC-AA7F-13A56A1A4C03}.Ad-Hoc|Mixed Platforms.Build.0 = Ad-Hoc|iPhone
		{27644071-97F7-4CAC-AA7F-13A56A1A4C03}.AppStore|Any CPU.ActiveCfg = AppStore|iPhone
		{27644071-97F7-4CAC-AA7F-13A56A1A4C03}.AppStore|iPhone.ActiveCfg = AppStore|iPhone
		{27644071-97F7-4CAC-AA7F-13A56A1A4C03}.AppStore|iPhone.Build.0 = AppStore|iPhone
		{27644071-97F7-4CAC-AA7F-13A56A1A4C03}.AppStore|iPhoneSimulator.ActiveCfg = AppStore|iPhoneSimulator
		{27644071-97F7-4CAC-AA7F-13A56A1A4C03}.AppStore|iPhoneSimulator.Build.0 = AppStore|iPhoneSimulator
		{27644071-97F7-4CAC-AA7F-13A56A1A4C03}.AppStore|Mixed Platforms.ActiveCfg = AppStore|iPhone
		{27644071-97F7-4CAC-AA7F-13A56A1A4C03}.AppStore|Mixed Platforms.Build.0 = AppStore|iPhone
		{27644071-97F7-4CAC-AA7F-13A56A1A4C03}.Debug|Any CPU.ActiveCfg = Debug|iPhone
		{27644071-97F7-4CAC-AA7F-13A56A1A4C03}.Debug|iPhone.ActiveCfg = Debug|iPhone
		{27644071-97F7-4CAC-AA7F-13A56A1A4C03}.Debug|iPhone.Build.0 = Debug|iPhone
		{27644071-97F7-4CAC-AA7F-13A56A1A4C03}.Debug|iPhoneSimulator.ActiveCfg = Debug|iPhoneSimulator
		{27644071-97F7-4CAC-AA7F-13A56A1A4C03}.Debug|iPhoneSimulator.Build.0 = Debug|iPhoneSimulator
		{27644071-97F7-4CAC-AA7F-13A56A1A4C03}.Debug|Mixed Platforms.ActiveCfg = Debug|iPhone
		{27644071-97F7-4CAC-AA7F-13A56A1A4C03}.Debug|Mixed Platforms.Build.0 = Debug|iPhone
		{27644071-97F7-4CAC-AA7F-13A56A1A4C03}.Release|Any CPU.ActiveCfg = Release|iPhone
		{27644071-97F7-4CAC-AA7F-13A56A1A4C03}.Release|iPhone.ActiveCfg = Release|iPhone
		{27644071-97F7-4CAC-AA7F-13A56A1A4C03}.Release|iPhone.Build.0 = Release|iPhone
		{27644071-97F7-4CAC-AA7F-13A56A1A4C03}.Release|iPhoneSimulator.ActiveCfg = Release|iPhoneSimulator
		{27644071-97F7-4CAC-AA7F-13A56A1A4C03}.Release|iPhoneSimulator.Build.0 = Release|iPhoneSimulator
		{27644071-97F7-4CAC-AA7F-13A56A1A4C03}.Release|Mixed Platforms.ActiveCfg = Release|iPhone
		{27644071-97F7-4CAC-AA7F-13A56A1A4C03}.Release|Mixed Platforms.Build.0 = Release|iPhone
	EndGlobalSection
	GlobalSection(SolutionProperties) = preSolution
		HideSolutionNode = FALSE
	EndGlobalSection
EndGlobal
