
Microsoft Visual Studio Solution File, Format Version 12.00
# Visual Studio 2012
Project("{FAE04EC0-301F-11D3-BF4B-00C04F79EFBC}") = "CustomControls.Core", "CustomControls.Core\CustomControls.Core.csproj", "{D6EEC8ED-CD9F-4B4F-8F5D-0D53A7D19AD7}"
EndProject
Project("{FAE04EC0-301F-11D3-BF4B-00C04F79EFBC}") = "CustomControls.Droid", "CustomControls.Droid\CustomControls.Droid.csproj", "{08D8C962-4582-4693-AA9A-3D52B1873CE1}"
EndProject
Project("{FAE04EC0-301F-11D3-BF4B-00C04F79EFBC}") = "CustomControls.Touch", "CustomControls.Touch\CustomControls.Touch.csproj", "{CAF4844F-8DB5-4E1E-A90D-ABC3530B9A4F}"
EndProject
Project("{FAE04EC0-301F-11D3-BF4B-00C04F79EFBC}") = "CustomControls.Phone", "CustomControls.Phone\CustomControls.Phone.csproj", "{06A1AC50-915F-4E25-8BA7-9756A9ECFF92}"
EndProject
Global
	GlobalSection(SolutionConfigurationPlatforms) = preSolution
		Ad-Hoc|Any CPU = Ad-Hoc|Any CPU
		Ad-Hoc|ARM = Ad-Hoc|ARM
		Ad-Hoc|iPhone = Ad-Hoc|iPhone
		Ad-Hoc|iPhoneSimulator = Ad-Hoc|iPhoneSimulator
		Ad-Hoc|Mixed Platforms = Ad-Hoc|Mixed Platforms
		Ad-Hoc|x86 = Ad-Hoc|x86
		AppStore|Any CPU = AppStore|Any CPU
		AppStore|ARM = AppStore|ARM
		AppStore|iPhone = AppStore|iPhone
		AppStore|iPhoneSimulator = AppStore|iPhoneSimulator
		AppStore|Mixed Platforms = AppStore|Mixed Platforms
		AppStore|x86 = AppStore|x86
		Debug|Any CPU = Debug|Any CPU
		Debug|ARM = Debug|ARM
		Debug|iPhone = Debug|iPhone
		Debug|iPhoneSimulator = Debug|iPhoneSimulator
		Debug|Mixed Platforms = Debug|Mixed Platforms
		Debug|x86 = Debug|x86
		Release|Any CPU = Release|Any CPU
		Release|ARM = Release|ARM
		Release|iPhone = Release|iPhone
		Release|iPhoneSimulator = Release|iPhoneSimulator
		Release|Mixed Platforms = Release|Mixed Platforms
		Release|x86 = Release|x86
	EndGlobalSection
	GlobalSection(ProjectConfigurationPlatforms) = postSolution
		{D6EEC8ED-CD9F-4B4F-8F5D-0D53A7D19AD7}.Ad-Hoc|Any CPU.ActiveCfg = Release|Any CPU
		{D6EEC8ED-CD9F-4B4F-8F5D-0D53A7D19AD7}.Ad-Hoc|Any CPU.Build.0 = Release|Any CPU
		{D6EEC8ED-CD9F-4B4F-8F5D-0D53A7D19AD7}.Ad-Hoc|ARM.ActiveCfg = Debug|Any CPU
		{D6EEC8ED-CD9F-4B4F-8F5D-0D53A7D19AD7}.Ad-Hoc|iPhone.ActiveCfg = Release|Any CPU
		{D6EEC8ED-CD9F-4B4F-8F5D-0D53A7D19AD7}.Ad-Hoc|iPhoneSimulator.ActiveCfg = Release|Any CPU
		{D6EEC8ED-CD9F-4B4F-8F5D-0D53A7D19AD7}.Ad-Hoc|Mixed Platforms.ActiveCfg = Release|Any CPU
		{D6EEC8ED-CD9F-4B4F-8F5D-0D53A7D19AD7}.Ad-Hoc|Mixed Platforms.Build.0 = Release|Any CPU
		{D6EEC8ED-CD9F-4B4F-8F5D-0D53A7D19AD7}.Ad-Hoc|x86.ActiveCfg = Debug|Any CPU
		{D6EEC8ED-CD9F-4B4F-8F5D-0D53A7D19AD7}.AppStore|Any CPU.ActiveCfg = Release|Any CPU
		{D6EEC8ED-CD9F-4B4F-8F5D-0D53A7D19AD7}.AppStore|Any CPU.Build.0 = Release|Any CPU
		{D6EEC8ED-CD9F-4B4F-8F5D-0D53A7D19AD7}.AppStore|ARM.ActiveCfg = Debug|Any CPU
		{D6EEC8ED-CD9F-4B4F-8F5D-0D53A7D19AD7}.AppStore|iPhone.ActiveCfg = Release|Any CPU
		{D6EEC8ED-CD9F-4B4F-8F5D-0D53A7D19AD7}.AppStore|iPhoneSimulator.ActiveCfg = Release|Any CPU
		{D6EEC8ED-CD9F-4B4F-8F5D-0D53A7D19AD7}.AppStore|Mixed Platforms.ActiveCfg = Release|Any CPU
		{D6EEC8ED-CD9F-4B4F-8F5D-0D53A7D19AD7}.AppStore|Mixed Platforms.Build.0 = Release|Any CPU
		{D6EEC8ED-CD9F-4B4F-8F5D-0D53A7D19AD7}.AppStore|x86.ActiveCfg = Debug|Any CPU
		{D6EEC8ED-CD9F-4B4F-8F5D-0D53A7D19AD7}.Debug|Any CPU.ActiveCfg = Debug|Any CPU
		{D6EEC8ED-CD9F-4B4F-8F5D-0D53A7D19AD7}.Debug|Any CPU.Build.0 = Debug|Any CPU
		{D6EEC8ED-CD9F-4B4F-8F5D-0D53A7D19AD7}.Debug|ARM.ActiveCfg = Debug|Any CPU
		{D6EEC8ED-CD9F-4B4F-8F5D-0D53A7D19AD7}.Debug|iPhone.ActiveCfg = Debug|Any CPU
		{D6EEC8ED-CD9F-4B4F-8F5D-0D53A7D19AD7}.Debug|iPhoneSimulator.ActiveCfg = Debug|Any CPU
		{D6EEC8ED-CD9F-4B4F-8F5D-0D53A7D19AD7}.Debug|Mixed Platforms.ActiveCfg = Debug|Any CPU
		{D6EEC8ED-CD9F-4B4F-8F5D-0D53A7D19AD7}.Debug|Mixed Platforms.Build.0 = Debug|Any CPU
		{D6EEC8ED-CD9F-4B4F-8F5D-0D53A7D19AD7}.Debug|x86.ActiveCfg = Debug|Any CPU
		{D6EEC8ED-CD9F-4B4F-8F5D-0D53A7D19AD7}.Release|Any CPU.ActiveCfg = Release|Any CPU
		{D6EEC8ED-CD9F-4B4F-8F5D-0D53A7D19AD7}.Release|Any CPU.Build.0 = Release|Any CPU
		{D6EEC8ED-CD9F-4B4F-8F5D-0D53A7D19AD7}.Release|ARM.ActiveCfg = Release|Any CPU
		{D6EEC8ED-CD9F-4B4F-8F5D-0D53A7D19AD7}.Release|iPhone.ActiveCfg = Release|Any CPU
		{D6EEC8ED-CD9F-4B4F-8F5D-0D53A7D19AD7}.Release|iPhoneSimulator.ActiveCfg = Release|Any CPU
		{D6EEC8ED-CD9F-4B4F-8F5D-0D53A7D19AD7}.Release|Mixed Platforms.ActiveCfg = Release|Any CPU
		{D6EEC8ED-CD9F-4B4F-8F5D-0D53A7D19AD7}.Release|Mixed Platforms.Build.0 = Release|Any CPU
		{D6EEC8ED-CD9F-4B4F-8F5D-0D53A7D19AD7}.Release|x86.ActiveCfg = Release|Any CPU
		{08D8C962-4582-4693-AA9A-3D52B1873CE1}.Ad-Hoc|Any CPU.ActiveCfg = Release|Any CPU
		{08D8C962-4582-4693-AA9A-3D52B1873CE1}.Ad-Hoc|Any CPU.Build.0 = Release|Any CPU
		{08D8C962-4582-4693-AA9A-3D52B1873CE1}.Ad-Hoc|Any CPU.Deploy.0 = Release|Any CPU
		{08D8C962-4582-4693-AA9A-3D52B1873CE1}.Ad-Hoc|ARM.ActiveCfg = Debug|Any CPU
		{08D8C962-4582-4693-AA9A-3D52B1873CE1}.Ad-Hoc|iPhone.ActiveCfg = Release|Any CPU
		{08D8C962-4582-4693-AA9A-3D52B1873CE1}.Ad-Hoc|iPhoneSimulator.ActiveCfg = Release|Any CPU
		{08D8C962-4582-4693-AA9A-3D52B1873CE1}.Ad-Hoc|Mixed Platforms.ActiveCfg = Release|Any CPU
		{08D8C962-4582-4693-AA9A-3D52B1873CE1}.Ad-Hoc|Mixed Platforms.Build.0 = Release|Any CPU
		{08D8C962-4582-4693-AA9A-3D52B1873CE1}.Ad-Hoc|Mixed Platforms.Deploy.0 = Release|Any CPU
		{08D8C962-4582-4693-AA9A-3D52B1873CE1}.Ad-Hoc|x86.ActiveCfg = Debug|Any CPU
		{08D8C962-4582-4693-AA9A-3D52B1873CE1}.AppStore|Any CPU.ActiveCfg = Release|Any CPU
		{08D8C962-4582-4693-AA9A-3D52B1873CE1}.AppStore|Any CPU.Build.0 = Release|Any CPU
		{08D8C962-4582-4693-AA9A-3D52B1873CE1}.AppStore|Any CPU.Deploy.0 = Release|Any CPU
		{08D8C962-4582-4693-AA9A-3D52B1873CE1}.AppStore|ARM.ActiveCfg = Debug|Any CPU
		{08D8C962-4582-4693-AA9A-3D52B1873CE1}.AppStore|iPhone.ActiveCfg = Release|Any CPU
		{08D8C962-4582-4693-AA9A-3D52B1873CE1}.AppStore|iPhoneSimulator.ActiveCfg = Release|Any CPU
		{08D8C962-4582-4693-AA9A-3D52B1873CE1}.AppStore|Mixed Platforms.ActiveCfg = Release|Any CPU
		{08D8C962-4582-4693-AA9A-3D52B1873CE1}.AppStore|Mixed Platforms.Build.0 = Release|Any CPU
		{08D8C962-4582-4693-AA9A-3D52B1873CE1}.AppStore|Mixed Platforms.Deploy.0 = Release|Any CPU
		{08D8C962-4582-4693-AA9A-3D52B1873CE1}.AppStore|x86.ActiveCfg = Debug|Any CPU
		{08D8C962-4582-4693-AA9A-3D52B1873CE1}.Debug|Any CPU.ActiveCfg = Debug|Any CPU
		{08D8C962-4582-4693-AA9A-3D52B1873CE1}.Debug|Any CPU.Build.0 = Debug|Any CPU
		{08D8C962-4582-4693-AA9A-3D52B1873CE1}.Debug|Any CPU.Deploy.0 = Debug|Any CPU
		{08D8C962-4582-4693-AA9A-3D52B1873CE1}.Debug|ARM.ActiveCfg = Debug|Any CPU
		{08D8C962-4582-4693-AA9A-3D52B1873CE1}.Debug|iPhone.ActiveCfg = Debug|Any CPU
		{08D8C962-4582-4693-AA9A-3D52B1873CE1}.Debug|iPhoneSimulator.ActiveCfg = Debug|Any CPU
		{08D8C962-4582-4693-AA9A-3D52B1873CE1}.Debug|Mixed Platforms.ActiveCfg = Debug|Any CPU
		{08D8C962-4582-4693-AA9A-3D52B1873CE1}.Debug|Mixed Platforms.Build.0 = Debug|Any CPU
		{08D8C962-4582-4693-AA9A-3D52B1873CE1}.Debug|Mixed Platforms.Deploy.0 = Debug|Any CPU
		{08D8C962-4582-4693-AA9A-3D52B1873CE1}.Debug|x86.ActiveCfg = Debug|Any CPU
		{08D8C962-4582-4693-AA9A-3D52B1873CE1}.Release|Any CPU.ActiveCfg = Release|Any CPU
		{08D8C962-4582-4693-AA9A-3D52B1873CE1}.Release|Any CPU.Build.0 = Release|Any CPU
		{08D8C962-4582-4693-AA9A-3D52B1873CE1}.Release|Any CPU.Deploy.0 = Release|Any CPU
		{08D8C962-4582-4693-AA9A-3D52B1873CE1}.Release|ARM.ActiveCfg = Release|Any CPU
		{08D8C962-4582-4693-AA9A-3D52B1873CE1}.Release|iPhone.ActiveCfg = Release|Any CPU
		{08D8C962-4582-4693-AA9A-3D52B1873CE1}.Release|iPhoneSimulator.ActiveCfg = Release|Any CPU
		{08D8C962-4582-4693-AA9A-3D52B1873CE1}.Release|Mixed Platforms.ActiveCfg = Release|Any CPU
		{08D8C962-4582-4693-AA9A-3D52B1873CE1}.Release|Mixed Platforms.Build.0 = Release|Any CPU
		{08D8C962-4582-4693-AA9A-3D52B1873CE1}.Release|Mixed Platforms.Deploy.0 = Release|Any CPU
		{08D8C962-4582-4693-AA9A-3D52B1873CE1}.Release|x86.ActiveCfg = Release|Any CPU
		{CAF4844F-8DB5-4E1E-A90D-ABC3530B9A4F}.Ad-Hoc|Any CPU.ActiveCfg = Ad-Hoc|iPhone
		{CAF4844F-8DB5-4E1E-A90D-ABC3530B9A4F}.Ad-Hoc|ARM.ActiveCfg = Ad-Hoc|iPhoneSimulator
		{CAF4844F-8DB5-4E1E-A90D-ABC3530B9A4F}.Ad-Hoc|iPhone.ActiveCfg = Ad-Hoc|iPhone
		{CAF4844F-8DB5-4E1E-A90D-ABC3530B9A4F}.Ad-Hoc|iPhone.Build.0 = Ad-Hoc|iPhone
		{CAF4844F-8DB5-4E1E-A90D-ABC3530B9A4F}.Ad-Hoc|iPhoneSimulator.ActiveCfg = Ad-Hoc|iPhoneSimulator
		{CAF4844F-8DB5-4E1E-A90D-ABC3530B9A4F}.Ad-Hoc|iPhoneSimulator.Build.0 = Ad-Hoc|iPhoneSimulator
		{CAF4844F-8DB5-4E1E-A90D-ABC3530B9A4F}.Ad-Hoc|Mixed Platforms.ActiveCfg = Ad-Hoc|iPhone
		{CAF4844F-8DB5-4E1E-A90D-ABC3530B9A4F}.Ad-Hoc|Mixed Platforms.Build.0 = Ad-Hoc|iPhone
		{CAF4844F-8DB5-4E1E-A90D-ABC3530B9A4F}.Ad-Hoc|x86.ActiveCfg = Ad-Hoc|iPhoneSimulator
		{CAF4844F-8DB5-4E1E-A90D-ABC3530B9A4F}.AppStore|Any CPU.ActiveCfg = AppStore|iPhone
		{CAF4844F-8DB5-4E1E-A90D-ABC3530B9A4F}.AppStore|ARM.ActiveCfg = AppStore|iPhoneSimulator
		{CAF4844F-8DB5-4E1E-A90D-ABC3530B9A4F}.AppStore|iPhone.ActiveCfg = AppStore|iPhone
		{CAF4844F-8DB5-4E1E-A90D-ABC3530B9A4F}.AppStore|iPhone.Build.0 = AppStore|iPhone
		{CAF4844F-8DB5-4E1E-A90D-ABC3530B9A4F}.AppStore|iPhoneSimulator.ActiveCfg = AppStore|iPhoneSimulator
		{CAF4844F-8DB5-4E1E-A90D-ABC3530B9A4F}.AppStore|iPhoneSimulator.Build.0 = AppStore|iPhoneSimulator
		{CAF4844F-8DB5-4E1E-A90D-ABC3530B9A4F}.AppStore|Mixed Platforms.ActiveCfg = AppStore|iPhone
		{CAF4844F-8DB5-4E1E-A90D-ABC3530B9A4F}.AppStore|Mixed Platforms.Build.0 = AppStore|iPhone
		{CAF4844F-8DB5-4E1E-A90D-ABC3530B9A4F}.AppStore|x86.ActiveCfg = AppStore|iPhoneSimulator
		{CAF4844F-8DB5-4E1E-A90D-ABC3530B9A4F}.Debug|Any CPU.ActiveCfg = Debug|iPhone
		{CAF4844F-8DB5-4E1E-A90D-ABC3530B9A4F}.Debug|ARM.ActiveCfg = Debug|iPhoneSimulator
		{CAF4844F-8DB5-4E1E-A90D-ABC3530B9A4F}.Debug|iPhone.ActiveCfg = Debug|iPhone
		{CAF4844F-8DB5-4E1E-A90D-ABC3530B9A4F}.Debug|iPhone.Build.0 = Debug|iPhone
		{CAF4844F-8DB5-4E1E-A90D-ABC3530B9A4F}.Debug|iPhoneSimulator.ActiveCfg = Debug|iPhoneSimulator
		{CAF4844F-8DB5-4E1E-A90D-ABC3530B9A4F}.Debug|iPhoneSimulator.Build.0 = Debug|iPhoneSimulator
		{CAF4844F-8DB5-4E1E-A90D-ABC3530B9A4F}.Debug|Mixed Platforms.ActiveCfg = Debug|iPhone
		{CAF4844F-8DB5-4E1E-A90D-ABC3530B9A4F}.Debug|Mixed Platforms.Build.0 = Debug|iPhone
		{CAF4844F-8DB5-4E1E-A90D-ABC3530B9A4F}.Debug|x86.ActiveCfg = Debug|iPhoneSimulator
		{CAF4844F-8DB5-4E1E-A90D-ABC3530B9A4F}.Release|Any CPU.ActiveCfg = Release|iPhone
		{CAF4844F-8DB5-4E1E-A90D-ABC3530B9A4F}.Release|ARM.ActiveCfg = Release|iPhoneSimulator
		{CAF4844F-8DB5-4E1E-A90D-ABC3530B9A4F}.Release|iPhone.ActiveCfg = Release|iPhone
		{CAF4844F-8DB5-4E1E-A90D-ABC3530B9A4F}.Release|iPhone.Build.0 = Release|iPhone
		{CAF4844F-8DB5-4E1E-A90D-ABC3530B9A4F}.Release|iPhoneSimulator.ActiveCfg = Release|iPhoneSimulator
		{CAF4844F-8DB5-4E1E-A90D-ABC3530B9A4F}.Release|iPhoneSimulator.Build.0 = Release|iPhoneSimulator
		{CAF4844F-8DB5-4E1E-A90D-ABC3530B9A4F}.Release|Mixed Platforms.ActiveCfg = Release|iPhone
		{CAF4844F-8DB5-4E1E-A90D-ABC3530B9A4F}.Release|Mixed Platforms.Build.0 = Release|iPhone
		{CAF4844F-8DB5-4E1E-A90D-ABC3530B9A4F}.Release|x86.ActiveCfg = Release|iPhoneSimulator
		{06A1AC50-915F-4E25-8BA7-9756A9ECFF92}.Ad-Hoc|Any CPU.ActiveCfg = Release|Any CPU
		{06A1AC50-915F-4E25-8BA7-9756A9ECFF92}.Ad-Hoc|Any CPU.Build.0 = Release|Any CPU
		{06A1AC50-915F-4E25-8BA7-9756A9ECFF92}.Ad-Hoc|Any CPU.Deploy.0 = Release|Any CPU
		{06A1AC50-915F-4E25-8BA7-9756A9ECFF92}.Ad-Hoc|ARM.ActiveCfg = Release|ARM
		{06A1AC50-915F-4E25-8BA7-9756A9ECFF92}.Ad-Hoc|ARM.Build.0 = Release|ARM
		{06A1AC50-915F-4E25-8BA7-9756A9ECFF92}.Ad-Hoc|ARM.Deploy.0 = Release|ARM
		{06A1AC50-915F-4E25-8BA7-9756A9ECFF92}.Ad-Hoc|iPhone.ActiveCfg = Release|Any CPU
		{06A1AC50-915F-4E25-8BA7-9756A9ECFF92}.Ad-Hoc|iPhoneSimulator.ActiveCfg = Release|Any CPU
		{06A1AC50-915F-4E25-8BA7-9756A9ECFF92}.Ad-Hoc|Mixed Platforms.ActiveCfg = Release|Any CPU
		{06A1AC50-915F-4E25-8BA7-9756A9ECFF92}.Ad-Hoc|Mixed Platforms.Build.0 = Release|Any CPU
		{06A1AC50-915F-4E25-8BA7-9756A9ECFF92}.Ad-Hoc|Mixed Platforms.Deploy.0 = Release|Any CPU
		{06A1AC50-915F-4E25-8BA7-9756A9ECFF92}.Ad-Hoc|x86.ActiveCfg = Release|x86
		{06A1AC50-915F-4E25-8BA7-9756A9ECFF92}.Ad-Hoc|x86.Build.0 = Release|x86
		{06A1AC50-915F-4E25-8BA7-9756A9ECFF92}.Ad-Hoc|x86.Deploy.0 = Release|x86
		{06A1AC50-915F-4E25-8BA7-9756A9ECFF92}.AppStore|Any CPU.ActiveCfg = Release|Any CPU
		{06A1AC50-915F-4E25-8BA7-9756A9ECFF92}.AppStore|Any CPU.Build.0 = Release|Any CPU
		{06A1AC50-915F-4E25-8BA7-9756A9ECFF92}.AppStore|Any CPU.Deploy.0 = Release|Any CPU
		{06A1AC50-915F-4E25-8BA7-9756A9ECFF92}.AppStore|ARM.ActiveCfg = Release|ARM
		{06A1AC50-915F-4E25-8BA7-9756A9ECFF92}.AppStore|ARM.Build.0 = Release|ARM
		{06A1AC50-915F-4E25-8BA7-9756A9ECFF92}.AppStore|ARM.Deploy.0 = Release|ARM
		{06A1AC50-915F-4E25-8BA7-9756A9ECFF92}.AppStore|iPhone.ActiveCfg = Release|Any CPU
		{06A1AC50-915F-4E25-8BA7-9756A9ECFF92}.AppStore|iPhoneSimulator.ActiveCfg = Release|Any CPU
		{06A1AC50-915F-4E25-8BA7-9756A9ECFF92}.AppStore|Mixed Platforms.ActiveCfg = Release|Any CPU
		{06A1AC50-915F-4E25-8BA7-9756A9ECFF92}.AppStore|Mixed Platforms.Build.0 = Release|Any CPU
		{06A1AC50-915F-4E25-8BA7-9756A9ECFF92}.AppStore|Mixed Platforms.Deploy.0 = Release|Any CPU
		{06A1AC50-915F-4E25-8BA7-9756A9ECFF92}.AppStore|x86.ActiveCfg = Release|x86
		{06A1AC50-915F-4E25-8BA7-9756A9ECFF92}.AppStore|x86.Build.0 = Release|x86
		{06A1AC50-915F-4E25-8BA7-9756A9ECFF92}.AppStore|x86.Deploy.0 = Release|x86
		{06A1AC50-915F-4E25-8BA7-9756A9ECFF92}.Debug|Any CPU.ActiveCfg = Debug|Any CPU
		{06A1AC50-915F-4E25-8BA7-9756A9ECFF92}.Debug|Any CPU.Build.0 = Debug|Any CPU
		{06A1AC50-915F-4E25-8BA7-9756A9ECFF92}.Debug|Any CPU.Deploy.0 = Debug|Any CPU
		{06A1AC50-915F-4E25-8BA7-9756A9ECFF92}.Debug|ARM.ActiveCfg = Debug|ARM
		{06A1AC50-915F-4E25-8BA7-9756A9ECFF92}.Debug|ARM.Build.0 = Debug|ARM
		{06A1AC50-915F-4E25-8BA7-9756A9ECFF92}.Debug|ARM.Deploy.0 = Debug|ARM
		{06A1AC50-915F-4E25-8BA7-9756A9ECFF92}.Debug|iPhone.ActiveCfg = Debug|Any CPU
		{06A1AC50-915F-4E25-8BA7-9756A9ECFF92}.Debug|iPhoneSimulator.ActiveCfg = Debug|Any CPU
		{06A1AC50-915F-4E25-8BA7-9756A9ECFF92}.Debug|Mixed Platforms.ActiveCfg = Debug|Any CPU
		{06A1AC50-915F-4E25-8BA7-9756A9ECFF92}.Debug|Mixed Platforms.Build.0 = Debug|Any CPU
		{06A1AC50-915F-4E25-8BA7-9756A9ECFF92}.Debug|Mixed Platforms.Deploy.0 = Debug|Any CPU
		{06A1AC50-915F-4E25-8BA7-9756A9ECFF92}.Debug|x86.ActiveCfg = Debug|x86
		{06A1AC50-915F-4E25-8BA7-9756A9ECFF92}.Debug|x86.Build.0 = Debug|x86
		{06A1AC50-915F-4E25-8BA7-9756A9ECFF92}.Debug|x86.Deploy.0 = Debug|x86
		{06A1AC50-915F-4E25-8BA7-9756A9ECFF92}.Release|Any CPU.ActiveCfg = Release|Any CPU
		{06A1AC50-915F-4E25-8BA7-9756A9ECFF92}.Release|Any CPU.Build.0 = Release|Any CPU
		{06A1AC50-915F-4E25-8BA7-9756A9ECFF92}.Release|Any CPU.Deploy.0 = Release|Any CPU
		{06A1AC50-915F-4E25-8BA7-9756A9ECFF92}.Release|ARM.ActiveCfg = Release|ARM
		{06A1AC50-915F-4E25-8BA7-9756A9ECFF92}.Release|ARM.Build.0 = Release|ARM
		{06A1AC50-915F-4E25-8BA7-9756A9ECFF92}.Release|ARM.Deploy.0 = Release|ARM
		{06A1AC50-915F-4E25-8BA7-9756A9ECFF92}.Release|iPhone.ActiveCfg = Release|Any CPU
		{06A1AC50-915F-4E25-8BA7-9756A9ECFF92}.Release|iPhoneSimulator.ActiveCfg = Release|Any CPU
		{06A1AC50-915F-4E25-8BA7-9756A9ECFF92}.Release|Mixed Platforms.ActiveCfg = Release|Any CPU
		{06A1AC50-915F-4E25-8BA7-9756A9ECFF92}.Release|Mixed Platforms.Build.0 = Release|Any CPU
		{06A1AC50-915F-4E25-8BA7-9756A9ECFF92}.Release|Mixed Platforms.Deploy.0 = Release|Any CPU
		{06A1AC50-915F-4E25-8BA7-9756A9ECFF92}.Release|x86.ActiveCfg = Release|x86
		{06A1AC50-915F-4E25-8BA7-9756A9ECFF92}.Release|x86.Build.0 = Release|x86
		{06A1AC50-915F-4E25-8BA7-9756A9ECFF92}.Release|x86.Deploy.0 = Release|x86
	EndGlobalSection
	GlobalSection(SolutionProperties) = preSolution
		HideSolutionNode = FALSE
	EndGlobalSection
EndGlobal
