
Microsoft Visual Studio Solution File, Format Version 12.00
# Visual Studio 2012
Project("{FAE04EC0-301F-11D3-BF4B-00C04F79EFBC}") = "MultiPage.Core", "MultiPage.Core\MultiPage.Core.csproj", "{723CD86A-8B89-454E-947B-841C70429433}"
EndProject
Project("{FAE04EC0-301F-11D3-BF4B-00C04F79EFBC}") = "MultiPage.Phone", "MultiPage.Phone\MultiPage.Phone.csproj", "{0360F7B3-9788-4721-973C-BAA5007A4965}"
EndProject
Project("{FAE04EC0-301F-11D3-BF4B-00C04F79EFBC}") = "MultiPage.Droid", "MultiPage.Droid\MultiPage.Droid.csproj", "{A7C437CE-AAB6-4AD6-BA23-ADC5F2007C08}"
EndProject
Project("{FAE04EC0-301F-11D3-BF4B-00C04F79EFBC}") = "MultiPage.Touch", "MultiPage.Touch\MultiPage.Touch.csproj", "{8934B3D0-9A7B-41AE-87D8-D0F399B230C5}"
EndProject
Project("{FAE04EC0-301F-11D3-BF4B-00C04F79EFBC}") = "MultiPage.Store", "MultiPage.Store\MultiPage.Store.csproj", "{C462DA96-2F84-4AC2-8C44-616068677277}"
EndProject
Global
	GlobalSection(SolutionConfigurationPlatforms) = preSolution
		Ad-Hoc|Any CPU = Ad-Hoc|Any CPU
		Ad-Hoc|ARM = Ad-Hoc|ARM
		Ad-Hoc|iPhone = Ad-Hoc|iPhone
		Ad-Hoc|iPhoneSimulator = Ad-Hoc|iPhoneSimulator
		Ad-Hoc|Mixed Platforms = Ad-Hoc|Mixed Platforms
		Ad-Hoc|x64 = Ad-Hoc|x64
		Ad-Hoc|x86 = Ad-Hoc|x86
		AppStore|Any CPU = AppStore|Any CPU
		AppStore|ARM = AppStore|ARM
		AppStore|iPhone = AppStore|iPhone
		AppStore|iPhoneSimulator = AppStore|iPhoneSimulator
		AppStore|Mixed Platforms = AppStore|Mixed Platforms
		AppStore|x64 = AppStore|x64
		AppStore|x86 = AppStore|x86
		Debug|Any CPU = Debug|Any CPU
		Debug|ARM = Debug|ARM
		Debug|iPhone = Debug|iPhone
		Debug|iPhoneSimulator = Debug|iPhoneSimulator
		Debug|Mixed Platforms = Debug|Mixed Platforms
		Debug|x64 = Debug|x64
		Debug|x86 = Debug|x86
		Release|Any CPU = Release|Any CPU
		Release|ARM = Release|ARM
		Release|iPhone = Release|iPhone
		Release|iPhoneSimulator = Release|iPhoneSimulator
		Release|Mixed Platforms = Release|Mixed Platforms
		Release|x64 = Release|x64
		Release|x86 = Release|x86
	EndGlobalSection
	GlobalSection(ProjectConfigurationPlatforms) = postSolution
		{723CD86A-8B89-454E-947B-841C70429433}.Ad-Hoc|Any CPU.ActiveCfg = Release|Any CPU
		{723CD86A-8B89-454E-947B-841C70429433}.Ad-Hoc|Any CPU.Build.0 = Release|Any CPU
		{723CD86A-8B89-454E-947B-841C70429433}.Ad-Hoc|ARM.ActiveCfg = Release|Any CPU
		{723CD86A-8B89-454E-947B-841C70429433}.Ad-Hoc|iPhone.ActiveCfg = Release|Any CPU
		{723CD86A-8B89-454E-947B-841C70429433}.Ad-Hoc|iPhoneSimulator.ActiveCfg = Release|Any CPU
		{723CD86A-8B89-454E-947B-841C70429433}.Ad-Hoc|Mixed Platforms.ActiveCfg = Release|Any CPU
		{723CD86A-8B89-454E-947B-841C70429433}.Ad-Hoc|Mixed Platforms.Build.0 = Release|Any CPU
		{723CD86A-8B89-454E-947B-841C70429433}.Ad-Hoc|x64.ActiveCfg = Release|Any CPU
		{723CD86A-8B89-454E-947B-841C70429433}.Ad-Hoc|x86.ActiveCfg = Release|Any CPU
		{723CD86A-8B89-454E-947B-841C70429433}.AppStore|Any CPU.ActiveCfg = Release|Any CPU
		{723CD86A-8B89-454E-947B-841C70429433}.AppStore|Any CPU.Build.0 = Release|Any CPU
		{723CD86A-8B89-454E-947B-841C70429433}.AppStore|ARM.ActiveCfg = Release|Any CPU
		{723CD86A-8B89-454E-947B-841C70429433}.AppStore|iPhone.ActiveCfg = Release|Any CPU
		{723CD86A-8B89-454E-947B-841C70429433}.AppStore|iPhoneSimulator.ActiveCfg = Release|Any CPU
		{723CD86A-8B89-454E-947B-841C70429433}.AppStore|Mixed Platforms.ActiveCfg = Release|Any CPU
		{723CD86A-8B89-454E-947B-841C70429433}.AppStore|Mixed Platforms.Build.0 = Release|Any CPU
		{723CD86A-8B89-454E-947B-841C70429433}.AppStore|x64.ActiveCfg = Release|Any CPU
		{723CD86A-8B89-454E-947B-841C70429433}.AppStore|x86.ActiveCfg = Release|Any CPU
		{723CD86A-8B89-454E-947B-841C70429433}.Debug|Any CPU.ActiveCfg = Debug|Any CPU
		{723CD86A-8B89-454E-947B-841C70429433}.Debug|Any CPU.Build.0 = Debug|Any CPU
		{723CD86A-8B89-454E-947B-841C70429433}.Debug|ARM.ActiveCfg = Debug|Any CPU
		{723CD86A-8B89-454E-947B-841C70429433}.Debug|iPhone.ActiveCfg = Debug|Any CPU
		{723CD86A-8B89-454E-947B-841C70429433}.Debug|iPhoneSimulator.ActiveCfg = Debug|Any CPU
		{723CD86A-8B89-454E-947B-841C70429433}.Debug|Mixed Platforms.ActiveCfg = Debug|Any CPU
		{723CD86A-8B89-454E-947B-841C70429433}.Debug|Mixed Platforms.Build.0 = Debug|Any CPU
		{723CD86A-8B89-454E-947B-841C70429433}.Debug|x64.ActiveCfg = Debug|Any CPU
		{723CD86A-8B89-454E-947B-841C70429433}.Debug|x86.ActiveCfg = Debug|Any CPU
		{723CD86A-8B89-454E-947B-841C70429433}.Release|Any CPU.ActiveCfg = Release|Any CPU
		{723CD86A-8B89-454E-947B-841C70429433}.Release|Any CPU.Build.0 = Release|Any CPU
		{723CD86A-8B89-454E-947B-841C70429433}.Release|ARM.ActiveCfg = Release|Any CPU
		{723CD86A-8B89-454E-947B-841C70429433}.Release|iPhone.ActiveCfg = Release|Any CPU
		{723CD86A-8B89-454E-947B-841C70429433}.Release|iPhoneSimulator.ActiveCfg = Release|Any CPU
		{723CD86A-8B89-454E-947B-841C70429433}.Release|Mixed Platforms.ActiveCfg = Release|Any CPU
		{723CD86A-8B89-454E-947B-841C70429433}.Release|Mixed Platforms.Build.0 = Release|Any CPU
		{723CD86A-8B89-454E-947B-841C70429433}.Release|x64.ActiveCfg = Release|Any CPU
		{723CD86A-8B89-454E-947B-841C70429433}.Release|x86.ActiveCfg = Release|Any CPU
		{0360F7B3-9788-4721-973C-BAA5007A4965}.Ad-Hoc|Any CPU.ActiveCfg = Release|Any CPU
		{0360F7B3-9788-4721-973C-BAA5007A4965}.Ad-Hoc|Any CPU.Build.0 = Release|Any CPU
		{0360F7B3-9788-4721-973C-BAA5007A4965}.Ad-Hoc|Any CPU.Deploy.0 = Release|Any CPU
		{0360F7B3-9788-4721-973C-BAA5007A4965}.Ad-Hoc|ARM.ActiveCfg = Release|Any CPU
		{0360F7B3-9788-4721-973C-BAA5007A4965}.Ad-Hoc|iPhone.ActiveCfg = Release|Any CPU
		{0360F7B3-9788-4721-973C-BAA5007A4965}.Ad-Hoc|iPhoneSimulator.ActiveCfg = Release|Any CPU
		{0360F7B3-9788-4721-973C-BAA5007A4965}.Ad-Hoc|Mixed Platforms.ActiveCfg = Release|Any CPU
		{0360F7B3-9788-4721-973C-BAA5007A4965}.Ad-Hoc|Mixed Platforms.Build.0 = Release|Any CPU
		{0360F7B3-9788-4721-973C-BAA5007A4965}.Ad-Hoc|Mixed Platforms.Deploy.0 = Release|Any CPU
		{0360F7B3-9788-4721-973C-BAA5007A4965}.Ad-Hoc|x64.ActiveCfg = Release|Any CPU
		{0360F7B3-9788-4721-973C-BAA5007A4965}.Ad-Hoc|x86.ActiveCfg = Release|Any CPU
		{0360F7B3-9788-4721-973C-BAA5007A4965}.AppStore|Any CPU.ActiveCfg = Release|Any CPU
		{0360F7B3-9788-4721-973C-BAA5007A4965}.AppStore|Any CPU.Build.0 = Release|Any CPU
		{0360F7B3-9788-4721-973C-BAA5007A4965}.AppStore|Any CPU.Deploy.0 = Release|Any CPU
		{0360F7B3-9788-4721-973C-BAA5007A4965}.AppStore|ARM.ActiveCfg = Release|Any CPU
		{0360F7B3-9788-4721-973C-BAA5007A4965}.AppStore|iPhone.ActiveCfg = Release|Any CPU
		{0360F7B3-9788-4721-973C-BAA5007A4965}.AppStore|iPhoneSimulator.ActiveCfg = Release|Any CPU
		{0360F7B3-9788-4721-973C-BAA5007A4965}.AppStore|Mixed Platforms.ActiveCfg = Release|Any CPU
		{0360F7B3-9788-4721-973C-BAA5007A4965}.AppStore|Mixed Platforms.Build.0 = Release|Any CPU
		{0360F7B3-9788-4721-973C-BAA5007A4965}.AppStore|Mixed Platforms.Deploy.0 = Release|Any CPU
		{0360F7B3-9788-4721-973C-BAA5007A4965}.AppStore|x64.ActiveCfg = Release|Any CPU
		{0360F7B3-9788-4721-973C-BAA5007A4965}.AppStore|x86.ActiveCfg = Release|Any CPU
		{0360F7B3-9788-4721-973C-BAA5007A4965}.Debug|Any CPU.ActiveCfg = Debug|Any CPU
		{0360F7B3-9788-4721-973C-BAA5007A4965}.Debug|Any CPU.Build.0 = Debug|Any CPU
		{0360F7B3-9788-4721-973C-BAA5007A4965}.Debug|Any CPU.Deploy.0 = Debug|Any CPU
		{0360F7B3-9788-4721-973C-BAA5007A4965}.Debug|ARM.ActiveCfg = Debug|Any CPU
		{0360F7B3-9788-4721-973C-BAA5007A4965}.Debug|iPhone.ActiveCfg = Debug|Any CPU
		{0360F7B3-9788-4721-973C-BAA5007A4965}.Debug|iPhoneSimulator.ActiveCfg = Debug|Any CPU
		{0360F7B3-9788-4721-973C-BAA5007A4965}.Debug|Mixed Platforms.ActiveCfg = Debug|Any CPU
		{0360F7B3-9788-4721-973C-BAA5007A4965}.Debug|Mixed Platforms.Build.0 = Debug|Any CPU
		{0360F7B3-9788-4721-973C-BAA5007A4965}.Debug|Mixed Platforms.Deploy.0 = Debug|Any CPU
		{0360F7B3-9788-4721-973C-BAA5007A4965}.Debug|x64.ActiveCfg = Debug|Any CPU
		{0360F7B3-9788-4721-973C-BAA5007A4965}.Debug|x86.ActiveCfg = Debug|Any CPU
		{0360F7B3-9788-4721-973C-BAA5007A4965}.Release|Any CPU.ActiveCfg = Release|Any CPU
		{0360F7B3-9788-4721-973C-BAA5007A4965}.Release|Any CPU.Build.0 = Release|Any CPU
		{0360F7B3-9788-4721-973C-BAA5007A4965}.Release|Any CPU.Deploy.0 = Release|Any CPU
		{0360F7B3-9788-4721-973C-BAA5007A4965}.Release|ARM.ActiveCfg = Release|Any CPU
		{0360F7B3-9788-4721-973C-BAA5007A4965}.Release|iPhone.ActiveCfg = Release|Any CPU
		{0360F7B3-9788-4721-973C-BAA5007A4965}.Release|iPhoneSimulator.ActiveCfg = Release|Any CPU
		{0360F7B3-9788-4721-973C-BAA5007A4965}.Release|Mixed Platforms.ActiveCfg = Release|Any CPU
		{0360F7B3-9788-4721-973C-BAA5007A4965}.Release|Mixed Platforms.Build.0 = Release|Any CPU
		{0360F7B3-9788-4721-973C-BAA5007A4965}.Release|Mixed Platforms.Deploy.0 = Release|Any CPU
		{0360F7B3-9788-4721-973C-BAA5007A4965}.Release|x64.ActiveCfg = Release|Any CPU
		{0360F7B3-9788-4721-973C-BAA5007A4965}.Release|x86.ActiveCfg = Release|Any CPU
		{A7C437CE-AAB6-4AD6-BA23-ADC5F2007C08}.Ad-Hoc|Any CPU.ActiveCfg = Release|Any CPU
		{A7C437CE-AAB6-4AD6-BA23-ADC5F2007C08}.Ad-Hoc|Any CPU.Build.0 = Release|Any CPU
		{A7C437CE-AAB6-4AD6-BA23-ADC5F2007C08}.Ad-Hoc|Any CPU.Deploy.0 = Release|Any CPU
		{A7C437CE-AAB6-4AD6-BA23-ADC5F2007C08}.Ad-Hoc|ARM.ActiveCfg = Release|Any CPU
		{A7C437CE-AAB6-4AD6-BA23-ADC5F2007C08}.Ad-Hoc|iPhone.ActiveCfg = Release|Any CPU
		{A7C437CE-AAB6-4AD6-BA23-ADC5F2007C08}.Ad-Hoc|iPhoneSimulator.ActiveCfg = Release|Any CPU
		{A7C437CE-AAB6-4AD6-BA23-ADC5F2007C08}.Ad-Hoc|Mixed Platforms.ActiveCfg = Release|Any CPU
		{A7C437CE-AAB6-4AD6-BA23-ADC5F2007C08}.Ad-Hoc|Mixed Platforms.Build.0 = Release|Any CPU
		{A7C437CE-AAB6-4AD6-BA23-ADC5F2007C08}.Ad-Hoc|Mixed Platforms.Deploy.0 = Release|Any CPU
		{A7C437CE-AAB6-4AD6-BA23-ADC5F2007C08}.Ad-Hoc|x64.ActiveCfg = Release|Any CPU
		{A7C437CE-AAB6-4AD6-BA23-ADC5F2007C08}.Ad-Hoc|x86.ActiveCfg = Release|Any CPU
		{A7C437CE-AAB6-4AD6-BA23-ADC5F2007C08}.AppStore|Any CPU.ActiveCfg = Release|Any CPU
		{A7C437CE-AAB6-4AD6-BA23-ADC5F2007C08}.AppStore|Any CPU.Build.0 = Release|Any CPU
		{A7C437CE-AAB6-4AD6-BA23-ADC5F2007C08}.AppStore|Any CPU.Deploy.0 = Release|Any CPU
		{A7C437CE-AAB6-4AD6-BA23-ADC5F2007C08}.AppStore|ARM.ActiveCfg = Release|Any CPU
		{A7C437CE-AAB6-4AD6-BA23-ADC5F2007C08}.AppStore|iPhone.ActiveCfg = Release|Any CPU
		{A7C437CE-AAB6-4AD6-BA23-ADC5F2007C08}.AppStore|iPhoneSimulator.ActiveCfg = Release|Any CPU
		{A7C437CE-AAB6-4AD6-BA23-ADC5F2007C08}.AppStore|Mixed Platforms.ActiveCfg = Release|Any CPU
		{A7C437CE-AAB6-4AD6-BA23-ADC5F2007C08}.AppStore|Mixed Platforms.Build.0 = Release|Any CPU
		{A7C437CE-AAB6-4AD6-BA23-ADC5F2007C08}.AppStore|Mixed Platforms.Deploy.0 = Release|Any CPU
		{A7C437CE-AAB6-4AD6-BA23-ADC5F2007C08}.AppStore|x64.ActiveCfg = Release|Any CPU
		{A7C437CE-AAB6-4AD6-BA23-ADC5F2007C08}.AppStore|x86.ActiveCfg = Release|Any CPU
		{A7C437CE-AAB6-4AD6-BA23-ADC5F2007C08}.Debug|Any CPU.ActiveCfg = Debug|Any CPU
		{A7C437CE-AAB6-4AD6-BA23-ADC5F2007C08}.Debug|Any CPU.Build.0 = Debug|Any CPU
		{A7C437CE-AAB6-4AD6-BA23-ADC5F2007C08}.Debug|Any CPU.Deploy.0 = Debug|Any CPU
		{A7C437CE-AAB6-4AD6-BA23-ADC5F2007C08}.Debug|ARM.ActiveCfg = Debug|Any CPU
		{A7C437CE-AAB6-4AD6-BA23-ADC5F2007C08}.Debug|iPhone.ActiveCfg = Debug|Any CPU
		{A7C437CE-AAB6-4AD6-BA23-ADC5F2007C08}.Debug|iPhoneSimulator.ActiveCfg = Debug|Any CPU
		{A7C437CE-AAB6-4AD6-BA23-ADC5F2007C08}.Debug|Mixed Platforms.ActiveCfg = Debug|Any CPU
		{A7C437CE-AAB6-4AD6-BA23-ADC5F2007C08}.Debug|Mixed Platforms.Build.0 = Debug|Any CPU
		{A7C437CE-AAB6-4AD6-BA23-ADC5F2007C08}.Debug|Mixed Platforms.Deploy.0 = Debug|Any CPU
		{A7C437CE-AAB6-4AD6-BA23-ADC5F2007C08}.Debug|x64.ActiveCfg = Debug|Any CPU
		{A7C437CE-AAB6-4AD6-BA23-ADC5F2007C08}.Debug|x86.ActiveCfg = Debug|Any CPU
		{A7C437CE-AAB6-4AD6-BA23-ADC5F2007C08}.Release|Any CPU.ActiveCfg = Release|Any CPU
		{A7C437CE-AAB6-4AD6-BA23-ADC5F2007C08}.Release|Any CPU.Build.0 = Release|Any CPU
		{A7C437CE-AAB6-4AD6-BA23-ADC5F2007C08}.Release|Any CPU.Deploy.0 = Release|Any CPU
		{A7C437CE-AAB6-4AD6-BA23-ADC5F2007C08}.Release|ARM.ActiveCfg = Release|Any CPU
		{A7C437CE-AAB6-4AD6-BA23-ADC5F2007C08}.Release|iPhone.ActiveCfg = Release|Any CPU
		{A7C437CE-AAB6-4AD6-BA23-ADC5F2007C08}.Release|iPhoneSimulator.ActiveCfg = Release|Any CPU
		{A7C437CE-AAB6-4AD6-BA23-ADC5F2007C08}.Release|Mixed Platforms.ActiveCfg = Release|Any CPU
		{A7C437CE-AAB6-4AD6-BA23-ADC5F2007C08}.Release|Mixed Platforms.Build.0 = Release|Any CPU
		{A7C437CE-AAB6-4AD6-BA23-ADC5F2007C08}.Release|Mixed Platforms.Deploy.0 = Release|Any CPU
		{A7C437CE-AAB6-4AD6-BA23-ADC5F2007C08}.Release|x64.ActiveCfg = Release|Any CPU
		{A7C437CE-AAB6-4AD6-BA23-ADC5F2007C08}.Release|x86.ActiveCfg = Release|Any CPU
		{8934B3D0-9A7B-41AE-87D8-D0F399B230C5}.Ad-Hoc|Any CPU.ActiveCfg = Ad-Hoc|iPhone
		{8934B3D0-9A7B-41AE-87D8-D0F399B230C5}.Ad-Hoc|ARM.ActiveCfg = Ad-Hoc|iPhone
		{8934B3D0-9A7B-41AE-87D8-D0F399B230C5}.Ad-Hoc|iPhone.ActiveCfg = Ad-Hoc|iPhone
		{8934B3D0-9A7B-41AE-87D8-D0F399B230C5}.Ad-Hoc|iPhone.Build.0 = Ad-Hoc|iPhone
		{8934B3D0-9A7B-41AE-87D8-D0F399B230C5}.Ad-Hoc|iPhoneSimulator.ActiveCfg = Ad-Hoc|iPhoneSimulator
		{8934B3D0-9A7B-41AE-87D8-D0F399B230C5}.Ad-Hoc|iPhoneSimulator.Build.0 = Ad-Hoc|iPhoneSimulator
		{8934B3D0-9A7B-41AE-87D8-D0F399B230C5}.Ad-Hoc|Mixed Platforms.ActiveCfg = Ad-Hoc|iPhone
		{8934B3D0-9A7B-41AE-87D8-D0F399B230C5}.Ad-Hoc|Mixed Platforms.Build.0 = Ad-Hoc|iPhone
		{8934B3D0-9A7B-41AE-87D8-D0F399B230C5}.Ad-Hoc|x64.ActiveCfg = Ad-Hoc|iPhone
		{8934B3D0-9A7B-41AE-87D8-D0F399B230C5}.Ad-Hoc|x86.ActiveCfg = Ad-Hoc|iPhone
		{8934B3D0-9A7B-41AE-87D8-D0F399B230C5}.AppStore|Any CPU.ActiveCfg = AppStore|iPhone
		{8934B3D0-9A7B-41AE-87D8-D0F399B230C5}.AppStore|ARM.ActiveCfg = AppStore|iPhone
		{8934B3D0-9A7B-41AE-87D8-D0F399B230C5}.AppStore|iPhone.ActiveCfg = AppStore|iPhone
		{8934B3D0-9A7B-41AE-87D8-D0F399B230C5}.AppStore|iPhone.Build.0 = AppStore|iPhone
		{8934B3D0-9A7B-41AE-87D8-D0F399B230C5}.AppStore|iPhoneSimulator.ActiveCfg = AppStore|iPhoneSimulator
		{8934B3D0-9A7B-41AE-87D8-D0F399B230C5}.AppStore|iPhoneSimulator.Build.0 = AppStore|iPhoneSimulator
		{8934B3D0-9A7B-41AE-87D8-D0F399B230C5}.AppStore|Mixed Platforms.ActiveCfg = AppStore|iPhone
		{8934B3D0-9A7B-41AE-87D8-D0F399B230C5}.AppStore|Mixed Platforms.Build.0 = AppStore|iPhone
		{8934B3D0-9A7B-41AE-87D8-D0F399B230C5}.AppStore|x64.ActiveCfg = AppStore|iPhone
		{8934B3D0-9A7B-41AE-87D8-D0F399B230C5}.AppStore|x86.ActiveCfg = AppStore|iPhone
		{8934B3D0-9A7B-41AE-87D8-D0F399B230C5}.Debug|Any CPU.ActiveCfg = Debug|iPhone
		{8934B3D0-9A7B-41AE-87D8-D0F399B230C5}.Debug|ARM.ActiveCfg = Debug|iPhone
		{8934B3D0-9A7B-41AE-87D8-D0F399B230C5}.Debug|iPhone.ActiveCfg = Debug|iPhone
		{8934B3D0-9A7B-41AE-87D8-D0F399B230C5}.Debug|iPhone.Build.0 = Debug|iPhone
		{8934B3D0-9A7B-41AE-87D8-D0F399B230C5}.Debug|iPhoneSimulator.ActiveCfg = Debug|iPhoneSimulator
		{8934B3D0-9A7B-41AE-87D8-D0F399B230C5}.Debug|iPhoneSimulator.Build.0 = Debug|iPhoneSimulator
		{8934B3D0-9A7B-41AE-87D8-D0F399B230C5}.Debug|Mixed Platforms.ActiveCfg = Debug|iPhone
		{8934B3D0-9A7B-41AE-87D8-D0F399B230C5}.Debug|Mixed Platforms.Build.0 = Debug|iPhone
		{8934B3D0-9A7B-41AE-87D8-D0F399B230C5}.Debug|x64.ActiveCfg = Debug|iPhone
		{8934B3D0-9A7B-41AE-87D8-D0F399B230C5}.Debug|x86.ActiveCfg = Debug|iPhone
		{8934B3D0-9A7B-41AE-87D8-D0F399B230C5}.Release|Any CPU.ActiveCfg = Release|iPhone
		{8934B3D0-9A7B-41AE-87D8-D0F399B230C5}.Release|ARM.ActiveCfg = Release|iPhone
		{8934B3D0-9A7B-41AE-87D8-D0F399B230C5}.Release|iPhone.ActiveCfg = Release|iPhone
		{8934B3D0-9A7B-41AE-87D8-D0F399B230C5}.Release|iPhone.Build.0 = Release|iPhone
		{8934B3D0-9A7B-41AE-87D8-D0F399B230C5}.Release|iPhoneSimulator.ActiveCfg = Release|iPhoneSimulator
		{8934B3D0-9A7B-41AE-87D8-D0F399B230C5}.Release|iPhoneSimulator.Build.0 = Release|iPhoneSimulator
		{8934B3D0-9A7B-41AE-87D8-D0F399B230C5}.Release|Mixed Platforms.ActiveCfg = Release|iPhone
		{8934B3D0-9A7B-41AE-87D8-D0F399B230C5}.Release|Mixed Platforms.Build.0 = Release|iPhone
		{8934B3D0-9A7B-41AE-87D8-D0F399B230C5}.Release|x64.ActiveCfg = Release|iPhone
		{8934B3D0-9A7B-41AE-87D8-D0F399B230C5}.Release|x86.ActiveCfg = Release|iPhone
		{C462DA96-2F84-4AC2-8C44-616068677277}.Ad-Hoc|Any CPU.ActiveCfg = Release|Any CPU
		{C462DA96-2F84-4AC2-8C44-616068677277}.Ad-Hoc|Any CPU.Build.0 = Release|Any CPU
		{C462DA96-2F84-4AC2-8C44-616068677277}.Ad-Hoc|Any CPU.Deploy.0 = Release|Any CPU
		{C462DA96-2F84-4AC2-8C44-616068677277}.Ad-Hoc|ARM.ActiveCfg = Release|ARM
		{C462DA96-2F84-4AC2-8C44-616068677277}.Ad-Hoc|ARM.Build.0 = Release|ARM
		{C462DA96-2F84-4AC2-8C44-616068677277}.Ad-Hoc|ARM.Deploy.0 = Release|ARM
		{C462DA96-2F84-4AC2-8C44-616068677277}.Ad-Hoc|iPhone.ActiveCfg = Release|Any CPU
		{C462DA96-2F84-4AC2-8C44-616068677277}.Ad-Hoc|iPhoneSimulator.ActiveCfg = Release|Any CPU
		{C462DA96-2F84-4AC2-8C44-616068677277}.Ad-Hoc|Mixed Platforms.ActiveCfg = Release|x86
		{C462DA96-2F84-4AC2-8C44-616068677277}.Ad-Hoc|Mixed Platforms.Build.0 = Release|x86
		{C462DA96-2F84-4AC2-8C44-616068677277}.Ad-Hoc|Mixed Platforms.Deploy.0 = Release|x86
		{C462DA96-2F84-4AC2-8C44-616068677277}.Ad-Hoc|x64.ActiveCfg = Release|x64
		{C462DA96-2F84-4AC2-8C44-616068677277}.Ad-Hoc|x64.Build.0 = Release|x64
		{C462DA96-2F84-4AC2-8C44-616068677277}.Ad-Hoc|x64.Deploy.0 = Release|x64
		{C462DA96-2F84-4AC2-8C44-616068677277}.Ad-Hoc|x86.ActiveCfg = Release|x86
		{C462DA96-2F84-4AC2-8C44-616068677277}.Ad-Hoc|x86.Build.0 = Release|x86
		{C462DA96-2F84-4AC2-8C44-616068677277}.Ad-Hoc|x86.Deploy.0 = Release|x86
		{C462DA96-2F84-4AC2-8C44-616068677277}.AppStore|Any CPU.ActiveCfg = Release|Any CPU
		{C462DA96-2F84-4AC2-8C44-616068677277}.AppStore|Any CPU.Build.0 = Release|Any CPU
		{C462DA96-2F84-4AC2-8C44-616068677277}.AppStore|Any CPU.Deploy.0 = Release|Any CPU
		{C462DA96-2F84-4AC2-8C44-616068677277}.AppStore|ARM.ActiveCfg = Release|ARM
		{C462DA96-2F84-4AC2-8C44-616068677277}.AppStore|ARM.Build.0 = Release|ARM
		{C462DA96-2F84-4AC2-8C44-616068677277}.AppStore|ARM.Deploy.0 = Release|ARM
		{C462DA96-2F84-4AC2-8C44-616068677277}.AppStore|iPhone.ActiveCfg = Release|Any CPU
		{C462DA96-2F84-4AC2-8C44-616068677277}.AppStore|iPhoneSimulator.ActiveCfg = Release|Any CPU
		{C462DA96-2F84-4AC2-8C44-616068677277}.AppStore|Mixed Platforms.ActiveCfg = Release|x86
		{C462DA96-2F84-4AC2-8C44-616068677277}.AppStore|Mixed Platforms.Build.0 = Release|x86
		{C462DA96-2F84-4AC2-8C44-616068677277}.AppStore|Mixed Platforms.Deploy.0 = Release|x86
		{C462DA96-2F84-4AC2-8C44-616068677277}.AppStore|x64.ActiveCfg = Release|x64
		{C462DA96-2F84-4AC2-8C44-616068677277}.AppStore|x64.Build.0 = Release|x64
		{C462DA96-2F84-4AC2-8C44-616068677277}.AppStore|x64.Deploy.0 = Release|x64
		{C462DA96-2F84-4AC2-8C44-616068677277}.AppStore|x86.ActiveCfg = Release|x86
		{C462DA96-2F84-4AC2-8C44-616068677277}.AppStore|x86.Build.0 = Release|x86
		{C462DA96-2F84-4AC2-8C44-616068677277}.AppStore|x86.Deploy.0 = Release|x86
		{C462DA96-2F84-4AC2-8C44-616068677277}.Debug|Any CPU.ActiveCfg = Debug|Any CPU
		{C462DA96-2F84-4AC2-8C44-616068677277}.Debug|Any CPU.Build.0 = Debug|Any CPU
		{C462DA96-2F84-4AC2-8C44-616068677277}.Debug|Any CPU.Deploy.0 = Debug|Any CPU
		{C462DA96-2F84-4AC2-8C44-616068677277}.Debug|ARM.ActiveCfg = Debug|ARM
		{C462DA96-2F84-4AC2-8C44-616068677277}.Debug|ARM.Build.0 = Debug|ARM
		{C462DA96-2F84-4AC2-8C44-616068677277}.Debug|ARM.Deploy.0 = Debug|ARM
		{C462DA96-2F84-4AC2-8C44-616068677277}.Debug|iPhone.ActiveCfg = Debug|Any CPU
		{C462DA96-2F84-4AC2-8C44-616068677277}.Debug|iPhoneSimulator.ActiveCfg = Debug|Any CPU
		{C462DA96-2F84-4AC2-8C44-616068677277}.Debug|Mixed Platforms.ActiveCfg = Debug|x86
		{C462DA96-2F84-4AC2-8C44-616068677277}.Debug|Mixed Platforms.Build.0 = Debug|x86
		{C462DA96-2F84-4AC2-8C44-616068677277}.Debug|Mixed Platforms.Deploy.0 = Debug|x86
		{C462DA96-2F84-4AC2-8C44-616068677277}.Debug|x64.ActiveCfg = Debug|x64
		{C462DA96-2F84-4AC2-8C44-616068677277}.Debug|x64.Build.0 = Debug|x64
		{C462DA96-2F84-4AC2-8C44-616068677277}.Debug|x64.Deploy.0 = Debug|x64
		{C462DA96-2F84-4AC2-8C44-616068677277}.Debug|x86.ActiveCfg = Debug|x86
		{C462DA96-2F84-4AC2-8C44-616068677277}.Debug|x86.Build.0 = Debug|x86
		{C462DA96-2F84-4AC2-8C44-616068677277}.Debug|x86.Deploy.0 = Debug|x86
		{C462DA96-2F84-4AC2-8C44-616068677277}.Release|Any CPU.ActiveCfg = Release|Any CPU
		{C462DA96-2F84-4AC2-8C44-616068677277}.Release|Any CPU.Build.0 = Release|Any CPU
		{C462DA96-2F84-4AC2-8C44-616068677277}.Release|Any CPU.Deploy.0 = Release|Any CPU
		{C462DA96-2F84-4AC2-8C44-616068677277}.Release|ARM.ActiveCfg = Release|ARM
		{C462DA96-2F84-4AC2-8C44-616068677277}.Release|ARM.Build.0 = Release|ARM
		{C462DA96-2F84-4AC2-8C44-616068677277}.Release|ARM.Deploy.0 = Release|ARM
		{C462DA96-2F84-4AC2-8C44-616068677277}.Release|iPhone.ActiveCfg = Release|Any CPU
		{C462DA96-2F84-4AC2-8C44-616068677277}.Release|iPhoneSimulator.ActiveCfg = Release|Any CPU
		{C462DA96-2F84-4AC2-8C44-616068677277}.Release|Mixed Platforms.ActiveCfg = Release|x86
		{C462DA96-2F84-4AC2-8C44-616068677277}.Release|Mixed Platforms.Build.0 = Release|x86
		{C462DA96-2F84-4AC2-8C44-616068677277}.Release|Mixed Platforms.Deploy.0 = Release|x86
		{C462DA96-2F84-4AC2-8C44-616068677277}.Release|x64.ActiveCfg = Release|x64
		{C462DA96-2F84-4AC2-8C44-616068677277}.Release|x64.Build.0 = Release|x64
		{C462DA96-2F84-4AC2-8C44-616068677277}.Release|x64.Deploy.0 = Release|x64
		{C462DA96-2F84-4AC2-8C44-616068677277}.Release|x86.ActiveCfg = Release|x86
		{C462DA96-2F84-4AC2-8C44-616068677277}.Release|x86.Build.0 = Release|x86
		{C462DA96-2F84-4AC2-8C44-616068677277}.Release|x86.Deploy.0 = Release|x86
	EndGlobalSection
	GlobalSection(SolutionProperties) = preSolution
		HideSolutionNode = FALSE
	EndGlobalSection
EndGlobal
