
Microsoft Visual Studio Solution File, Format Version 12.00
# Visual Studio 2012
Project("{FAE04EC0-301F-11D3-BF4B-00C04F79EFBC}") = "Awesome.Core", "Awesome.Core.csproj", "{747706F4-ECBF-4D50-8D72-B0DDCC18395C}"
EndProject
Project("{FAE04EC0-301F-11D3-BF4B-00C04F79EFBC}") = "Awesome.Core.Tests", "..\Awesome.Core.Tests\Awesome.Core.Tests.csproj", "{79E792BB-351D-4CC8-B43E-CF8BF02F6F36}"
EndProject
Project("{FAE04EC0-301F-11D3-BF4B-00C04F79EFBC}") = "Awesome.Droid", "..\Awesome.Droid\Awesome.Droid.csproj", "{4AF4487D-0C3E-4384-BA68-62CB1680C648}"
EndProject
Project("{FAE04EC0-301F-11D3-BF4B-00C04F79EFBC}") = "Awesome.iOS", "..\Awesome.iOS\Awesome.iOS.csproj", "{B061316A-F386-4FE2-93B7-555584234FF8}"
EndProject
Project("{FAE04EC0-301F-11D3-BF4B-00C04F79EFBC}") = "Awesome.WindowsPhone", "..\Awesome.WindowsPhone\Awesome.WindowsPhone.csproj", "{20C82258-D3E4-429A-AEE9-51DD6317BC90}"
EndProject
Project("{FAE04EC0-301F-11D3-BF4B-00C04F79EFBC}") = "Awesome.WindowsStore", "..\Awesome.WindowsStore\Awesome.WindowsStore.csproj", "{082250FB-CE17-4377-8254-41920BB87298}"
EndProject
Project("{FAE04EC0-301F-11D3-BF4B-00C04F79EFBC}") = "Awesome.Wpf", "..\Awesome.Wpf\Awesome.Wpf.csproj", "{A6BBD974-B1B1-4113-A6C3-C89848107059}"
EndProject
Project("{2150E333-8FDC-42A3-9474-1A3956D46DE8}") = "Solution Items", "Solution Items", "{CADE9102-E68D-483E-9D84-71CEC54C777C}"
	ProjectSection(SolutionItems) = preProject
		NinjaReadMe.txt = NinjaReadMe.txt
	EndProjectSection
EndProject
Global
	GlobalSection(SolutionConfigurationPlatforms) = preSolution
		Ad-Hoc|Any CPU = Ad-Hoc|Any CPU
		Ad-Hoc|ARM = Ad-Hoc|ARM
		Ad-Hoc|iPhone = Ad-Hoc|iPhone
		Ad-Hoc|iPhoneSimulator = Ad-Hoc|iPhoneSimulator
		Ad-Hoc|Mixed Platforms = Ad-Hoc|Mixed Platforms
		Ad-Hoc|x64 = Ad-Hoc|x64
		Ad-Hoc|x86 = Ad-Hoc|x86
		AppStore|Any CPU = AppStore|Any CPU
		AppStore|ARM = AppStore|ARM
		AppStore|iPhone = AppStore|iPhone
		AppStore|iPhoneSimulator = AppStore|iPhoneSimulator
		AppStore|Mixed Platforms = AppStore|Mixed Platforms
		AppStore|x64 = AppStore|x64
		AppStore|x86 = AppStore|x86
		Debug|Any CPU = Debug|Any CPU
		Debug|ARM = Debug|ARM
		Debug|iPhone = Debug|iPhone
		Debug|iPhoneSimulator = Debug|iPhoneSimulator
		Debug|Mixed Platforms = Debug|Mixed Platforms
		Debug|x64 = Debug|x64
		Debug|x86 = Debug|x86
		Release|Any CPU = Release|Any CPU
		Release|ARM = Release|ARM
		Release|iPhone = Release|iPhone
		Release|iPhoneSimulator = Release|iPhoneSimulator
		Release|Mixed Platforms = Release|Mixed Platforms
		Release|x64 = Release|x64
		Release|x86 = Release|x86
	EndGlobalSection
	GlobalSection(ProjectConfigurationPlatforms) = postSolution
		{747706F4-ECBF-4D50-8D72-B0DDCC18395C}.Ad-Hoc|Any CPU.ActiveCfg = Release|Any CPU
		{747706F4-ECBF-4D50-8D72-B0DDCC18395C}.Ad-Hoc|Any CPU.Build.0 = Release|Any CPU
		{747706F4-ECBF-4D50-8D72-B0DDCC18395C}.Ad-Hoc|ARM.ActiveCfg = Release|Any CPU
		{747706F4-ECBF-4D50-8D72-B0DDCC18395C}.Ad-Hoc|iPhone.ActiveCfg = Release|Any CPU
		{747706F4-ECBF-4D50-8D72-B0DDCC18395C}.Ad-Hoc|iPhoneSimulator.ActiveCfg = Release|Any CPU
		{747706F4-ECBF-4D50-8D72-B0DDCC18395C}.Ad-Hoc|Mixed Platforms.ActiveCfg = Release|Any CPU
		{747706F4-ECBF-4D50-8D72-B0DDCC18395C}.Ad-Hoc|Mixed Platforms.Build.0 = Release|Any CPU
		{747706F4-ECBF-4D50-8D72-B0DDCC18395C}.Ad-Hoc|x64.ActiveCfg = Release|Any CPU
		{747706F4-ECBF-4D50-8D72-B0DDCC18395C}.Ad-Hoc|x86.ActiveCfg = Release|Any CPU
		{747706F4-ECBF-4D50-8D72-B0DDCC18395C}.AppStore|Any CPU.ActiveCfg = Release|Any CPU
		{747706F4-ECBF-4D50-8D72-B0DDCC18395C}.AppStore|Any CPU.Build.0 = Release|Any CPU
		{747706F4-ECBF-4D50-8D72-B0DDCC18395C}.AppStore|ARM.ActiveCfg = Release|Any CPU
		{747706F4-ECBF-4D50-8D72-B0DDCC18395C}.AppStore|iPhone.ActiveCfg = Release|Any CPU
		{747706F4-ECBF-4D50-8D72-B0DDCC18395C}.AppStore|iPhoneSimulator.ActiveCfg = Release|Any CPU
		{747706F4-ECBF-4D50-8D72-B0DDCC18395C}.AppStore|Mixed Platforms.ActiveCfg = Release|Any CPU
		{747706F4-ECBF-4D50-8D72-B0DDCC18395C}.AppStore|Mixed Platforms.Build.0 = Release|Any CPU
		{747706F4-ECBF-4D50-8D72-B0DDCC18395C}.AppStore|x64.ActiveCfg = Release|Any CPU
		{747706F4-ECBF-4D50-8D72-B0DDCC18395C}.AppStore|x86.ActiveCfg = Release|Any CPU
		{747706F4-ECBF-4D50-8D72-B0DDCC18395C}.Debug|Any CPU.ActiveCfg = Debug|Any CPU
		{747706F4-ECBF-4D50-8D72-B0DDCC18395C}.Debug|Any CPU.Build.0 = Debug|Any CPU
		{747706F4-ECBF-4D50-8D72-B0DDCC18395C}.Debug|ARM.ActiveCfg = Debug|Any CPU
		{747706F4-ECBF-4D50-8D72-B0DDCC18395C}.Debug|iPhone.ActiveCfg = Debug|Any CPU
		{747706F4-ECBF-4D50-8D72-B0DDCC18395C}.Debug|iPhoneSimulator.ActiveCfg = Debug|Any CPU
		{747706F4-ECBF-4D50-8D72-B0DDCC18395C}.Debug|Mixed Platforms.ActiveCfg = Debug|Any CPU
		{747706F4-ECBF-4D50-8D72-B0DDCC18395C}.Debug|Mixed Platforms.Build.0 = Debug|Any CPU
		{747706F4-ECBF-4D50-8D72-B0DDCC18395C}.Debug|x64.ActiveCfg = Debug|Any CPU
		{747706F4-ECBF-4D50-8D72-B0DDCC18395C}.Debug|x86.ActiveCfg = Debug|Any CPU
		{747706F4-ECBF-4D50-8D72-B0DDCC18395C}.Release|Any CPU.ActiveCfg = Release|Any CPU
		{747706F4-ECBF-4D50-8D72-B0DDCC18395C}.Release|Any CPU.Build.0 = Release|Any CPU
		{747706F4-ECBF-4D50-8D72-B0DDCC18395C}.Release|ARM.ActiveCfg = Release|Any CPU
		{747706F4-ECBF-4D50-8D72-B0DDCC18395C}.Release|iPhone.ActiveCfg = Release|Any CPU
		{747706F4-ECBF-4D50-8D72-B0DDCC18395C}.Release|iPhoneSimulator.ActiveCfg = Release|Any CPU
		{747706F4-ECBF-4D50-8D72-B0DDCC18395C}.Release|Mixed Platforms.ActiveCfg = Release|Any CPU
		{747706F4-ECBF-4D50-8D72-B0DDCC18395C}.Release|Mixed Platforms.Build.0 = Release|Any CPU
		{747706F4-ECBF-4D50-8D72-B0DDCC18395C}.Release|x64.ActiveCfg = Release|Any CPU
		{747706F4-ECBF-4D50-8D72-B0DDCC18395C}.Release|x86.ActiveCfg = Release|Any CPU
		{79E792BB-351D-4CC8-B43E-CF8BF02F6F36}.Ad-Hoc|Any CPU.ActiveCfg = Release|Any CPU
		{79E792BB-351D-4CC8-B43E-CF8BF02F6F36}.Ad-Hoc|Any CPU.Build.0 = Release|Any CPU
		{79E792BB-351D-4CC8-B43E-CF8BF02F6F36}.Ad-Hoc|ARM.ActiveCfg = Release|Any CPU
		{79E792BB-351D-4CC8-B43E-CF8BF02F6F36}.Ad-Hoc|iPhone.ActiveCfg = Release|Any CPU
		{79E792BB-351D-4CC8-B43E-CF8BF02F6F36}.Ad-Hoc|iPhoneSimulator.ActiveCfg = Release|Any CPU
		{79E792BB-351D-4CC8-B43E-CF8BF02F6F36}.Ad-Hoc|Mixed Platforms.ActiveCfg = Release|Any CPU
		{79E792BB-351D-4CC8-B43E-CF8BF02F6F36}.Ad-Hoc|Mixed Platforms.Build.0 = Release|Any CPU
		{79E792BB-351D-4CC8-B43E-CF8BF02F6F36}.Ad-Hoc|x64.ActiveCfg = Release|Any CPU
		{79E792BB-351D-4CC8-B43E-CF8BF02F6F36}.Ad-Hoc|x86.ActiveCfg = Release|Any CPU
		{79E792BB-351D-4CC8-B43E-CF8BF02F6F36}.AppStore|Any CPU.ActiveCfg = Release|Any CPU
		{79E792BB-351D-4CC8-B43E-CF8BF02F6F36}.AppStore|Any CPU.Build.0 = Release|Any CPU
		{79E792BB-351D-4CC8-B43E-CF8BF02F6F36}.AppStore|ARM.ActiveCfg = Release|Any CPU
		{79E792BB-351D-4CC8-B43E-CF8BF02F6F36}.AppStore|iPhone.ActiveCfg = Release|Any CPU
		{79E792BB-351D-4CC8-B43E-CF8BF02F6F36}.AppStore|iPhoneSimulator.ActiveCfg = Release|Any CPU
		{79E792BB-351D-4CC8-B43E-CF8BF02F6F36}.AppStore|Mixed Platforms.ActiveCfg = Release|Any CPU
		{79E792BB-351D-4CC8-B43E-CF8BF02F6F36}.AppStore|Mixed Platforms.Build.0 = Release|Any CPU
		{79E792BB-351D-4CC8-B43E-CF8BF02F6F36}.AppStore|x64.ActiveCfg = Release|Any CPU
		{79E792BB-351D-4CC8-B43E-CF8BF02F6F36}.AppStore|x86.ActiveCfg = Release|Any CPU
		{79E792BB-351D-4CC8-B43E-CF8BF02F6F36}.Debug|Any CPU.ActiveCfg = Debug|Any CPU
		{79E792BB-351D-4CC8-B43E-CF8BF02F6F36}.Debug|Any CPU.Build.0 = Debug|Any CPU
		{79E792BB-351D-4CC8-B43E-CF8BF02F6F36}.Debug|ARM.ActiveCfg = Debug|Any CPU
		{79E792BB-351D-4CC8-B43E-CF8BF02F6F36}.Debug|iPhone.ActiveCfg = Debug|Any CPU
		{79E792BB-351D-4CC8-B43E-CF8BF02F6F36}.Debug|iPhoneSimulator.ActiveCfg = Debug|Any CPU
		{79E792BB-351D-4CC8-B43E-CF8BF02F6F36}.Debug|Mixed Platforms.ActiveCfg = Debug|Any CPU
		{79E792BB-351D-4CC8-B43E-CF8BF02F6F36}.Debug|Mixed Platforms.Build.0 = Debug|Any CPU
		{79E792BB-351D-4CC8-B43E-CF8BF02F6F36}.Debug|x64.ActiveCfg = Debug|Any CPU
		{79E792BB-351D-4CC8-B43E-CF8BF02F6F36}.Debug|x86.ActiveCfg = Debug|Any CPU
		{79E792BB-351D-4CC8-B43E-CF8BF02F6F36}.Release|Any CPU.ActiveCfg = Release|Any CPU
		{79E792BB-351D-4CC8-B43E-CF8BF02F6F36}.Release|Any CPU.Build.0 = Release|Any CPU
		{79E792BB-351D-4CC8-B43E-CF8BF02F6F36}.Release|ARM.ActiveCfg = Release|Any CPU
		{79E792BB-351D-4CC8-B43E-CF8BF02F6F36}.Release|iPhone.ActiveCfg = Release|Any CPU
		{79E792BB-351D-4CC8-B43E-CF8BF02F6F36}.Release|iPhoneSimulator.ActiveCfg = Release|Any CPU
		{79E792BB-351D-4CC8-B43E-CF8BF02F6F36}.Release|Mixed Platforms.ActiveCfg = Release|Any CPU
		{79E792BB-351D-4CC8-B43E-CF8BF02F6F36}.Release|Mixed Platforms.Build.0 = Release|Any CPU
		{79E792BB-351D-4CC8-B43E-CF8BF02F6F36}.Release|x64.ActiveCfg = Release|Any CPU
		{79E792BB-351D-4CC8-B43E-CF8BF02F6F36}.Release|x86.ActiveCfg = Release|Any CPU
		{4AF4487D-0C3E-4384-BA68-62CB1680C648}.Ad-Hoc|Any CPU.ActiveCfg = Release|Any CPU
		{4AF4487D-0C3E-4384-BA68-62CB1680C648}.Ad-Hoc|Any CPU.Build.0 = Release|Any CPU
		{4AF4487D-0C3E-4384-BA68-62CB1680C648}.Ad-Hoc|Any CPU.Deploy.0 = Release|Any CPU
		{4AF4487D-0C3E-4384-BA68-62CB1680C648}.Ad-Hoc|ARM.ActiveCfg = Release|Any CPU
		{4AF4487D-0C3E-4384-BA68-62CB1680C648}.Ad-Hoc|iPhone.ActiveCfg = Release|Any CPU
		{4AF4487D-0C3E-4384-BA68-62CB1680C648}.Ad-Hoc|iPhoneSimulator.ActiveCfg = Release|Any CPU
		{4AF4487D-0C3E-4384-BA68-62CB1680C648}.Ad-Hoc|Mixed Platforms.ActiveCfg = Release|Any CPU
		{4AF4487D-0C3E-4384-BA68-62CB1680C648}.Ad-Hoc|Mixed Platforms.Build.0 = Release|Any CPU
		{4AF4487D-0C3E-4384-BA68-62CB1680C648}.Ad-Hoc|Mixed Platforms.Deploy.0 = Release|Any CPU
		{4AF4487D-0C3E-4384-BA68-62CB1680C648}.Ad-Hoc|x64.ActiveCfg = Release|Any CPU
		{4AF4487D-0C3E-4384-BA68-62CB1680C648}.Ad-Hoc|x86.ActiveCfg = Release|Any CPU
		{4AF4487D-0C3E-4384-BA68-62CB1680C648}.AppStore|Any CPU.ActiveCfg = Release|Any CPU
		{4AF4487D-0C3E-4384-BA68-62CB1680C648}.AppStore|Any CPU.Build.0 = Release|Any CPU
		{4AF4487D-0C3E-4384-BA68-62CB1680C648}.AppStore|Any CPU.Deploy.0 = Release|Any CPU
		{4AF4487D-0C3E-4384-BA68-62CB1680C648}.AppStore|ARM.ActiveCfg = Release|Any CPU
		{4AF4487D-0C3E-4384-BA68-62CB1680C648}.AppStore|iPhone.ActiveCfg = Release|Any CPU
		{4AF4487D-0C3E-4384-BA68-62CB1680C648}.AppStore|iPhoneSimulator.ActiveCfg = Release|Any CPU
		{4AF4487D-0C3E-4384-BA68-62CB1680C648}.AppStore|Mixed Platforms.ActiveCfg = Release|Any CPU
		{4AF4487D-0C3E-4384-BA68-62CB1680C648}.AppStore|Mixed Platforms.Build.0 = Release|Any CPU
		{4AF4487D-0C3E-4384-BA68-62CB1680C648}.AppStore|Mixed Platforms.Deploy.0 = Release|Any CPU
		{4AF4487D-0C3E-4384-BA68-62CB1680C648}.AppStore|x64.ActiveCfg = Release|Any CPU
		{4AF4487D-0C3E-4384-BA68-62CB1680C648}.AppStore|x86.ActiveCfg = Release|Any CPU
		{4AF4487D-0C3E-4384-BA68-62CB1680C648}.Debug|Any CPU.ActiveCfg = Debug|Any CPU
		{4AF4487D-0C3E-4384-BA68-62CB1680C648}.Debug|Any CPU.Build.0 = Debug|Any CPU
		{4AF4487D-0C3E-4384-BA68-62CB1680C648}.Debug|Any CPU.Deploy.0 = Debug|Any CPU
		{4AF4487D-0C3E-4384-BA68-62CB1680C648}.Debug|ARM.ActiveCfg = Debug|Any CPU
		{4AF4487D-0C3E-4384-BA68-62CB1680C648}.Debug|iPhone.ActiveCfg = Debug|Any CPU
		{4AF4487D-0C3E-4384-BA68-62CB1680C648}.Debug|iPhoneSimulator.ActiveCfg = Debug|Any CPU
		{4AF4487D-0C3E-4384-BA68-62CB1680C648}.Debug|Mixed Platforms.ActiveCfg = Debug|Any CPU
		{4AF4487D-0C3E-4384-BA68-62CB1680C648}.Debug|Mixed Platforms.Build.0 = Debug|Any CPU
		{4AF4487D-0C3E-4384-BA68-62CB1680C648}.Debug|Mixed Platforms.Deploy.0 = Debug|Any CPU
		{4AF4487D-0C3E-4384-BA68-62CB1680C648}.Debug|x64.ActiveCfg = Debug|Any CPU
		{4AF4487D-0C3E-4384-BA68-62CB1680C648}.Debug|x86.ActiveCfg = Debug|Any CPU
		{4AF4487D-0C3E-4384-BA68-62CB1680C648}.Release|Any CPU.ActiveCfg = Release|Any CPU
		{4AF4487D-0C3E-4384-BA68-62CB1680C648}.Release|Any CPU.Build.0 = Release|Any CPU
		{4AF4487D-0C3E-4384-BA68-62CB1680C648}.Release|Any CPU.Deploy.0 = Release|Any CPU
		{4AF4487D-0C3E-4384-BA68-62CB1680C648}.Release|ARM.ActiveCfg = Release|Any CPU
		{4AF4487D-0C3E-4384-BA68-62CB1680C648}.Release|iPhone.ActiveCfg = Release|Any CPU
		{4AF4487D-0C3E-4384-BA68-62CB1680C648}.Release|iPhoneSimulator.ActiveCfg = Release|Any CPU
		{4AF4487D-0C3E-4384-BA68-62CB1680C648}.Release|Mixed Platforms.ActiveCfg = Release|Any CPU
		{4AF4487D-0C3E-4384-BA68-62CB1680C648}.Release|Mixed Platforms.Build.0 = Release|Any CPU
		{4AF4487D-0C3E-4384-BA68-62CB1680C648}.Release|Mixed Platforms.Deploy.0 = Release|Any CPU
		{4AF4487D-0C3E-4384-BA68-62CB1680C648}.Release|x64.ActiveCfg = Release|Any CPU
		{4AF4487D-0C3E-4384-BA68-62CB1680C648}.Release|x86.ActiveCfg = Release|Any CPU
		{B061316A-F386-4FE2-93B7-555584234FF8}.Ad-Hoc|Any CPU.ActiveCfg = Ad-Hoc|iPhone
		{B061316A-F386-4FE2-93B7-555584234FF8}.Ad-Hoc|ARM.ActiveCfg = Ad-Hoc|iPhone
		{B061316A-F386-4FE2-93B7-555584234FF8}.Ad-Hoc|iPhone.ActiveCfg = Ad-Hoc|iPhone
		{B061316A-F386-4FE2-93B7-555584234FF8}.Ad-Hoc|iPhone.Build.0 = Ad-Hoc|iPhone
		{B061316A-F386-4FE2-93B7-555584234FF8}.Ad-Hoc|iPhoneSimulator.ActiveCfg = Ad-Hoc|iPhoneSimulator
		{B061316A-F386-4FE2-93B7-555584234FF8}.Ad-Hoc|iPhoneSimulator.Build.0 = Ad-Hoc|iPhoneSimulator
		{B061316A-F386-4FE2-93B7-555584234FF8}.Ad-Hoc|Mixed Platforms.ActiveCfg = Ad-Hoc|iPhone
		{B061316A-F386-4FE2-93B7-555584234FF8}.Ad-Hoc|Mixed Platforms.Build.0 = Ad-Hoc|iPhone
		{B061316A-F386-4FE2-93B7-555584234FF8}.Ad-Hoc|x64.ActiveCfg = Ad-Hoc|iPhone
		{B061316A-F386-4FE2-93B7-555584234FF8}.Ad-Hoc|x86.ActiveCfg = Ad-Hoc|iPhone
		{B061316A-F386-4FE2-93B7-555584234FF8}.AppStore|Any CPU.ActiveCfg = AppStore|iPhone
		{B061316A-F386-4FE2-93B7-555584234FF8}.AppStore|ARM.ActiveCfg = AppStore|iPhone
		{B061316A-F386-4FE2-93B7-555584234FF8}.AppStore|iPhone.ActiveCfg = AppStore|iPhone
		{B061316A-F386-4FE2-93B7-555584234FF8}.AppStore|iPhone.Build.0 = AppStore|iPhone
		{B061316A-F386-4FE2-93B7-555584234FF8}.AppStore|iPhoneSimulator.ActiveCfg = AppStore|iPhoneSimulator
		{B061316A-F386-4FE2-93B7-555584234FF8}.AppStore|iPhoneSimulator.Build.0 = AppStore|iPhoneSimulator
		{B061316A-F386-4FE2-93B7-555584234FF8}.AppStore|Mixed Platforms.ActiveCfg = AppStore|iPhone
		{B061316A-F386-4FE2-93B7-555584234FF8}.AppStore|Mixed Platforms.Build.0 = AppStore|iPhone
		{B061316A-F386-4FE2-93B7-555584234FF8}.AppStore|x64.ActiveCfg = AppStore|iPhone
		{B061316A-F386-4FE2-93B7-555584234FF8}.AppStore|x86.ActiveCfg = AppStore|iPhone
		{B061316A-F386-4FE2-93B7-555584234FF8}.Debug|Any CPU.ActiveCfg = Debug|iPhone
		{B061316A-F386-4FE2-93B7-555584234FF8}.Debug|ARM.ActiveCfg = Debug|iPhone
		{B061316A-F386-4FE2-93B7-555584234FF8}.Debug|iPhone.ActiveCfg = Debug|iPhone
		{B061316A-F386-4FE2-93B7-555584234FF8}.Debug|iPhone.Build.0 = Debug|iPhone
		{B061316A-F386-4FE2-93B7-555584234FF8}.Debug|iPhoneSimulator.ActiveCfg = Debug|iPhoneSimulator
		{B061316A-F386-4FE2-93B7-555584234FF8}.Debug|iPhoneSimulator.Build.0 = Debug|iPhoneSimulator
		{B061316A-F386-4FE2-93B7-555584234FF8}.Debug|Mixed Platforms.ActiveCfg = Debug|iPhone
		{B061316A-F386-4FE2-93B7-555584234FF8}.Debug|Mixed Platforms.Build.0 = Debug|iPhone
		{B061316A-F386-4FE2-93B7-555584234FF8}.Debug|x64.ActiveCfg = Debug|iPhone
		{B061316A-F386-4FE2-93B7-555584234FF8}.Debug|x86.ActiveCfg = Debug|iPhone
		{B061316A-F386-4FE2-93B7-555584234FF8}.Release|Any CPU.ActiveCfg = Release|iPhone
		{B061316A-F386-4FE2-93B7-555584234FF8}.Release|ARM.ActiveCfg = Release|iPhone
		{B061316A-F386-4FE2-93B7-555584234FF8}.Release|iPhone.ActiveCfg = Release|iPhone
		{B061316A-F386-4FE2-93B7-555584234FF8}.Release|iPhone.Build.0 = Release|iPhone
		{B061316A-F386-4FE2-93B7-555584234FF8}.Release|iPhoneSimulator.ActiveCfg = Release|iPhoneSimulator
		{B061316A-F386-4FE2-93B7-555584234FF8}.Release|iPhoneSimulator.Build.0 = Release|iPhoneSimulator
		{B061316A-F386-4FE2-93B7-555584234FF8}.Release|Mixed Platforms.ActiveCfg = Release|iPhone
		{B061316A-F386-4FE2-93B7-555584234FF8}.Release|Mixed Platforms.Build.0 = Release|iPhone
		{B061316A-F386-4FE2-93B7-555584234FF8}.Release|x64.ActiveCfg = Release|iPhone
		{B061316A-F386-4FE2-93B7-555584234FF8}.Release|x86.ActiveCfg = Release|iPhone
		{20C82258-D3E4-429A-AEE9-51DD6317BC90}.Ad-Hoc|Any CPU.ActiveCfg = Release|Any CPU
		{20C82258-D3E4-429A-AEE9-51DD6317BC90}.Ad-Hoc|Any CPU.Build.0 = Release|Any CPU
		{20C82258-D3E4-429A-AEE9-51DD6317BC90}.Ad-Hoc|Any CPU.Deploy.0 = Release|Any CPU
		{20C82258-D3E4-429A-AEE9-51DD6317BC90}.Ad-Hoc|ARM.ActiveCfg = Release|Any CPU
		{20C82258-D3E4-429A-AEE9-51DD6317BC90}.Ad-Hoc|iPhone.ActiveCfg = Release|Any CPU
		{20C82258-D3E4-429A-AEE9-51DD6317BC90}.Ad-Hoc|iPhoneSimulator.ActiveCfg = Release|Any CPU
		{20C82258-D3E4-429A-AEE9-51DD6317BC90}.Ad-Hoc|Mixed Platforms.ActiveCfg = Release|Any CPU
		{20C82258-D3E4-429A-AEE9-51DD6317BC90}.Ad-Hoc|Mixed Platforms.Build.0 = Release|Any CPU
		{20C82258-D3E4-429A-AEE9-51DD6317BC90}.Ad-Hoc|Mixed Platforms.Deploy.0 = Release|Any CPU
		{20C82258-D3E4-429A-AEE9-51DD6317BC90}.Ad-Hoc|x64.ActiveCfg = Release|Any CPU
		{20C82258-D3E4-429A-AEE9-51DD6317BC90}.Ad-Hoc|x86.ActiveCfg = Release|Any CPU
		{20C82258-D3E4-429A-AEE9-51DD6317BC90}.AppStore|Any CPU.ActiveCfg = Release|Any CPU
		{20C82258-D3E4-429A-AEE9-51DD6317BC90}.AppStore|Any CPU.Build.0 = Release|Any CPU
		{20C82258-D3E4-429A-AEE9-51DD6317BC90}.AppStore|Any CPU.Deploy.0 = Release|Any CPU
		{20C82258-D3E4-429A-AEE9-51DD6317BC90}.AppStore|ARM.ActiveCfg = Release|Any CPU
		{20C82258-D3E4-429A-AEE9-51DD6317BC90}.AppStore|iPhone.ActiveCfg = Release|Any CPU
		{20C82258-D3E4-429A-AEE9-51DD6317BC90}.AppStore|iPhoneSimulator.ActiveCfg = Release|Any CPU
		{20C82258-D3E4-429A-AEE9-51DD6317BC90}.AppStore|Mixed Platforms.ActiveCfg = Release|Any CPU
		{20C82258-D3E4-429A-AEE9-51DD6317BC90}.AppStore|Mixed Platforms.Build.0 = Release|Any CPU
		{20C82258-D3E4-429A-AEE9-51DD6317BC90}.AppStore|Mixed Platforms.Deploy.0 = Release|Any CPU
		{20C82258-D3E4-429A-AEE9-51DD6317BC90}.AppStore|x64.ActiveCfg = Release|Any CPU
		{20C82258-D3E4-429A-AEE9-51DD6317BC90}.AppStore|x86.ActiveCfg = Release|Any CPU
		{20C82258-D3E4-429A-AEE9-51DD6317BC90}.Debug|Any CPU.ActiveCfg = Debug|Any CPU
		{20C82258-D3E4-429A-AEE9-51DD6317BC90}.Debug|Any CPU.Build.0 = Debug|Any CPU
		{20C82258-D3E4-429A-AEE9-51DD6317BC90}.Debug|Any CPU.Deploy.0 = Debug|Any CPU
		{20C82258-D3E4-429A-AEE9-51DD6317BC90}.Debug|ARM.ActiveCfg = Debug|Any CPU
		{20C82258-D3E4-429A-AEE9-51DD6317BC90}.Debug|iPhone.ActiveCfg = Debug|Any CPU
		{20C82258-D3E4-429A-AEE9-51DD6317BC90}.Debug|iPhoneSimulator.ActiveCfg = Debug|Any CPU
		{20C82258-D3E4-429A-AEE9-51DD6317BC90}.Debug|Mixed Platforms.ActiveCfg = Debug|Any CPU
		{20C82258-D3E4-429A-AEE9-51DD6317BC90}.Debug|Mixed Platforms.Build.0 = Debug|Any CPU
		{20C82258-D3E4-429A-AEE9-51DD6317BC90}.Debug|Mixed Platforms.Deploy.0 = Debug|Any CPU
		{20C82258-D3E4-429A-AEE9-51DD6317BC90}.Debug|x64.ActiveCfg = Debug|Any CPU
		{20C82258-D3E4-429A-AEE9-51DD6317BC90}.Debug|x86.ActiveCfg = Debug|Any CPU
		{20C82258-D3E4-429A-AEE9-51DD6317BC90}.Release|Any CPU.ActiveCfg = Release|Any CPU
		{20C82258-D3E4-429A-AEE9-51DD6317BC90}.Release|Any CPU.Build.0 = Release|Any CPU
		{20C82258-D3E4-429A-AEE9-51DD6317BC90}.Release|Any CPU.Deploy.0 = Release|Any CPU
		{20C82258-D3E4-429A-AEE9-51DD6317BC90}.Release|ARM.ActiveCfg = Release|Any CPU
		{20C82258-D3E4-429A-AEE9-51DD6317BC90}.Release|iPhone.ActiveCfg = Release|Any CPU
		{20C82258-D3E4-429A-AEE9-51DD6317BC90}.Release|iPhoneSimulator.ActiveCfg = Release|Any CPU
		{20C82258-D3E4-429A-AEE9-51DD6317BC90}.Release|Mixed Platforms.ActiveCfg = Release|Any CPU
		{20C82258-D3E4-429A-AEE9-51DD6317BC90}.Release|Mixed Platforms.Build.0 = Release|Any CPU
		{20C82258-D3E4-429A-AEE9-51DD6317BC90}.Release|Mixed Platforms.Deploy.0 = Release|Any CPU
		{20C82258-D3E4-429A-AEE9-51DD6317BC90}.Release|x64.ActiveCfg = Release|Any CPU
		{20C82258-D3E4-429A-AEE9-51DD6317BC90}.Release|x86.ActiveCfg = Release|Any CPU
		{082250FB-CE17-4377-8254-41920BB87298}.Ad-Hoc|Any CPU.ActiveCfg = Release|Any CPU
		{082250FB-CE17-4377-8254-41920BB87298}.Ad-Hoc|Any CPU.Build.0 = Release|Any CPU
		{082250FB-CE17-4377-8254-41920BB87298}.Ad-Hoc|Any CPU.Deploy.0 = Release|Any CPU
		{082250FB-CE17-4377-8254-41920BB87298}.Ad-Hoc|ARM.ActiveCfg = Release|ARM
		{082250FB-CE17-4377-8254-41920BB87298}.Ad-Hoc|ARM.Build.0 = Release|ARM
		{082250FB-CE17-4377-8254-41920BB87298}.Ad-Hoc|ARM.Deploy.0 = Release|ARM
		{082250FB-CE17-4377-8254-41920BB87298}.Ad-Hoc|iPhone.ActiveCfg = Release|Any CPU
		{082250FB-CE17-4377-8254-41920BB87298}.Ad-Hoc|iPhoneSimulator.ActiveCfg = Release|Any CPU
		{082250FB-CE17-4377-8254-41920BB87298}.Ad-Hoc|Mixed Platforms.ActiveCfg = Release|x86
		{082250FB-CE17-4377-8254-41920BB87298}.Ad-Hoc|Mixed Platforms.Build.0 = Release|x86
		{082250FB-CE17-4377-8254-41920BB87298}.Ad-Hoc|Mixed Platforms.Deploy.0 = Release|x86
		{082250FB-CE17-4377-8254-41920BB87298}.Ad-Hoc|x64.ActiveCfg = Release|x64
		{082250FB-CE17-4377-8254-41920BB87298}.Ad-Hoc|x64.Build.0 = Release|x64
		{082250FB-CE17-4377-8254-41920BB87298}.Ad-Hoc|x64.Deploy.0 = Release|x64
		{082250FB-CE17-4377-8254-41920BB87298}.Ad-Hoc|x86.ActiveCfg = Release|x86
		{082250FB-CE17-4377-8254-41920BB87298}.Ad-Hoc|x86.Build.0 = Release|x86
		{082250FB-CE17-4377-8254-41920BB87298}.Ad-Hoc|x86.Deploy.0 = Release|x86
		{082250FB-CE17-4377-8254-41920BB87298}.AppStore|Any CPU.ActiveCfg = Release|Any CPU
		{082250FB-CE17-4377-8254-41920BB87298}.AppStore|Any CPU.Build.0 = Release|Any CPU
		{082250FB-CE17-4377-8254-41920BB87298}.AppStore|Any CPU.Deploy.0 = Release|Any CPU
		{082250FB-CE17-4377-8254-41920BB87298}.AppStore|ARM.ActiveCfg = Release|ARM
		{082250FB-CE17-4377-8254-41920BB87298}.AppStore|ARM.Build.0 = Release|ARM
		{082250FB-CE17-4377-8254-41920BB87298}.AppStore|ARM.Deploy.0 = Release|ARM
		{082250FB-CE17-4377-8254-41920BB87298}.AppStore|iPhone.ActiveCfg = Release|Any CPU
		{082250FB-CE17-4377-8254-41920BB87298}.AppStore|iPhoneSimulator.ActiveCfg = Release|Any CPU
		{082250FB-CE17-4377-8254-41920BB87298}.AppStore|Mixed Platforms.ActiveCfg = Release|x86
		{082250FB-CE17-4377-8254-41920BB87298}.AppStore|Mixed Platforms.Build.0 = Release|x86
		{082250FB-CE17-4377-8254-41920BB87298}.AppStore|Mixed Platforms.Deploy.0 = Release|x86
		{082250FB-CE17-4377-8254-41920BB87298}.AppStore|x64.ActiveCfg = Release|x64
		{082250FB-CE17-4377-8254-41920BB87298}.AppStore|x64.Build.0 = Release|x64
		{082250FB-CE17-4377-8254-41920BB87298}.AppStore|x64.Deploy.0 = Release|x64
		{082250FB-CE17-4377-8254-41920BB87298}.AppStore|x86.ActiveCfg = Release|x86
		{082250FB-CE17-4377-8254-41920BB87298}.AppStore|x86.Build.0 = Release|x86
		{082250FB-CE17-4377-8254-41920BB87298}.AppStore|x86.Deploy.0 = Release|x86
		{082250FB-CE17-4377-8254-41920BB87298}.Debug|Any CPU.ActiveCfg = Debug|Any CPU
		{082250FB-CE17-4377-8254-41920BB87298}.Debug|Any CPU.Build.0 = Debug|Any CPU
		{082250FB-CE17-4377-8254-41920BB87298}.Debug|Any CPU.Deploy.0 = Debug|Any CPU
		{082250FB-CE17-4377-8254-41920BB87298}.Debug|ARM.ActiveCfg = Debug|ARM
		{082250FB-CE17-4377-8254-41920BB87298}.Debug|ARM.Build.0 = Debug|ARM
		{082250FB-CE17-4377-8254-41920BB87298}.Debug|ARM.Deploy.0 = Debug|ARM
		{082250FB-CE17-4377-8254-41920BB87298}.Debug|iPhone.ActiveCfg = Debug|Any CPU
		{082250FB-CE17-4377-8254-41920BB87298}.Debug|iPhoneSimulator.ActiveCfg = Debug|Any CPU
		{082250FB-CE17-4377-8254-41920BB87298}.Debug|Mixed Platforms.ActiveCfg = Debug|x86
		{082250FB-CE17-4377-8254-41920BB87298}.Debug|Mixed Platforms.Build.0 = Debug|x86
		{082250FB-CE17-4377-8254-41920BB87298}.Debug|Mixed Platforms.Deploy.0 = Debug|x86
		{082250FB-CE17-4377-8254-41920BB87298}.Debug|x64.ActiveCfg = Debug|x64
		{082250FB-CE17-4377-8254-41920BB87298}.Debug|x64.Build.0 = Debug|x64
		{082250FB-CE17-4377-8254-41920BB87298}.Debug|x64.Deploy.0 = Debug|x64
		{082250FB-CE17-4377-8254-41920BB87298}.Debug|x86.ActiveCfg = Debug|x86
		{082250FB-CE17-4377-8254-41920BB87298}.Debug|x86.Build.0 = Debug|x86
		{082250FB-CE17-4377-8254-41920BB87298}.Debug|x86.Deploy.0 = Debug|x86
		{082250FB-CE17-4377-8254-41920BB87298}.Release|Any CPU.ActiveCfg = Release|Any CPU
		{082250FB-CE17-4377-8254-41920BB87298}.Release|Any CPU.Build.0 = Release|Any CPU
		{082250FB-CE17-4377-8254-41920BB87298}.Release|Any CPU.Deploy.0 = Release|Any CPU
		{082250FB-CE17-4377-8254-41920BB87298}.Release|ARM.ActiveCfg = Release|ARM
		{082250FB-CE17-4377-8254-41920BB87298}.Release|ARM.Build.0 = Release|ARM
		{082250FB-CE17-4377-8254-41920BB87298}.Release|ARM.Deploy.0 = Release|ARM
		{082250FB-CE17-4377-8254-41920BB87298}.Release|iPhone.ActiveCfg = Release|Any CPU
		{082250FB-CE17-4377-8254-41920BB87298}.Release|iPhoneSimulator.ActiveCfg = Release|Any CPU
		{082250FB-CE17-4377-8254-41920BB87298}.Release|Mixed Platforms.ActiveCfg = Release|x86
		{082250FB-CE17-4377-8254-41920BB87298}.Release|Mixed Platforms.Build.0 = Release|x86
		{082250FB-CE17-4377-8254-41920BB87298}.Release|Mixed Platforms.Deploy.0 = Release|x86
		{082250FB-CE17-4377-8254-41920BB87298}.Release|x64.ActiveCfg = Release|x64
		{082250FB-CE17-4377-8254-41920BB87298}.Release|x64.Build.0 = Release|x64
		{082250FB-CE17-4377-8254-41920BB87298}.Release|x64.Deploy.0 = Release|x64
		{082250FB-CE17-4377-8254-41920BB87298}.Release|x86.ActiveCfg = Release|x86
		{082250FB-CE17-4377-8254-41920BB87298}.Release|x86.Build.0 = Release|x86
		{082250FB-CE17-4377-8254-41920BB87298}.Release|x86.Deploy.0 = Release|x86
		{A6BBD974-B1B1-4113-A6C3-C89848107059}.Ad-Hoc|Any CPU.ActiveCfg = Release|Any CPU
		{A6BBD974-B1B1-4113-A6C3-C89848107059}.Ad-Hoc|Any CPU.Build.0 = Release|Any CPU
		{A6BBD974-B1B1-4113-A6C3-C89848107059}.Ad-Hoc|ARM.ActiveCfg = Release|Any CPU
		{A6BBD974-B1B1-4113-A6C3-C89848107059}.Ad-Hoc|iPhone.ActiveCfg = Release|Any CPU
		{A6BBD974-B1B1-4113-A6C3-C89848107059}.Ad-Hoc|iPhoneSimulator.ActiveCfg = Release|Any CPU
		{A6BBD974-B1B1-4113-A6C3-C89848107059}.Ad-Hoc|Mixed Platforms.ActiveCfg = Release|Any CPU
		{A6BBD974-B1B1-4113-A6C3-C89848107059}.Ad-Hoc|Mixed Platforms.Build.0 = Release|Any CPU
		{A6BBD974-B1B1-4113-A6C3-C89848107059}.Ad-Hoc|x64.ActiveCfg = Release|Any CPU
		{A6BBD974-B1B1-4113-A6C3-C89848107059}.Ad-Hoc|x86.ActiveCfg = Release|Any CPU
		{A6BBD974-B1B1-4113-A6C3-C89848107059}.AppStore|Any CPU.ActiveCfg = Release|Any CPU
		{A6BBD974-B1B1-4113-A6C3-C89848107059}.AppStore|Any CPU.Build.0 = Release|Any CPU
		{A6BBD974-B1B1-4113-A6C3-C89848107059}.AppStore|ARM.ActiveCfg = Release|Any CPU
		{A6BBD974-B1B1-4113-A6C3-C89848107059}.AppStore|iPhone.ActiveCfg = Release|Any CPU
		{A6BBD974-B1B1-4113-A6C3-C89848107059}.AppStore|iPhoneSimulator.ActiveCfg = Release|Any CPU
		{A6BBD974-B1B1-4113-A6C3-C89848107059}.AppStore|Mixed Platforms.ActiveCfg = Release|Any CPU
		{A6BBD974-B1B1-4113-A6C3-C89848107059}.AppStore|Mixed Platforms.Build.0 = Release|Any CPU
		{A6BBD974-B1B1-4113-A6C3-C89848107059}.AppStore|x64.ActiveCfg = Release|Any CPU
		{A6BBD974-B1B1-4113-A6C3-C89848107059}.AppStore|x86.ActiveCfg = Release|Any CPU
		{A6BBD974-B1B1-4113-A6C3-C89848107059}.Debug|Any CPU.ActiveCfg = Debug|Any CPU
		{A6BBD974-B1B1-4113-A6C3-C89848107059}.Debug|Any CPU.Build.0 = Debug|Any CPU
		{A6BBD974-B1B1-4113-A6C3-C89848107059}.Debug|ARM.ActiveCfg = Debug|Any CPU
		{A6BBD974-B1B1-4113-A6C3-C89848107059}.Debug|iPhone.ActiveCfg = Debug|Any CPU
		{A6BBD974-B1B1-4113-A6C3-C89848107059}.Debug|iPhoneSimulator.ActiveCfg = Debug|Any CPU
		{A6BBD974-B1B1-4113-A6C3-C89848107059}.Debug|Mixed Platforms.ActiveCfg = Debug|Any CPU
		{A6BBD974-B1B1-4113-A6C3-C89848107059}.Debug|Mixed Platforms.Build.0 = Debug|Any CPU
		{A6BBD974-B1B1-4113-A6C3-C89848107059}.Debug|x64.ActiveCfg = Debug|Any CPU
		{A6BBD974-B1B1-4113-A6C3-C89848107059}.Debug|x86.ActiveCfg = Debug|Any CPU
		{A6BBD974-B1B1-4113-A6C3-C89848107059}.Release|Any CPU.ActiveCfg = Release|Any CPU
		{A6BBD974-B1B1-4113-A6C3-C89848107059}.Release|Any CPU.Build.0 = Release|Any CPU
		{A6BBD974-B1B1-4113-A6C3-C89848107059}.Release|ARM.ActiveCfg = Release|Any CPU
		{A6BBD974-B1B1-4113-A6C3-C89848107059}.Release|iPhone.ActiveCfg = Release|Any CPU
		{A6BBD974-B1B1-4113-A6C3-C89848107059}.Release|iPhoneSimulator.ActiveCfg = Release|Any CPU
		{A6BBD974-B1B1-4113-A6C3-C89848107059}.Release|Mixed Platforms.ActiveCfg = Release|Any CPU
		{A6BBD974-B1B1-4113-A6C3-C89848107059}.Release|Mixed Platforms.Build.0 = Release|Any CPU
		{A6BBD974-B1B1-4113-A6C3-C89848107059}.Release|x64.ActiveCfg = Release|Any CPU
		{A6BBD974-B1B1-4113-A6C3-C89848107059}.Release|x86.ActiveCfg = Release|Any CPU
	EndGlobalSection
	GlobalSection(SolutionProperties) = preSolution
		HideSolutionNode = FALSE
	EndGlobalSection
EndGlobal
