
Microsoft Visual Studio Solution File, Format Version 12.00
# Visual Studio 2012
Project("{FAE04EC0-301F-11D3-BF4B-00C04F79EFBC}") = "N-23-Dlg.Core", "N-23-Dlg.Core\N-23-Dlg.Core.csproj", "{C71C5B8E-B1C0-4751-A7D5-7E5C216B948F}"
EndProject
Project("{FAE04EC0-301F-11D3-BF4B-00C04F79EFBC}") = "N_23_Dlg.Droid", "N_23_Dlg.Droid\N_23_Dlg.Droid.csproj", "{0432B9BF-386D-4FE6-9D2E-5283C9A1CE48}"
EndProject
Project("{FAE04EC0-301F-11D3-BF4B-00C04F79EFBC}") = "N_23_Dlg.Touch", "N_23_Dlg.Touch\N_23_Dlg.Touch.csproj", "{9F3CE77D-5047-4AA7-BD2D-52AAF4781BEF}"
EndProject
Global
	GlobalSection(SolutionConfigurationPlatforms) = preSolution
		Ad-Hoc|Any CPU = Ad-Hoc|Any CPU
		Ad-Hoc|iPhone = Ad-Hoc|iPhone
		Ad-Hoc|iPhoneSimulator = Ad-Hoc|iPhoneSimulator
		Ad-Hoc|Mixed Platforms = Ad-Hoc|Mixed Platforms
		AppStore|Any CPU = AppStore|Any CPU
		AppStore|iPhone = AppStore|iPhone
		AppStore|iPhoneSimulator = AppStore|iPhoneSimulator
		AppStore|Mixed Platforms = AppStore|Mixed Platforms
		Debug|Any CPU = Debug|Any CPU
		Debug|iPhone = Debug|iPhone
		Debug|iPhoneSimulator = Debug|iPhoneSimulator
		Debug|Mixed Platforms = Debug|Mixed Platforms
		Release|Any CPU = Release|Any CPU
		Release|iPhone = Release|iPhone
		Release|iPhoneSimulator = Release|iPhoneSimulator
		Release|Mixed Platforms = Release|Mixed Platforms
	EndGlobalSection
	GlobalSection(ProjectConfigurationPlatforms) = postSolution
		{C71C5B8E-B1C0-4751-A7D5-7E5C216B948F}.Ad-Hoc|Any CPU.ActiveCfg = Release|Any CPU
		{C71C5B8E-B1C0-4751-A7D5-7E5C216B948F}.Ad-Hoc|Any CPU.Build.0 = Release|Any CPU
		{C71C5B8E-B1C0-4751-A7D5-7E5C216B948F}.Ad-Hoc|iPhone.ActiveCfg = Release|Any CPU
		{C71C5B8E-B1C0-4751-A7D5-7E5C216B948F}.Ad-Hoc|iPhoneSimulator.ActiveCfg = Release|Any CPU
		{C71C5B8E-B1C0-4751-A7D5-7E5C216B948F}.Ad-Hoc|Mixed Platforms.ActiveCfg = Release|Any CPU
		{C71C5B8E-B1C0-4751-A7D5-7E5C216B948F}.Ad-Hoc|Mixed Platforms.Build.0 = Release|Any CPU
		{C71C5B8E-B1C0-4751-A7D5-7E5C216B948F}.AppStore|Any CPU.ActiveCfg = Release|Any CPU
		{C71C5B8E-B1C0-4751-A7D5-7E5C216B948F}.AppStore|Any CPU.Build.0 = Release|Any CPU
		{C71C5B8E-B1C0-4751-A7D5-7E5C216B948F}.AppStore|iPhone.ActiveCfg = Release|Any CPU
		{C71C5B8E-B1C0-4751-A7D5-7E5C216B948F}.AppStore|iPhoneSimulator.ActiveCfg = Release|Any CPU
		{C71C5B8E-B1C0-4751-A7D5-7E5C216B948F}.AppStore|Mixed Platforms.ActiveCfg = Release|Any CPU
		{C71C5B8E-B1C0-4751-A7D5-7E5C216B948F}.AppStore|Mixed Platforms.Build.0 = Release|Any CPU
		{C71C5B8E-B1C0-4751-A7D5-7E5C216B948F}.Debug|Any CPU.ActiveCfg = Debug|Any CPU
		{C71C5B8E-B1C0-4751-A7D5-7E5C216B948F}.Debug|Any CPU.Build.0 = Debug|Any CPU
		{C71C5B8E-B1C0-4751-A7D5-7E5C216B948F}.Debug|iPhone.ActiveCfg = Debug|Any CPU
		{C71C5B8E-B1C0-4751-A7D5-7E5C216B948F}.Debug|iPhoneSimulator.ActiveCfg = Debug|Any CPU
		{C71C5B8E-B1C0-4751-A7D5-7E5C216B948F}.Debug|Mixed Platforms.ActiveCfg = Debug|Any CPU
		{C71C5B8E-B1C0-4751-A7D5-7E5C216B948F}.Debug|Mixed Platforms.Build.0 = Debug|Any CPU
		{C71C5B8E-B1C0-4751-A7D5-7E5C216B948F}.Release|Any CPU.ActiveCfg = Release|Any CPU
		{C71C5B8E-B1C0-4751-A7D5-7E5C216B948F}.Release|Any CPU.Build.0 = Release|Any CPU
		{C71C5B8E-B1C0-4751-A7D5-7E5C216B948F}.Release|iPhone.ActiveCfg = Release|Any CPU
		{C71C5B8E-B1C0-4751-A7D5-7E5C216B948F}.Release|iPhoneSimulator.ActiveCfg = Release|Any CPU
		{C71C5B8E-B1C0-4751-A7D5-7E5C216B948F}.Release|Mixed Platforms.ActiveCfg = Release|Any CPU
		{C71C5B8E-B1C0-4751-A7D5-7E5C216B948F}.Release|Mixed Platforms.Build.0 = Release|Any CPU
		{0432B9BF-386D-4FE6-9D2E-5283C9A1CE48}.Ad-Hoc|Any CPU.ActiveCfg = Release|Any CPU
		{0432B9BF-386D-4FE6-9D2E-5283C9A1CE48}.Ad-Hoc|Any CPU.Build.0 = Release|Any CPU
		{0432B9BF-386D-4FE6-9D2E-5283C9A1CE48}.Ad-Hoc|Any CPU.Deploy.0 = Release|Any CPU
		{0432B9BF-386D-4FE6-9D2E-5283C9A1CE48}.Ad-Hoc|iPhone.ActiveCfg = Release|Any CPU
		{0432B9BF-386D-4FE6-9D2E-5283C9A1CE48}.Ad-Hoc|iPhoneSimulator.ActiveCfg = Release|Any CPU
		{0432B9BF-386D-4FE6-9D2E-5283C9A1CE48}.Ad-Hoc|Mixed Platforms.ActiveCfg = Release|Any CPU
		{0432B9BF-386D-4FE6-9D2E-5283C9A1CE48}.Ad-Hoc|Mixed Platforms.Build.0 = Release|Any CPU
		{0432B9BF-386D-4FE6-9D2E-5283C9A1CE48}.Ad-Hoc|Mixed Platforms.Deploy.0 = Release|Any CPU
		{0432B9BF-386D-4FE6-9D2E-5283C9A1CE48}.AppStore|Any CPU.ActiveCfg = Release|Any CPU
		{0432B9BF-386D-4FE6-9D2E-5283C9A1CE48}.AppStore|Any CPU.Build.0 = Release|Any CPU
		{0432B9BF-386D-4FE6-9D2E-5283C9A1CE48}.AppStore|Any CPU.Deploy.0 = Release|Any CPU
		{0432B9BF-386D-4FE6-9D2E-5283C9A1CE48}.AppStore|iPhone.ActiveCfg = Release|Any CPU
		{0432B9BF-386D-4FE6-9D2E-5283C9A1CE48}.AppStore|iPhoneSimulator.ActiveCfg = Release|Any CPU
		{0432B9BF-386D-4FE6-9D2E-5283C9A1CE48}.AppStore|Mixed Platforms.ActiveCfg = Release|Any CPU
		{0432B9BF-386D-4FE6-9D2E-5283C9A1CE48}.AppStore|Mixed Platforms.Build.0 = Release|Any CPU
		{0432B9BF-386D-4FE6-9D2E-5283C9A1CE48}.AppStore|Mixed Platforms.Deploy.0 = Release|Any CPU
		{0432B9BF-386D-4FE6-9D2E-5283C9A1CE48}.Debug|Any CPU.ActiveCfg = Debug|Any CPU
		{0432B9BF-386D-4FE6-9D2E-5283C9A1CE48}.Debug|Any CPU.Build.0 = Debug|Any CPU
		{0432B9BF-386D-4FE6-9D2E-5283C9A1CE48}.Debug|Any CPU.Deploy.0 = Debug|Any CPU
		{0432B9BF-386D-4FE6-9D2E-5283C9A1CE48}.Debug|iPhone.ActiveCfg = Debug|Any CPU
		{0432B9BF-386D-4FE6-9D2E-5283C9A1CE48}.Debug|iPhoneSimulator.ActiveCfg = Debug|Any CPU
		{0432B9BF-386D-4FE6-9D2E-5283C9A1CE48}.Debug|Mixed Platforms.ActiveCfg = Debug|Any CPU
		{0432B9BF-386D-4FE6-9D2E-5283C9A1CE48}.Debug|Mixed Platforms.Build.0 = Debug|Any CPU
		{0432B9BF-386D-4FE6-9D2E-5283C9A1CE48}.Debug|Mixed Platforms.Deploy.0 = Debug|Any CPU
		{0432B9BF-386D-4FE6-9D2E-5283C9A1CE48}.Release|Any CPU.ActiveCfg = Release|Any CPU
		{0432B9BF-386D-4FE6-9D2E-5283C9A1CE48}.Release|Any CPU.Build.0 = Release|Any CPU
		{0432B9BF-386D-4FE6-9D2E-5283C9A1CE48}.Release|Any CPU.Deploy.0 = Release|Any CPU
		{0432B9BF-386D-4FE6-9D2E-5283C9A1CE48}.Release|iPhone.ActiveCfg = Release|Any CPU
		{0432B9BF-386D-4FE6-9D2E-5283C9A1CE48}.Release|iPhoneSimulator.ActiveCfg = Release|Any CPU
		{0432B9BF-386D-4FE6-9D2E-5283C9A1CE48}.Release|Mixed Platforms.ActiveCfg = Release|Any CPU
		{0432B9BF-386D-4FE6-9D2E-5283C9A1CE48}.Release|Mixed Platforms.Build.0 = Release|Any CPU
		{0432B9BF-386D-4FE6-9D2E-5283C9A1CE48}.Release|Mixed Platforms.Deploy.0 = Release|Any CPU
		{9F3CE77D-5047-4AA7-BD2D-52AAF4781BEF}.Ad-Hoc|Any CPU.ActiveCfg = Ad-Hoc|iPhone
		{9F3CE77D-5047-4AA7-BD2D-52AAF4781BEF}.Ad-Hoc|iPhone.ActiveCfg = Ad-Hoc|iPhone
		{9F3CE77D-5047-4AA7-BD2D-52AAF4781BEF}.Ad-Hoc|iPhone.Build.0 = Ad-Hoc|iPhone
		{9F3CE77D-5047-4AA7-BD2D-52AAF4781BEF}.Ad-Hoc|iPhoneSimulator.ActiveCfg = Ad-Hoc|iPhoneSimulator
		{9F3CE77D-5047-4AA7-BD2D-52AAF4781BEF}.Ad-Hoc|iPhoneSimulator.Build.0 = Ad-Hoc|iPhoneSimulator
		{9F3CE77D-5047-4AA7-BD2D-52AAF4781BEF}.Ad-Hoc|Mixed Platforms.ActiveCfg = Ad-Hoc|iPhone
		{9F3CE77D-5047-4AA7-BD2D-52AAF4781BEF}.Ad-Hoc|Mixed Platforms.Build.0 = Ad-Hoc|iPhone
		{9F3CE77D-5047-4AA7-BD2D-52AAF4781BEF}.AppStore|Any CPU.ActiveCfg = AppStore|iPhone
		{9F3CE77D-5047-4AA7-BD2D-52AAF4781BEF}.AppStore|iPhone.ActiveCfg = AppStore|iPhone
		{9F3CE77D-5047-4AA7-BD2D-52AAF4781BEF}.AppStore|iPhone.Build.0 = AppStore|iPhone
		{9F3CE77D-5047-4AA7-BD2D-52AAF4781BEF}.AppStore|iPhoneSimulator.ActiveCfg = AppStore|iPhoneSimulator
		{9F3CE77D-5047-4AA7-BD2D-52AAF4781BEF}.AppStore|iPhoneSimulator.Build.0 = AppStore|iPhoneSimulator
		{9F3CE77D-5047-4AA7-BD2D-52AAF4781BEF}.AppStore|Mixed Platforms.ActiveCfg = AppStore|iPhone
		{9F3CE77D-5047-4AA7-BD2D-52AAF4781BEF}.AppStore|Mixed Platforms.Build.0 = AppStore|iPhone
		{9F3CE77D-5047-4AA7-BD2D-52AAF4781BEF}.Debug|Any CPU.ActiveCfg = Debug|iPhone
		{9F3CE77D-5047-4AA7-BD2D-52AAF4781BEF}.Debug|iPhone.ActiveCfg = Debug|iPhone
		{9F3CE77D-5047-4AA7-BD2D-52AAF4781BEF}.Debug|iPhone.Build.0 = Debug|iPhone
		{9F3CE77D-5047-4AA7-BD2D-52AAF4781BEF}.Debug|iPhoneSimulator.ActiveCfg = Debug|iPhoneSimulator
		{9F3CE77D-5047-4AA7-BD2D-52AAF4781BEF}.Debug|iPhoneSimulator.Build.0 = Debug|iPhoneSimulator
		{9F3CE77D-5047-4AA7-BD2D-52AAF4781BEF}.Debug|Mixed Platforms.ActiveCfg = Debug|iPhone
		{9F3CE77D-5047-4AA7-BD2D-52AAF4781BEF}.Debug|Mixed Platforms.Build.0 = Debug|iPhone
		{9F3CE77D-5047-4AA7-BD2D-52AAF4781BEF}.Release|Any CPU.ActiveCfg = Release|iPhone
		{9F3CE77D-5047-4AA7-BD2D-52AAF4781BEF}.Release|iPhone.ActiveCfg = Release|iPhone
		{9F3CE77D-5047-4AA7-BD2D-52AAF4781BEF}.Release|iPhone.Build.0 = Release|iPhone
		{9F3CE77D-5047-4AA7-BD2D-52AAF4781BEF}.Release|iPhoneSimulator.ActiveCfg = Release|iPhoneSimulator
		{9F3CE77D-5047-4AA7-BD2D-52AAF4781BEF}.Release|iPhoneSimulator.Build.0 = Release|iPhoneSimulator
		{9F3CE77D-5047-4AA7-BD2D-52AAF4781BEF}.Release|Mixed Platforms.ActiveCfg = Release|iPhone
		{9F3CE77D-5047-4AA7-BD2D-52AAF4781BEF}.Release|Mixed Platforms.Build.0 = Release|iPhone
	EndGlobalSection
	GlobalSection(SolutionProperties) = preSolution
		HideSolutionNode = FALSE
	EndGlobalSection
EndGlobal
