
Microsoft Visual Studio Solution File, Format Version 12.00
# Visual Studio 2012
Project("{FAE04EC0-301F-11D3-BF4B-00C04F79EFBC}") = "TipCalc.Core", "TipCalc.Core\TipCalc.Core.csproj", "{2562D160-4E5B-4A4B-8DDA-D58D98448065}"
EndProject
Project("{FAE04EC0-301F-11D3-BF4B-00C04F79EFBC}") = "TipCalc.Phone", "TipCalc.Phone\TipCalc.Phone.csproj", "{14E512B9-17EF-4BE3-9F55-11C637F48D08}"
EndProject
Project("{FAE04EC0-301F-11D3-BF4B-00C04F79EFBC}") = "TipCalc.Droid", "TipCalc.Droid\TipCalc.Droid.csproj", "{47A84CFF-4A76-441B-916F-1ECBB0600F1D}"
EndProject
Project("{FAE04EC0-301F-11D3-BF4B-00C04F79EFBC}") = "TipCalc.Store", "TipCalc.Store\TipCalc.Store.csproj", "{D20E404D-F534-42B6-A0AB-294B6190008C}"
EndProject
Project("{FAE04EC0-301F-11D3-BF4B-00C04F79EFBC}") = "TipCalc.Touch", "TipCalc.Touch\TipCalc.Touch.csproj", "{2D4E2C0F-782E-4AB4-BDBB-7AB391AAD8F3}"
EndProject
Global
	GlobalSection(SolutionConfigurationPlatforms) = preSolution
		Ad-Hoc|Any CPU = Ad-Hoc|Any CPU
		Ad-Hoc|ARM = Ad-Hoc|ARM
		Ad-Hoc|iPhone = Ad-Hoc|iPhone
		Ad-Hoc|iPhoneSimulator = Ad-Hoc|iPhoneSimulator
		Ad-Hoc|Mixed Platforms = Ad-Hoc|Mixed Platforms
		Ad-Hoc|x64 = Ad-Hoc|x64
		Ad-Hoc|x86 = Ad-Hoc|x86
		AppStore|Any CPU = AppStore|Any CPU
		AppStore|ARM = AppStore|ARM
		AppStore|iPhone = AppStore|iPhone
		AppStore|iPhoneSimulator = AppStore|iPhoneSimulator
		AppStore|Mixed Platforms = AppStore|Mixed Platforms
		AppStore|x64 = AppStore|x64
		AppStore|x86 = AppStore|x86
		Debug|Any CPU = Debug|Any CPU
		Debug|ARM = Debug|ARM
		Debug|iPhone = Debug|iPhone
		Debug|iPhoneSimulator = Debug|iPhoneSimulator
		Debug|Mixed Platforms = Debug|Mixed Platforms
		Debug|x64 = Debug|x64
		Debug|x86 = Debug|x86
		Release|Any CPU = Release|Any CPU
		Release|ARM = Release|ARM
		Release|iPhone = Release|iPhone
		Release|iPhoneSimulator = Release|iPhoneSimulator
		Release|Mixed Platforms = Release|Mixed Platforms
		Release|x64 = Release|x64
		Release|x86 = Release|x86
	EndGlobalSection
	GlobalSection(ProjectConfigurationPlatforms) = postSolution
		{2562D160-4E5B-4A4B-8DDA-D58D98448065}.Ad-Hoc|Any CPU.ActiveCfg = Release|Any CPU
		{2562D160-4E5B-4A4B-8DDA-D58D98448065}.Ad-Hoc|Any CPU.Build.0 = Release|Any CPU
		{2562D160-4E5B-4A4B-8DDA-D58D98448065}.Ad-Hoc|ARM.ActiveCfg = Release|Any CPU
		{2562D160-4E5B-4A4B-8DDA-D58D98448065}.Ad-Hoc|iPhone.ActiveCfg = Release|Any CPU
		{2562D160-4E5B-4A4B-8DDA-D58D98448065}.Ad-Hoc|iPhoneSimulator.ActiveCfg = Release|Any CPU
		{2562D160-4E5B-4A4B-8DDA-D58D98448065}.Ad-Hoc|Mixed Platforms.ActiveCfg = Release|Any CPU
		{2562D160-4E5B-4A4B-8DDA-D58D98448065}.Ad-Hoc|Mixed Platforms.Build.0 = Release|Any CPU
		{2562D160-4E5B-4A4B-8DDA-D58D98448065}.Ad-Hoc|x64.ActiveCfg = Release|Any CPU
		{2562D160-4E5B-4A4B-8DDA-D58D98448065}.Ad-Hoc|x86.ActiveCfg = Release|Any CPU
		{2562D160-4E5B-4A4B-8DDA-D58D98448065}.AppStore|Any CPU.ActiveCfg = Release|Any CPU
		{2562D160-4E5B-4A4B-8DDA-D58D98448065}.AppStore|Any CPU.Build.0 = Release|Any CPU
		{2562D160-4E5B-4A4B-8DDA-D58D98448065}.AppStore|ARM.ActiveCfg = Release|Any CPU
		{2562D160-4E5B-4A4B-8DDA-D58D98448065}.AppStore|iPhone.ActiveCfg = Release|Any CPU
		{2562D160-4E5B-4A4B-8DDA-D58D98448065}.AppStore|iPhoneSimulator.ActiveCfg = Release|Any CPU
		{2562D160-4E5B-4A4B-8DDA-D58D98448065}.AppStore|Mixed Platforms.ActiveCfg = Release|Any CPU
		{2562D160-4E5B-4A4B-8DDA-D58D98448065}.AppStore|Mixed Platforms.Build.0 = Release|Any CPU
		{2562D160-4E5B-4A4B-8DDA-D58D98448065}.AppStore|x64.ActiveCfg = Release|Any CPU
		{2562D160-4E5B-4A4B-8DDA-D58D98448065}.AppStore|x86.ActiveCfg = Release|Any CPU
		{2562D160-4E5B-4A4B-8DDA-D58D98448065}.Debug|Any CPU.ActiveCfg = Debug|Any CPU
		{2562D160-4E5B-4A4B-8DDA-D58D98448065}.Debug|Any CPU.Build.0 = Debug|Any CPU
		{2562D160-4E5B-4A4B-8DDA-D58D98448065}.Debug|ARM.ActiveCfg = Debug|Any CPU
		{2562D160-4E5B-4A4B-8DDA-D58D98448065}.Debug|iPhone.ActiveCfg = Debug|Any CPU
		{2562D160-4E5B-4A4B-8DDA-D58D98448065}.Debug|iPhoneSimulator.ActiveCfg = Debug|Any CPU
		{2562D160-4E5B-4A4B-8DDA-D58D98448065}.Debug|Mixed Platforms.ActiveCfg = Debug|Any CPU
		{2562D160-4E5B-4A4B-8DDA-D58D98448065}.Debug|Mixed Platforms.Build.0 = Debug|Any CPU
		{2562D160-4E5B-4A4B-8DDA-D58D98448065}.Debug|x64.ActiveCfg = Debug|Any CPU
		{2562D160-4E5B-4A4B-8DDA-D58D98448065}.Debug|x86.ActiveCfg = Debug|Any CPU
		{2562D160-4E5B-4A4B-8DDA-D58D98448065}.Release|Any CPU.ActiveCfg = Release|Any CPU
		{2562D160-4E5B-4A4B-8DDA-D58D98448065}.Release|Any CPU.Build.0 = Release|Any CPU
		{2562D160-4E5B-4A4B-8DDA-D58D98448065}.Release|ARM.ActiveCfg = Release|Any CPU
		{2562D160-4E5B-4A4B-8DDA-D58D98448065}.Release|iPhone.ActiveCfg = Release|Any CPU
		{2562D160-4E5B-4A4B-8DDA-D58D98448065}.Release|iPhoneSimulator.ActiveCfg = Release|Any CPU
		{2562D160-4E5B-4A4B-8DDA-D58D98448065}.Release|Mixed Platforms.ActiveCfg = Release|Any CPU
		{2562D160-4E5B-4A4B-8DDA-D58D98448065}.Release|Mixed Platforms.Build.0 = Release|Any CPU
		{2562D160-4E5B-4A4B-8DDA-D58D98448065}.Release|x64.ActiveCfg = Release|Any CPU
		{2562D160-4E5B-4A4B-8DDA-D58D98448065}.Release|x86.ActiveCfg = Release|Any CPU
		{14E512B9-17EF-4BE3-9F55-11C637F48D08}.Ad-Hoc|Any CPU.ActiveCfg = Release|Any CPU
		{14E512B9-17EF-4BE3-9F55-11C637F48D08}.Ad-Hoc|Any CPU.Build.0 = Release|Any CPU
		{14E512B9-17EF-4BE3-9F55-11C637F48D08}.Ad-Hoc|Any CPU.Deploy.0 = Release|Any CPU
		{14E512B9-17EF-4BE3-9F55-11C637F48D08}.Ad-Hoc|ARM.ActiveCfg = Release|Any CPU
		{14E512B9-17EF-4BE3-9F55-11C637F48D08}.Ad-Hoc|iPhone.ActiveCfg = Release|Any CPU
		{14E512B9-17EF-4BE3-9F55-11C637F48D08}.Ad-Hoc|iPhoneSimulator.ActiveCfg = Release|Any CPU
		{14E512B9-17EF-4BE3-9F55-11C637F48D08}.Ad-Hoc|Mixed Platforms.ActiveCfg = Release|Any CPU
		{14E512B9-17EF-4BE3-9F55-11C637F48D08}.Ad-Hoc|Mixed Platforms.Build.0 = Release|Any CPU
		{14E512B9-17EF-4BE3-9F55-11C637F48D08}.Ad-Hoc|Mixed Platforms.Deploy.0 = Release|Any CPU
		{14E512B9-17EF-4BE3-9F55-11C637F48D08}.Ad-Hoc|x64.ActiveCfg = Release|Any CPU
		{14E512B9-17EF-4BE3-9F55-11C637F48D08}.Ad-Hoc|x86.ActiveCfg = Release|Any CPU
		{14E512B9-17EF-4BE3-9F55-11C637F48D08}.AppStore|Any CPU.ActiveCfg = Release|Any CPU
		{14E512B9-17EF-4BE3-9F55-11C637F48D08}.AppStore|Any CPU.Build.0 = Release|Any CPU
		{14E512B9-17EF-4BE3-9F55-11C637F48D08}.AppStore|Any CPU.Deploy.0 = Release|Any CPU
		{14E512B9-17EF-4BE3-9F55-11C637F48D08}.AppStore|ARM.ActiveCfg = Release|Any CPU
		{14E512B9-17EF-4BE3-9F55-11C637F48D08}.AppStore|iPhone.ActiveCfg = Release|Any CPU
		{14E512B9-17EF-4BE3-9F55-11C637F48D08}.AppStore|iPhoneSimulator.ActiveCfg = Release|Any CPU
		{14E512B9-17EF-4BE3-9F55-11C637F48D08}.AppStore|Mixed Platforms.ActiveCfg = Release|Any CPU
		{14E512B9-17EF-4BE3-9F55-11C637F48D08}.AppStore|Mixed Platforms.Build.0 = Release|Any CPU
		{14E512B9-17EF-4BE3-9F55-11C637F48D08}.AppStore|Mixed Platforms.Deploy.0 = Release|Any CPU
		{14E512B9-17EF-4BE3-9F55-11C637F48D08}.AppStore|x64.ActiveCfg = Release|Any CPU
		{14E512B9-17EF-4BE3-9F55-11C637F48D08}.AppStore|x86.ActiveCfg = Release|Any CPU
		{14E512B9-17EF-4BE3-9F55-11C637F48D08}.Debug|Any CPU.ActiveCfg = Debug|Any CPU
		{14E512B9-17EF-4BE3-9F55-11C637F48D08}.Debug|Any CPU.Build.0 = Debug|Any CPU
		{14E512B9-17EF-4BE3-9F55-11C637F48D08}.Debug|Any CPU.Deploy.0 = Debug|Any CPU
		{14E512B9-17EF-4BE3-9F55-11C637F48D08}.Debug|ARM.ActiveCfg = Debug|Any CPU
		{14E512B9-17EF-4BE3-9F55-11C637F48D08}.Debug|iPhone.ActiveCfg = Debug|Any CPU
		{14E512B9-17EF-4BE3-9F55-11C637F48D08}.Debug|iPhoneSimulator.ActiveCfg = Debug|Any CPU
		{14E512B9-17EF-4BE3-9F55-11C637F48D08}.Debug|Mixed Platforms.ActiveCfg = Debug|Any CPU
		{14E512B9-17EF-4BE3-9F55-11C637F48D08}.Debug|Mixed Platforms.Build.0 = Debug|Any CPU
		{14E512B9-17EF-4BE3-9F55-11C637F48D08}.Debug|Mixed Platforms.Deploy.0 = Debug|Any CPU
		{14E512B9-17EF-4BE3-9F55-11C637F48D08}.Debug|x64.ActiveCfg = Debug|Any CPU
		{14E512B9-17EF-4BE3-9F55-11C637F48D08}.Debug|x86.ActiveCfg = Debug|Any CPU
		{14E512B9-17EF-4BE3-9F55-11C637F48D08}.Release|Any CPU.ActiveCfg = Release|Any CPU
		{14E512B9-17EF-4BE3-9F55-11C637F48D08}.Release|Any CPU.Build.0 = Release|Any CPU
		{14E512B9-17EF-4BE3-9F55-11C637F48D08}.Release|Any CPU.Deploy.0 = Release|Any CPU
		{14E512B9-17EF-4BE3-9F55-11C637F48D08}.Release|ARM.ActiveCfg = Release|Any CPU
		{14E512B9-17EF-4BE3-9F55-11C637F48D08}.Release|iPhone.ActiveCfg = Release|Any CPU
		{14E512B9-17EF-4BE3-9F55-11C637F48D08}.Release|iPhoneSimulator.ActiveCfg = Release|Any CPU
		{14E512B9-17EF-4BE3-9F55-11C637F48D08}.Release|Mixed Platforms.ActiveCfg = Release|Any CPU
		{14E512B9-17EF-4BE3-9F55-11C637F48D08}.Release|Mixed Platforms.Build.0 = Release|Any CPU
		{14E512B9-17EF-4BE3-9F55-11C637F48D08}.Release|Mixed Platforms.Deploy.0 = Release|Any CPU
		{14E512B9-17EF-4BE3-9F55-11C637F48D08}.Release|x64.ActiveCfg = Release|Any CPU
		{14E512B9-17EF-4BE3-9F55-11C637F48D08}.Release|x86.ActiveCfg = Release|Any CPU
		{47A84CFF-4A76-441B-916F-1ECBB0600F1D}.Ad-Hoc|Any CPU.ActiveCfg = Release|Any CPU
		{47A84CFF-4A76-441B-916F-1ECBB0600F1D}.Ad-Hoc|Any CPU.Build.0 = Release|Any CPU
		{47A84CFF-4A76-441B-916F-1ECBB0600F1D}.Ad-Hoc|Any CPU.Deploy.0 = Release|Any CPU
		{47A84CFF-4A76-441B-916F-1ECBB0600F1D}.Ad-Hoc|ARM.ActiveCfg = Release|Any CPU
		{47A84CFF-4A76-441B-916F-1ECBB0600F1D}.Ad-Hoc|iPhone.ActiveCfg = Release|Any CPU
		{47A84CFF-4A76-441B-916F-1ECBB0600F1D}.Ad-Hoc|iPhoneSimulator.ActiveCfg = Release|Any CPU
		{47A84CFF-4A76-441B-916F-1ECBB0600F1D}.Ad-Hoc|Mixed Platforms.ActiveCfg = Release|Any CPU
		{47A84CFF-4A76-441B-916F-1ECBB0600F1D}.Ad-Hoc|Mixed Platforms.Build.0 = Release|Any CPU
		{47A84CFF-4A76-441B-916F-1ECBB0600F1D}.Ad-Hoc|Mixed Platforms.Deploy.0 = Release|Any CPU
		{47A84CFF-4A76-441B-916F-1ECBB0600F1D}.Ad-Hoc|x64.ActiveCfg = Release|Any CPU
		{47A84CFF-4A76-441B-916F-1ECBB0600F1D}.Ad-Hoc|x86.ActiveCfg = Release|Any CPU
		{47A84CFF-4A76-441B-916F-1ECBB0600F1D}.AppStore|Any CPU.ActiveCfg = Release|Any CPU
		{47A84CFF-4A76-441B-916F-1ECBB0600F1D}.AppStore|Any CPU.Build.0 = Release|Any CPU
		{47A84CFF-4A76-441B-916F-1ECBB0600F1D}.AppStore|Any CPU.Deploy.0 = Release|Any CPU
		{47A84CFF-4A76-441B-916F-1ECBB0600F1D}.AppStore|ARM.ActiveCfg = Release|Any CPU
		{47A84CFF-4A76-441B-916F-1ECBB0600F1D}.AppStore|iPhone.ActiveCfg = Release|Any CPU
		{47A84CFF-4A76-441B-916F-1ECBB0600F1D}.AppStore|iPhoneSimulator.ActiveCfg = Release|Any CPU
		{47A84CFF-4A76-441B-916F-1ECBB0600F1D}.AppStore|Mixed Platforms.ActiveCfg = Release|Any CPU
		{47A84CFF-4A76-441B-916F-1ECBB0600F1D}.AppStore|Mixed Platforms.Build.0 = Release|Any CPU
		{47A84CFF-4A76-441B-916F-1ECBB0600F1D}.AppStore|Mixed Platforms.Deploy.0 = Release|Any CPU
		{47A84CFF-4A76-441B-916F-1ECBB0600F1D}.AppStore|x64.ActiveCfg = Release|Any CPU
		{47A84CFF-4A76-441B-916F-1ECBB0600F1D}.AppStore|x86.ActiveCfg = Release|Any CPU
		{47A84CFF-4A76-441B-916F-1ECBB0600F1D}.Debug|Any CPU.ActiveCfg = Debug|Any CPU
		{47A84CFF-4A76-441B-916F-1ECBB0600F1D}.Debug|Any CPU.Build.0 = Debug|Any CPU
		{47A84CFF-4A76-441B-916F-1ECBB0600F1D}.Debug|Any CPU.Deploy.0 = Debug|Any CPU
		{47A84CFF-4A76-441B-916F-1ECBB0600F1D}.Debug|ARM.ActiveCfg = Debug|Any CPU
		{47A84CFF-4A76-441B-916F-1ECBB0600F1D}.Debug|iPhone.ActiveCfg = Debug|Any CPU
		{47A84CFF-4A76-441B-916F-1ECBB0600F1D}.Debug|iPhoneSimulator.ActiveCfg = Debug|Any CPU
		{47A84CFF-4A76-441B-916F-1ECBB0600F1D}.Debug|Mixed Platforms.ActiveCfg = Debug|Any CPU
		{47A84CFF-4A76-441B-916F-1ECBB0600F1D}.Debug|Mixed Platforms.Build.0 = Debug|Any CPU
		{47A84CFF-4A76-441B-916F-1ECBB0600F1D}.Debug|Mixed Platforms.Deploy.0 = Debug|Any CPU
		{47A84CFF-4A76-441B-916F-1ECBB0600F1D}.Debug|x64.ActiveCfg = Debug|Any CPU
		{47A84CFF-4A76-441B-916F-1ECBB0600F1D}.Debug|x86.ActiveCfg = Debug|Any CPU
		{47A84CFF-4A76-441B-916F-1ECBB0600F1D}.Release|Any CPU.ActiveCfg = Release|Any CPU
		{47A84CFF-4A76-441B-916F-1ECBB0600F1D}.Release|Any CPU.Build.0 = Release|Any CPU
		{47A84CFF-4A76-441B-916F-1ECBB0600F1D}.Release|Any CPU.Deploy.0 = Release|Any CPU
		{47A84CFF-4A76-441B-916F-1ECBB0600F1D}.Release|ARM.ActiveCfg = Release|Any CPU
		{47A84CFF-4A76-441B-916F-1ECBB0600F1D}.Release|iPhone.ActiveCfg = Release|Any CPU
		{47A84CFF-4A76-441B-916F-1ECBB0600F1D}.Release|iPhoneSimulator.ActiveCfg = Release|Any CPU
		{47A84CFF-4A76-441B-916F-1ECBB0600F1D}.Release|Mixed Platforms.ActiveCfg = Release|Any CPU
		{47A84CFF-4A76-441B-916F-1ECBB0600F1D}.Release|Mixed Platforms.Build.0 = Release|Any CPU
		{47A84CFF-4A76-441B-916F-1ECBB0600F1D}.Release|Mixed Platforms.Deploy.0 = Release|Any CPU
		{47A84CFF-4A76-441B-916F-1ECBB0600F1D}.Release|x64.ActiveCfg = Release|Any CPU
		{47A84CFF-4A76-441B-916F-1ECBB0600F1D}.Release|x86.ActiveCfg = Release|Any CPU
		{D20E404D-F534-42B6-A0AB-294B6190008C}.Ad-Hoc|Any CPU.ActiveCfg = Release|Any CPU
		{D20E404D-F534-42B6-A0AB-294B6190008C}.Ad-Hoc|Any CPU.Build.0 = Release|Any CPU
		{D20E404D-F534-42B6-A0AB-294B6190008C}.Ad-Hoc|Any CPU.Deploy.0 = Release|Any CPU
		{D20E404D-F534-42B6-A0AB-294B6190008C}.Ad-Hoc|ARM.ActiveCfg = Release|ARM
		{D20E404D-F534-42B6-A0AB-294B6190008C}.Ad-Hoc|ARM.Build.0 = Release|ARM
		{D20E404D-F534-42B6-A0AB-294B6190008C}.Ad-Hoc|ARM.Deploy.0 = Release|ARM
		{D20E404D-F534-42B6-A0AB-294B6190008C}.Ad-Hoc|iPhone.ActiveCfg = Release|Any CPU
		{D20E404D-F534-42B6-A0AB-294B6190008C}.Ad-Hoc|iPhoneSimulator.ActiveCfg = Release|Any CPU
		{D20E404D-F534-42B6-A0AB-294B6190008C}.Ad-Hoc|Mixed Platforms.ActiveCfg = Release|x86
		{D20E404D-F534-42B6-A0AB-294B6190008C}.Ad-Hoc|Mixed Platforms.Build.0 = Release|x86
		{D20E404D-F534-42B6-A0AB-294B6190008C}.Ad-Hoc|Mixed Platforms.Deploy.0 = Release|x86
		{D20E404D-F534-42B6-A0AB-294B6190008C}.Ad-Hoc|x64.ActiveCfg = Release|x64
		{D20E404D-F534-42B6-A0AB-294B6190008C}.Ad-Hoc|x64.Build.0 = Release|x64
		{D20E404D-F534-42B6-A0AB-294B6190008C}.Ad-Hoc|x64.Deploy.0 = Release|x64
		{D20E404D-F534-42B6-A0AB-294B6190008C}.Ad-Hoc|x86.ActiveCfg = Release|x86
		{D20E404D-F534-42B6-A0AB-294B6190008C}.Ad-Hoc|x86.Build.0 = Release|x86
		{D20E404D-F534-42B6-A0AB-294B6190008C}.Ad-Hoc|x86.Deploy.0 = Release|x86
		{D20E404D-F534-42B6-A0AB-294B6190008C}.AppStore|Any CPU.ActiveCfg = Release|Any CPU
		{D20E404D-F534-42B6-A0AB-294B6190008C}.AppStore|Any CPU.Build.0 = Release|Any CPU
		{D20E404D-F534-42B6-A0AB-294B6190008C}.AppStore|Any CPU.Deploy.0 = Release|Any CPU
		{D20E404D-F534-42B6-A0AB-294B6190008C}.AppStore|ARM.ActiveCfg = Release|ARM
		{D20E404D-F534-42B6-A0AB-294B6190008C}.AppStore|ARM.Build.0 = Release|ARM
		{D20E404D-F534-42B6-A0AB-294B6190008C}.AppStore|ARM.Deploy.0 = Release|ARM
		{D20E404D-F534-42B6-A0AB-294B6190008C}.AppStore|iPhone.ActiveCfg = Release|Any CPU
		{D20E404D-F534-42B6-A0AB-294B6190008C}.AppStore|iPhoneSimulator.ActiveCfg = Release|Any CPU
		{D20E404D-F534-42B6-A0AB-294B6190008C}.AppStore|Mixed Platforms.ActiveCfg = Release|x86
		{D20E404D-F534-42B6-A0AB-294B6190008C}.AppStore|Mixed Platforms.Build.0 = Release|x86
		{D20E404D-F534-42B6-A0AB-294B6190008C}.AppStore|Mixed Platforms.Deploy.0 = Release|x86
		{D20E404D-F534-42B6-A0AB-294B6190008C}.AppStore|x64.ActiveCfg = Release|x64
		{D20E404D-F534-42B6-A0AB-294B6190008C}.AppStore|x64.Build.0 = Release|x64
		{D20E404D-F534-42B6-A0AB-294B6190008C}.AppStore|x64.Deploy.0 = Release|x64
		{D20E404D-F534-42B6-A0AB-294B6190008C}.AppStore|x86.ActiveCfg = Release|x86
		{D20E404D-F534-42B6-A0AB-294B6190008C}.AppStore|x86.Build.0 = Release|x86
		{D20E404D-F534-42B6-A0AB-294B6190008C}.AppStore|x86.Deploy.0 = Release|x86
		{D20E404D-F534-42B6-A0AB-294B6190008C}.Debug|Any CPU.ActiveCfg = Debug|Any CPU
		{D20E404D-F534-42B6-A0AB-294B6190008C}.Debug|Any CPU.Build.0 = Debug|Any CPU
		{D20E404D-F534-42B6-A0AB-294B6190008C}.Debug|Any CPU.Deploy.0 = Debug|Any CPU
		{D20E404D-F534-42B6-A0AB-294B6190008C}.Debug|ARM.ActiveCfg = Debug|ARM
		{D20E404D-F534-42B6-A0AB-294B6190008C}.Debug|ARM.Build.0 = Debug|ARM
		{D20E404D-F534-42B6-A0AB-294B6190008C}.Debug|ARM.Deploy.0 = Debug|ARM
		{D20E404D-F534-42B6-A0AB-294B6190008C}.Debug|iPhone.ActiveCfg = Debug|Any CPU
		{D20E404D-F534-42B6-A0AB-294B6190008C}.Debug|iPhoneSimulator.ActiveCfg = Debug|Any CPU
		{D20E404D-F534-42B6-A0AB-294B6190008C}.Debug|Mixed Platforms.ActiveCfg = Debug|x86
		{D20E404D-F534-42B6-A0AB-294B6190008C}.Debug|Mixed Platforms.Build.0 = Debug|x86
		{D20E404D-F534-42B6-A0AB-294B6190008C}.Debug|Mixed Platforms.Deploy.0 = Debug|x86
		{D20E404D-F534-42B6-A0AB-294B6190008C}.Debug|x64.ActiveCfg = Debug|x64
		{D20E404D-F534-42B6-A0AB-294B6190008C}.Debug|x64.Build.0 = Debug|x64
		{D20E404D-F534-42B6-A0AB-294B6190008C}.Debug|x64.Deploy.0 = Debug|x64
		{D20E404D-F534-42B6-A0AB-294B6190008C}.Debug|x86.ActiveCfg = Debug|x86
		{D20E404D-F534-42B6-A0AB-294B6190008C}.Debug|x86.Build.0 = Debug|x86
		{D20E404D-F534-42B6-A0AB-294B6190008C}.Debug|x86.Deploy.0 = Debug|x86
		{D20E404D-F534-42B6-A0AB-294B6190008C}.Release|Any CPU.ActiveCfg = Release|Any CPU
		{D20E404D-F534-42B6-A0AB-294B6190008C}.Release|Any CPU.Build.0 = Release|Any CPU
		{D20E404D-F534-42B6-A0AB-294B6190008C}.Release|Any CPU.Deploy.0 = Release|Any CPU
		{D20E404D-F534-42B6-A0AB-294B6190008C}.Release|ARM.ActiveCfg = Release|ARM
		{D20E404D-F534-42B6-A0AB-294B6190008C}.Release|ARM.Build.0 = Release|ARM
		{D20E404D-F534-42B6-A0AB-294B6190008C}.Release|ARM.Deploy.0 = Release|ARM
		{D20E404D-F534-42B6-A0AB-294B6190008C}.Release|iPhone.ActiveCfg = Release|Any CPU
		{D20E404D-F534-42B6-A0AB-294B6190008C}.Release|iPhoneSimulator.ActiveCfg = Release|Any CPU
		{D20E404D-F534-42B6-A0AB-294B6190008C}.Release|Mixed Platforms.ActiveCfg = Release|x86
		{D20E404D-F534-42B6-A0AB-294B6190008C}.Release|Mixed Platforms.Build.0 = Release|x86
		{D20E404D-F534-42B6-A0AB-294B6190008C}.Release|Mixed Platforms.Deploy.0 = Release|x86
		{D20E404D-F534-42B6-A0AB-294B6190008C}.Release|x64.ActiveCfg = Release|x64
		{D20E404D-F534-42B6-A0AB-294B6190008C}.Release|x64.Build.0 = Release|x64
		{D20E404D-F534-42B6-A0AB-294B6190008C}.Release|x64.Deploy.0 = Release|x64
		{D20E404D-F534-42B6-A0AB-294B6190008C}.Release|x86.ActiveCfg = Release|x86
		{D20E404D-F534-42B6-A0AB-294B6190008C}.Release|x86.Build.0 = Release|x86
		{D20E404D-F534-42B6-A0AB-294B6190008C}.Release|x86.Deploy.0 = Release|x86
		{2D4E2C0F-782E-4AB4-BDBB-7AB391AAD8F3}.Ad-Hoc|Any CPU.ActiveCfg = Ad-Hoc|iPhone
		{2D4E2C0F-782E-4AB4-BDBB-7AB391AAD8F3}.Ad-Hoc|ARM.ActiveCfg = Ad-Hoc|iPhone
		{2D4E2C0F-782E-4AB4-BDBB-7AB391AAD8F3}.Ad-Hoc|iPhone.ActiveCfg = Ad-Hoc|iPhone
		{2D4E2C0F-782E-4AB4-BDBB-7AB391AAD8F3}.Ad-Hoc|iPhone.Build.0 = Ad-Hoc|iPhone
		{2D4E2C0F-782E-4AB4-BDBB-7AB391AAD8F3}.Ad-Hoc|iPhoneSimulator.ActiveCfg = Ad-Hoc|iPhoneSimulator
		{2D4E2C0F-782E-4AB4-BDBB-7AB391AAD8F3}.Ad-Hoc|iPhoneSimulator.Build.0 = Ad-Hoc|iPhoneSimulator
		{2D4E2C0F-782E-4AB4-BDBB-7AB391AAD8F3}.Ad-Hoc|Mixed Platforms.ActiveCfg = Ad-Hoc|iPhone
		{2D4E2C0F-782E-4AB4-BDBB-7AB391AAD8F3}.Ad-Hoc|Mixed Platforms.Build.0 = Ad-Hoc|iPhone
		{2D4E2C0F-782E-4AB4-BDBB-7AB391AAD8F3}.Ad-Hoc|x64.ActiveCfg = Ad-Hoc|iPhone
		{2D4E2C0F-782E-4AB4-BDBB-7AB391AAD8F3}.Ad-Hoc|x86.ActiveCfg = Ad-Hoc|iPhone
		{2D4E2C0F-782E-4AB4-BDBB-7AB391AAD8F3}.AppStore|Any CPU.ActiveCfg = AppStore|iPhone
		{2D4E2C0F-782E-4AB4-BDBB-7AB391AAD8F3}.AppStore|ARM.ActiveCfg = AppStore|iPhone
		{2D4E2C0F-782E-4AB4-BDBB-7AB391AAD8F3}.AppStore|iPhone.ActiveCfg = AppStore|iPhone
		{2D4E2C0F-782E-4AB4-BDBB-7AB391AAD8F3}.AppStore|iPhone.Build.0 = AppStore|iPhone
		{2D4E2C0F-782E-4AB4-BDBB-7AB391AAD8F3}.AppStore|iPhoneSimulator.ActiveCfg = AppStore|iPhoneSimulator
		{2D4E2C0F-782E-4AB4-BDBB-7AB391AAD8F3}.AppStore|iPhoneSimulator.Build.0 = AppStore|iPhoneSimulator
		{2D4E2C0F-782E-4AB4-BDBB-7AB391AAD8F3}.AppStore|Mixed Platforms.ActiveCfg = AppStore|iPhone
		{2D4E2C0F-782E-4AB4-BDBB-7AB391AAD8F3}.AppStore|Mixed Platforms.Build.0 = AppStore|iPhone
		{2D4E2C0F-782E-4AB4-BDBB-7AB391AAD8F3}.AppStore|x64.ActiveCfg = AppStore|iPhone
		{2D4E2C0F-782E-4AB4-BDBB-7AB391AAD8F3}.AppStore|x86.ActiveCfg = AppStore|iPhone
		{2D4E2C0F-782E-4AB4-BDBB-7AB391AAD8F3}.Debug|Any CPU.ActiveCfg = Debug|iPhone
		{2D4E2C0F-782E-4AB4-BDBB-7AB391AAD8F3}.Debug|ARM.ActiveCfg = Debug|iPhone
		{2D4E2C0F-782E-4AB4-BDBB-7AB391AAD8F3}.Debug|iPhone.ActiveCfg = Debug|iPhone
		{2D4E2C0F-782E-4AB4-BDBB-7AB391AAD8F3}.Debug|iPhone.Build.0 = Debug|iPhone
		{2D4E2C0F-782E-4AB4-BDBB-7AB391AAD8F3}.Debug|iPhoneSimulator.ActiveCfg = Debug|iPhoneSimulator
		{2D4E2C0F-782E-4AB4-BDBB-7AB391AAD8F3}.Debug|iPhoneSimulator.Build.0 = Debug|iPhoneSimulator
		{2D4E2C0F-782E-4AB4-BDBB-7AB391AAD8F3}.Debug|Mixed Platforms.ActiveCfg = Debug|iPhone
		{2D4E2C0F-782E-4AB4-BDBB-7AB391AAD8F3}.Debug|Mixed Platforms.Build.0 = Debug|iPhone
		{2D4E2C0F-782E-4AB4-BDBB-7AB391AAD8F3}.Debug|x64.ActiveCfg = Debug|iPhone
		{2D4E2C0F-782E-4AB4-BDBB-7AB391AAD8F3}.Debug|x86.ActiveCfg = Debug|iPhone
		{2D4E2C0F-782E-4AB4-BDBB-7AB391AAD8F3}.Release|Any CPU.ActiveCfg = Release|iPhone
		{2D4E2C0F-782E-4AB4-BDBB-7AB391AAD8F3}.Release|ARM.ActiveCfg = Release|iPhone
		{2D4E2C0F-782E-4AB4-BDBB-7AB391AAD8F3}.Release|iPhone.ActiveCfg = Release|iPhone
		{2D4E2C0F-782E-4AB4-BDBB-7AB391AAD8F3}.Release|iPhone.Build.0 = Release|iPhone
		{2D4E2C0F-782E-4AB4-BDBB-7AB391AAD8F3}.Release|iPhoneSimulator.ActiveCfg = Release|iPhoneSimulator
		{2D4E2C0F-782E-4AB4-BDBB-7AB391AAD8F3}.Release|iPhoneSimulator.Build.0 = Release|iPhoneSimulator
		{2D4E2C0F-782E-4AB4-BDBB-7AB391AAD8F3}.Release|Mixed Platforms.ActiveCfg = Release|iPhone
		{2D4E2C0F-782E-4AB4-BDBB-7AB391AAD8F3}.Release|Mixed Platforms.Build.0 = Release|iPhone
		{2D4E2C0F-782E-4AB4-BDBB-7AB391AAD8F3}.Release|x64.ActiveCfg = Release|iPhone
		{2D4E2C0F-782E-4AB4-BDBB-7AB391AAD8F3}.Release|x86.ActiveCfg = Release|iPhone
	EndGlobalSection
	GlobalSection(SolutionProperties) = preSolution
		HideSolutionNode = FALSE
	EndGlobalSection
EndGlobal
