
Microsoft Visual Studio Solution File, Format Version 12.00
# Visual Studio 2012
Project("{FAE04EC0-301F-11D3-BF4B-00C04F79EFBC}") = "BindMe.Core", "BindMe.Core\BindMe.Core.csproj", "{2797724F-CB1B-4957-9750-7B79CFD177AB}"
EndProject
Project("{FAE04EC0-301F-11D3-BF4B-00C04F79EFBC}") = "BindMe.Droid", "BindMe.Droid\BindMe.Droid.csproj", "{80A028A0-E6F9-4D12-B4BB-890EA9C50E95}"
EndProject
Project("{FAE04EC0-301F-11D3-BF4B-00C04F79EFBC}") = "BindMe.Touch", "BindMe.Touch\BindMe.Touch.csproj", "{42AEF659-7223-4A02-AA30-2A7BAAC17FAC}"
EndProject
Project("{FAE04EC0-301F-11D3-BF4B-00C04F79EFBC}") = "BindMe.Store", "BindMe.Store\BindMe.Store.csproj", "{E389FB85-D60E-438C-8B27-92F41ED64C6D}"
EndProject
Global
	GlobalSection(SolutionConfigurationPlatforms) = preSolution
		Ad-Hoc|Any CPU = Ad-Hoc|Any CPU
		Ad-Hoc|ARM = Ad-Hoc|ARM
		Ad-Hoc|iPhone = Ad-Hoc|iPhone
		Ad-Hoc|iPhoneSimulator = Ad-Hoc|iPhoneSimulator
		Ad-Hoc|Mixed Platforms = Ad-Hoc|Mixed Platforms
		Ad-Hoc|x64 = Ad-Hoc|x64
		Ad-Hoc|x86 = Ad-Hoc|x86
		AppStore|Any CPU = AppStore|Any CPU
		AppStore|ARM = AppStore|ARM
		AppStore|iPhone = AppStore|iPhone
		AppStore|iPhoneSimulator = AppStore|iPhoneSimulator
		AppStore|Mixed Platforms = AppStore|Mixed Platforms
		AppStore|x64 = AppStore|x64
		AppStore|x86 = AppStore|x86
		Debug|Any CPU = Debug|Any CPU
		Debug|ARM = Debug|ARM
		Debug|iPhone = Debug|iPhone
		Debug|iPhoneSimulator = Debug|iPhoneSimulator
		Debug|Mixed Platforms = Debug|Mixed Platforms
		Debug|x64 = Debug|x64
		Debug|x86 = Debug|x86
		Release|Any CPU = Release|Any CPU
		Release|ARM = Release|ARM
		Release|iPhone = Release|iPhone
		Release|iPhoneSimulator = Release|iPhoneSimulator
		Release|Mixed Platforms = Release|Mixed Platforms
		Release|x64 = Release|x64
		Release|x86 = Release|x86
	EndGlobalSection
	GlobalSection(ProjectConfigurationPlatforms) = postSolution
		{2797724F-CB1B-4957-9750-7B79CFD177AB}.Ad-Hoc|Any CPU.ActiveCfg = Release|Any CPU
		{2797724F-CB1B-4957-9750-7B79CFD177AB}.Ad-Hoc|Any CPU.Build.0 = Release|Any CPU
		{2797724F-CB1B-4957-9750-7B79CFD177AB}.Ad-Hoc|ARM.ActiveCfg = Release|Any CPU
		{2797724F-CB1B-4957-9750-7B79CFD177AB}.Ad-Hoc|iPhone.ActiveCfg = Release|Any CPU
		{2797724F-CB1B-4957-9750-7B79CFD177AB}.Ad-Hoc|iPhoneSimulator.ActiveCfg = Release|Any CPU
		{2797724F-CB1B-4957-9750-7B79CFD177AB}.Ad-Hoc|Mixed Platforms.ActiveCfg = Release|Any CPU
		{2797724F-CB1B-4957-9750-7B79CFD177AB}.Ad-Hoc|Mixed Platforms.Build.0 = Release|Any CPU
		{2797724F-CB1B-4957-9750-7B79CFD177AB}.Ad-Hoc|x64.ActiveCfg = Release|Any CPU
		{2797724F-CB1B-4957-9750-7B79CFD177AB}.Ad-Hoc|x86.ActiveCfg = Release|Any CPU
		{2797724F-CB1B-4957-9750-7B79CFD177AB}.AppStore|Any CPU.ActiveCfg = Release|Any CPU
		{2797724F-CB1B-4957-9750-7B79CFD177AB}.AppStore|Any CPU.Build.0 = Release|Any CPU
		{2797724F-CB1B-4957-9750-7B79CFD177AB}.AppStore|ARM.ActiveCfg = Release|Any CPU
		{2797724F-CB1B-4957-9750-7B79CFD177AB}.AppStore|iPhone.ActiveCfg = Release|Any CPU
		{2797724F-CB1B-4957-9750-7B79CFD177AB}.AppStore|iPhoneSimulator.ActiveCfg = Release|Any CPU
		{2797724F-CB1B-4957-9750-7B79CFD177AB}.AppStore|Mixed Platforms.ActiveCfg = Release|Any CPU
		{2797724F-CB1B-4957-9750-7B79CFD177AB}.AppStore|Mixed Platforms.Build.0 = Release|Any CPU
		{2797724F-CB1B-4957-9750-7B79CFD177AB}.AppStore|x64.ActiveCfg = Release|Any CPU
		{2797724F-CB1B-4957-9750-7B79CFD177AB}.AppStore|x86.ActiveCfg = Release|Any CPU
		{2797724F-CB1B-4957-9750-7B79CFD177AB}.Debug|Any CPU.ActiveCfg = Debug|Any CPU
		{2797724F-CB1B-4957-9750-7B79CFD177AB}.Debug|Any CPU.Build.0 = Debug|Any CPU
		{2797724F-CB1B-4957-9750-7B79CFD177AB}.Debug|ARM.ActiveCfg = Debug|Any CPU
		{2797724F-CB1B-4957-9750-7B79CFD177AB}.Debug|iPhone.ActiveCfg = Debug|Any CPU
		{2797724F-CB1B-4957-9750-7B79CFD177AB}.Debug|iPhoneSimulator.ActiveCfg = Debug|Any CPU
		{2797724F-CB1B-4957-9750-7B79CFD177AB}.Debug|Mixed Platforms.ActiveCfg = Debug|Any CPU
		{2797724F-CB1B-4957-9750-7B79CFD177AB}.Debug|Mixed Platforms.Build.0 = Debug|Any CPU
		{2797724F-CB1B-4957-9750-7B79CFD177AB}.Debug|x64.ActiveCfg = Debug|Any CPU
		{2797724F-CB1B-4957-9750-7B79CFD177AB}.Debug|x86.ActiveCfg = Debug|Any CPU
		{2797724F-CB1B-4957-9750-7B79CFD177AB}.Release|Any CPU.ActiveCfg = Release|Any CPU
		{2797724F-CB1B-4957-9750-7B79CFD177AB}.Release|Any CPU.Build.0 = Release|Any CPU
		{2797724F-CB1B-4957-9750-7B79CFD177AB}.Release|ARM.ActiveCfg = Release|Any CPU
		{2797724F-CB1B-4957-9750-7B79CFD177AB}.Release|iPhone.ActiveCfg = Release|Any CPU
		{2797724F-CB1B-4957-9750-7B79CFD177AB}.Release|iPhoneSimulator.ActiveCfg = Release|Any CPU
		{2797724F-CB1B-4957-9750-7B79CFD177AB}.Release|Mixed Platforms.ActiveCfg = Release|Any CPU
		{2797724F-CB1B-4957-9750-7B79CFD177AB}.Release|Mixed Platforms.Build.0 = Release|Any CPU
		{2797724F-CB1B-4957-9750-7B79CFD177AB}.Release|x64.ActiveCfg = Release|Any CPU
		{2797724F-CB1B-4957-9750-7B79CFD177AB}.Release|x86.ActiveCfg = Release|Any CPU
		{80A028A0-E6F9-4D12-B4BB-890EA9C50E95}.Ad-Hoc|Any CPU.ActiveCfg = Release|Any CPU
		{80A028A0-E6F9-4D12-B4BB-890EA9C50E95}.Ad-Hoc|Any CPU.Build.0 = Release|Any CPU
		{80A028A0-E6F9-4D12-B4BB-890EA9C50E95}.Ad-Hoc|Any CPU.Deploy.0 = Release|Any CPU
		{80A028A0-E6F9-4D12-B4BB-890EA9C50E95}.Ad-Hoc|ARM.ActiveCfg = Release|Any CPU
		{80A028A0-E6F9-4D12-B4BB-890EA9C50E95}.Ad-Hoc|iPhone.ActiveCfg = Release|Any CPU
		{80A028A0-E6F9-4D12-B4BB-890EA9C50E95}.Ad-Hoc|iPhoneSimulator.ActiveCfg = Release|Any CPU
		{80A028A0-E6F9-4D12-B4BB-890EA9C50E95}.Ad-Hoc|Mixed Platforms.ActiveCfg = Release|Any CPU
		{80A028A0-E6F9-4D12-B4BB-890EA9C50E95}.Ad-Hoc|Mixed Platforms.Build.0 = Release|Any CPU
		{80A028A0-E6F9-4D12-B4BB-890EA9C50E95}.Ad-Hoc|Mixed Platforms.Deploy.0 = Release|Any CPU
		{80A028A0-E6F9-4D12-B4BB-890EA9C50E95}.Ad-Hoc|x64.ActiveCfg = Release|Any CPU
		{80A028A0-E6F9-4D12-B4BB-890EA9C50E95}.Ad-Hoc|x86.ActiveCfg = Release|Any CPU
		{80A028A0-E6F9-4D12-B4BB-890EA9C50E95}.AppStore|Any CPU.ActiveCfg = Release|Any CPU
		{80A028A0-E6F9-4D12-B4BB-890EA9C50E95}.AppStore|Any CPU.Build.0 = Release|Any CPU
		{80A028A0-E6F9-4D12-B4BB-890EA9C50E95}.AppStore|Any CPU.Deploy.0 = Release|Any CPU
		{80A028A0-E6F9-4D12-B4BB-890EA9C50E95}.AppStore|ARM.ActiveCfg = Release|Any CPU
		{80A028A0-E6F9-4D12-B4BB-890EA9C50E95}.AppStore|iPhone.ActiveCfg = Release|Any CPU
		{80A028A0-E6F9-4D12-B4BB-890EA9C50E95}.AppStore|iPhoneSimulator.ActiveCfg = Release|Any CPU
		{80A028A0-E6F9-4D12-B4BB-890EA9C50E95}.AppStore|Mixed Platforms.ActiveCfg = Release|Any CPU
		{80A028A0-E6F9-4D12-B4BB-890EA9C50E95}.AppStore|Mixed Platforms.Build.0 = Release|Any CPU
		{80A028A0-E6F9-4D12-B4BB-890EA9C50E95}.AppStore|Mixed Platforms.Deploy.0 = Release|Any CPU
		{80A028A0-E6F9-4D12-B4BB-890EA9C50E95}.AppStore|x64.ActiveCfg = Release|Any CPU
		{80A028A0-E6F9-4D12-B4BB-890EA9C50E95}.AppStore|x86.ActiveCfg = Release|Any CPU
		{80A028A0-E6F9-4D12-B4BB-890EA9C50E95}.Debug|Any CPU.ActiveCfg = Debug|Any CPU
		{80A028A0-E6F9-4D12-B4BB-890EA9C50E95}.Debug|Any CPU.Build.0 = Debug|Any CPU
		{80A028A0-E6F9-4D12-B4BB-890EA9C50E95}.Debug|Any CPU.Deploy.0 = Debug|Any CPU
		{80A028A0-E6F9-4D12-B4BB-890EA9C50E95}.Debug|ARM.ActiveCfg = Debug|Any CPU
		{80A028A0-E6F9-4D12-B4BB-890EA9C50E95}.Debug|iPhone.ActiveCfg = Debug|Any CPU
		{80A028A0-E6F9-4D12-B4BB-890EA9C50E95}.Debug|iPhoneSimulator.ActiveCfg = Debug|Any CPU
		{80A028A0-E6F9-4D12-B4BB-890EA9C50E95}.Debug|Mixed Platforms.ActiveCfg = Debug|Any CPU
		{80A028A0-E6F9-4D12-B4BB-890EA9C50E95}.Debug|Mixed Platforms.Build.0 = Debug|Any CPU
		{80A028A0-E6F9-4D12-B4BB-890EA9C50E95}.Debug|Mixed Platforms.Deploy.0 = Debug|Any CPU
		{80A028A0-E6F9-4D12-B4BB-890EA9C50E95}.Debug|x64.ActiveCfg = Debug|Any CPU
		{80A028A0-E6F9-4D12-B4BB-890EA9C50E95}.Debug|x86.ActiveCfg = Debug|Any CPU
		{80A028A0-E6F9-4D12-B4BB-890EA9C50E95}.Release|Any CPU.ActiveCfg = Release|Any CPU
		{80A028A0-E6F9-4D12-B4BB-890EA9C50E95}.Release|Any CPU.Build.0 = Release|Any CPU
		{80A028A0-E6F9-4D12-B4BB-890EA9C50E95}.Release|Any CPU.Deploy.0 = Release|Any CPU
		{80A028A0-E6F9-4D12-B4BB-890EA9C50E95}.Release|ARM.ActiveCfg = Release|Any CPU
		{80A028A0-E6F9-4D12-B4BB-890EA9C50E95}.Release|iPhone.ActiveCfg = Release|Any CPU
		{80A028A0-E6F9-4D12-B4BB-890EA9C50E95}.Release|iPhoneSimulator.ActiveCfg = Release|Any CPU
		{80A028A0-E6F9-4D12-B4BB-890EA9C50E95}.Release|Mixed Platforms.ActiveCfg = Release|Any CPU
		{80A028A0-E6F9-4D12-B4BB-890EA9C50E95}.Release|Mixed Platforms.Build.0 = Release|Any CPU
		{80A028A0-E6F9-4D12-B4BB-890EA9C50E95}.Release|Mixed Platforms.Deploy.0 = Release|Any CPU
		{80A028A0-E6F9-4D12-B4BB-890EA9C50E95}.Release|x64.ActiveCfg = Release|Any CPU
		{80A028A0-E6F9-4D12-B4BB-890EA9C50E95}.Release|x86.ActiveCfg = Release|Any CPU
		{42AEF659-7223-4A02-AA30-2A7BAAC17FAC}.Ad-Hoc|Any CPU.ActiveCfg = Ad-Hoc|iPhone
		{42AEF659-7223-4A02-AA30-2A7BAAC17FAC}.Ad-Hoc|ARM.ActiveCfg = Ad-Hoc|iPhone
		{42AEF659-7223-4A02-AA30-2A7BAAC17FAC}.Ad-Hoc|iPhone.ActiveCfg = Ad-Hoc|iPhone
		{42AEF659-7223-4A02-AA30-2A7BAAC17FAC}.Ad-Hoc|iPhone.Build.0 = Ad-Hoc|iPhone
		{42AEF659-7223-4A02-AA30-2A7BAAC17FAC}.Ad-Hoc|iPhoneSimulator.ActiveCfg = Ad-Hoc|iPhoneSimulator
		{42AEF659-7223-4A02-AA30-2A7BAAC17FAC}.Ad-Hoc|iPhoneSimulator.Build.0 = Ad-Hoc|iPhoneSimulator
		{42AEF659-7223-4A02-AA30-2A7BAAC17FAC}.Ad-Hoc|Mixed Platforms.ActiveCfg = Ad-Hoc|iPhone
		{42AEF659-7223-4A02-AA30-2A7BAAC17FAC}.Ad-Hoc|Mixed Platforms.Build.0 = Ad-Hoc|iPhone
		{42AEF659-7223-4A02-AA30-2A7BAAC17FAC}.Ad-Hoc|x64.ActiveCfg = Ad-Hoc|iPhone
		{42AEF659-7223-4A02-AA30-2A7BAAC17FAC}.Ad-Hoc|x86.ActiveCfg = Ad-Hoc|iPhone
		{42AEF659-7223-4A02-AA30-2A7BAAC17FAC}.AppStore|Any CPU.ActiveCfg = AppStore|iPhone
		{42AEF659-7223-4A02-AA30-2A7BAAC17FAC}.AppStore|ARM.ActiveCfg = AppStore|iPhone
		{42AEF659-7223-4A02-AA30-2A7BAAC17FAC}.AppStore|iPhone.ActiveCfg = AppStore|iPhone
		{42AEF659-7223-4A02-AA30-2A7BAAC17FAC}.AppStore|iPhone.Build.0 = AppStore|iPhone
		{42AEF659-7223-4A02-AA30-2A7BAAC17FAC}.AppStore|iPhoneSimulator.ActiveCfg = AppStore|iPhoneSimulator
		{42AEF659-7223-4A02-AA30-2A7BAAC17FAC}.AppStore|iPhoneSimulator.Build.0 = AppStore|iPhoneSimulator
		{42AEF659-7223-4A02-AA30-2A7BAAC17FAC}.AppStore|Mixed Platforms.ActiveCfg = AppStore|iPhone
		{42AEF659-7223-4A02-AA30-2A7BAAC17FAC}.AppStore|Mixed Platforms.Build.0 = AppStore|iPhone
		{42AEF659-7223-4A02-AA30-2A7BAAC17FAC}.AppStore|x64.ActiveCfg = AppStore|iPhone
		{42AEF659-7223-4A02-AA30-2A7BAAC17FAC}.AppStore|x86.ActiveCfg = AppStore|iPhone
		{42AEF659-7223-4A02-AA30-2A7BAAC17FAC}.Debug|Any CPU.ActiveCfg = Debug|iPhone
		{42AEF659-7223-4A02-AA30-2A7BAAC17FAC}.Debug|ARM.ActiveCfg = Debug|iPhone
		{42AEF659-7223-4A02-AA30-2A7BAAC17FAC}.Debug|iPhone.ActiveCfg = Debug|iPhone
		{42AEF659-7223-4A02-AA30-2A7BAAC17FAC}.Debug|iPhone.Build.0 = Debug|iPhone
		{42AEF659-7223-4A02-AA30-2A7BAAC17FAC}.Debug|iPhoneSimulator.ActiveCfg = Debug|iPhoneSimulator
		{42AEF659-7223-4A02-AA30-2A7BAAC17FAC}.Debug|iPhoneSimulator.Build.0 = Debug|iPhoneSimulator
		{42AEF659-7223-4A02-AA30-2A7BAAC17FAC}.Debug|Mixed Platforms.ActiveCfg = Debug|iPhone
		{42AEF659-7223-4A02-AA30-2A7BAAC17FAC}.Debug|Mixed Platforms.Build.0 = Debug|iPhone
		{42AEF659-7223-4A02-AA30-2A7BAAC17FAC}.Debug|x64.ActiveCfg = Debug|iPhone
		{42AEF659-7223-4A02-AA30-2A7BAAC17FAC}.Debug|x86.ActiveCfg = Debug|iPhone
		{42AEF659-7223-4A02-AA30-2A7BAAC17FAC}.Release|Any CPU.ActiveCfg = Release|iPhone
		{42AEF659-7223-4A02-AA30-2A7BAAC17FAC}.Release|ARM.ActiveCfg = Release|iPhone
		{42AEF659-7223-4A02-AA30-2A7BAAC17FAC}.Release|iPhone.ActiveCfg = Release|iPhone
		{42AEF659-7223-4A02-AA30-2A7BAAC17FAC}.Release|iPhone.Build.0 = Release|iPhone
		{42AEF659-7223-4A02-AA30-2A7BAAC17FAC}.Release|iPhoneSimulator.ActiveCfg = Release|iPhoneSimulator
		{42AEF659-7223-4A02-AA30-2A7BAAC17FAC}.Release|iPhoneSimulator.Build.0 = Release|iPhoneSimulator
		{42AEF659-7223-4A02-AA30-2A7BAAC17FAC}.Release|Mixed Platforms.ActiveCfg = Release|iPhone
		{42AEF659-7223-4A02-AA30-2A7BAAC17FAC}.Release|Mixed Platforms.Build.0 = Release|iPhone
		{42AEF659-7223-4A02-AA30-2A7BAAC17FAC}.Release|x64.ActiveCfg = Release|iPhone
		{42AEF659-7223-4A02-AA30-2A7BAAC17FAC}.Release|x86.ActiveCfg = Release|iPhone
		{E389FB85-D60E-438C-8B27-92F41ED64C6D}.Ad-Hoc|Any CPU.ActiveCfg = Release|Any CPU
		{E389FB85-D60E-438C-8B27-92F41ED64C6D}.Ad-Hoc|Any CPU.Build.0 = Release|Any CPU
		{E389FB85-D60E-438C-8B27-92F41ED64C6D}.Ad-Hoc|Any CPU.Deploy.0 = Release|Any CPU
		{E389FB85-D60E-438C-8B27-92F41ED64C6D}.Ad-Hoc|ARM.ActiveCfg = Release|ARM
		{E389FB85-D60E-438C-8B27-92F41ED64C6D}.Ad-Hoc|ARM.Build.0 = Release|ARM
		{E389FB85-D60E-438C-8B27-92F41ED64C6D}.Ad-Hoc|ARM.Deploy.0 = Release|ARM
		{E389FB85-D60E-438C-8B27-92F41ED64C6D}.Ad-Hoc|iPhone.ActiveCfg = Release|Any CPU
		{E389FB85-D60E-438C-8B27-92F41ED64C6D}.Ad-Hoc|iPhoneSimulator.ActiveCfg = Release|Any CPU
		{E389FB85-D60E-438C-8B27-92F41ED64C6D}.Ad-Hoc|Mixed Platforms.ActiveCfg = Release|x86
		{E389FB85-D60E-438C-8B27-92F41ED64C6D}.Ad-Hoc|Mixed Platforms.Build.0 = Release|x86
		{E389FB85-D60E-438C-8B27-92F41ED64C6D}.Ad-Hoc|Mixed Platforms.Deploy.0 = Release|x86
		{E389FB85-D60E-438C-8B27-92F41ED64C6D}.Ad-Hoc|x64.ActiveCfg = Release|x64
		{E389FB85-D60E-438C-8B27-92F41ED64C6D}.Ad-Hoc|x64.Build.0 = Release|x64
		{E389FB85-D60E-438C-8B27-92F41ED64C6D}.Ad-Hoc|x64.Deploy.0 = Release|x64
		{E389FB85-D60E-438C-8B27-92F41ED64C6D}.Ad-Hoc|x86.ActiveCfg = Release|x86
		{E389FB85-D60E-438C-8B27-92F41ED64C6D}.Ad-Hoc|x86.Build.0 = Release|x86
		{E389FB85-D60E-438C-8B27-92F41ED64C6D}.Ad-Hoc|x86.Deploy.0 = Release|x86
		{E389FB85-D60E-438C-8B27-92F41ED64C6D}.AppStore|Any CPU.ActiveCfg = Release|Any CPU
		{E389FB85-D60E-438C-8B27-92F41ED64C6D}.AppStore|Any CPU.Build.0 = Release|Any CPU
		{E389FB85-D60E-438C-8B27-92F41ED64C6D}.AppStore|Any CPU.Deploy.0 = Release|Any CPU
		{E389FB85-D60E-438C-8B27-92F41ED64C6D}.AppStore|ARM.ActiveCfg = Release|ARM
		{E389FB85-D60E-438C-8B27-92F41ED64C6D}.AppStore|ARM.Build.0 = Release|ARM
		{E389FB85-D60E-438C-8B27-92F41ED64C6D}.AppStore|ARM.Deploy.0 = Release|ARM
		{E389FB85-D60E-438C-8B27-92F41ED64C6D}.AppStore|iPhone.ActiveCfg = Release|Any CPU
		{E389FB85-D60E-438C-8B27-92F41ED64C6D}.AppStore|iPhoneSimulator.ActiveCfg = Release|Any CPU
		{E389FB85-D60E-438C-8B27-92F41ED64C6D}.AppStore|Mixed Platforms.ActiveCfg = Release|x86
		{E389FB85-D60E-438C-8B27-92F41ED64C6D}.AppStore|Mixed Platforms.Build.0 = Release|x86
		{E389FB85-D60E-438C-8B27-92F41ED64C6D}.AppStore|Mixed Platforms.Deploy.0 = Release|x86
		{E389FB85-D60E-438C-8B27-92F41ED64C6D}.AppStore|x64.ActiveCfg = Release|x64
		{E389FB85-D60E-438C-8B27-92F41ED64C6D}.AppStore|x64.Build.0 = Release|x64
		{E389FB85-D60E-438C-8B27-92F41ED64C6D}.AppStore|x64.Deploy.0 = Release|x64
		{E389FB85-D60E-438C-8B27-92F41ED64C6D}.AppStore|x86.ActiveCfg = Release|x86
		{E389FB85-D60E-438C-8B27-92F41ED64C6D}.AppStore|x86.Build.0 = Release|x86
		{E389FB85-D60E-438C-8B27-92F41ED64C6D}.AppStore|x86.Deploy.0 = Release|x86
		{E389FB85-D60E-438C-8B27-92F41ED64C6D}.Debug|Any CPU.ActiveCfg = Debug|Any CPU
		{E389FB85-D60E-438C-8B27-92F41ED64C6D}.Debug|Any CPU.Build.0 = Debug|Any CPU
		{E389FB85-D60E-438C-8B27-92F41ED64C6D}.Debug|Any CPU.Deploy.0 = Debug|Any CPU
		{E389FB85-D60E-438C-8B27-92F41ED64C6D}.Debug|ARM.ActiveCfg = Debug|ARM
		{E389FB85-D60E-438C-8B27-92F41ED64C6D}.Debug|ARM.Build.0 = Debug|ARM
		{E389FB85-D60E-438C-8B27-92F41ED64C6D}.Debug|ARM.Deploy.0 = Debug|ARM
		{E389FB85-D60E-438C-8B27-92F41ED64C6D}.Debug|iPhone.ActiveCfg = Debug|Any CPU
		{E389FB85-D60E-438C-8B27-92F41ED64C6D}.Debug|iPhoneSimulator.ActiveCfg = Debug|Any CPU
		{E389FB85-D60E-438C-8B27-92F41ED64C6D}.Debug|Mixed Platforms.ActiveCfg = Debug|x86
		{E389FB85-D60E-438C-8B27-92F41ED64C6D}.Debug|Mixed Platforms.Build.0 = Debug|x86
		{E389FB85-D60E-438C-8B27-92F41ED64C6D}.Debug|Mixed Platforms.Deploy.0 = Debug|x86
		{E389FB85-D60E-438C-8B27-92F41ED64C6D}.Debug|x64.ActiveCfg = Debug|x64
		{E389FB85-D60E-438C-8B27-92F41ED64C6D}.Debug|x64.Build.0 = Debug|x64
		{E389FB85-D60E-438C-8B27-92F41ED64C6D}.Debug|x64.Deploy.0 = Debug|x64
		{E389FB85-D60E-438C-8B27-92F41ED64C6D}.Debug|x86.ActiveCfg = Debug|x86
		{E389FB85-D60E-438C-8B27-92F41ED64C6D}.Debug|x86.Build.0 = Debug|x86
		{E389FB85-D60E-438C-8B27-92F41ED64C6D}.Debug|x86.Deploy.0 = Debug|x86
		{E389FB85-D60E-438C-8B27-92F41ED64C6D}.Release|Any CPU.ActiveCfg = Release|Any CPU
		{E389FB85-D60E-438C-8B27-92F41ED64C6D}.Release|Any CPU.Build.0 = Release|Any CPU
		{E389FB85-D60E-438C-8B27-92F41ED64C6D}.Release|Any CPU.Deploy.0 = Release|Any CPU
		{E389FB85-D60E-438C-8B27-92F41ED64C6D}.Release|ARM.ActiveCfg = Release|ARM
		{E389FB85-D60E-438C-8B27-92F41ED64C6D}.Release|ARM.Build.0 = Release|ARM
		{E389FB85-D60E-438C-8B27-92F41ED64C6D}.Release|ARM.Deploy.0 = Release|ARM
		{E389FB85-D60E-438C-8B27-92F41ED64C6D}.Release|iPhone.ActiveCfg = Release|Any CPU
		{E389FB85-D60E-438C-8B27-92F41ED64C6D}.Release|iPhoneSimulator.ActiveCfg = Release|Any CPU
		{E389FB85-D60E-438C-8B27-92F41ED64C6D}.Release|Mixed Platforms.ActiveCfg = Release|x86
		{E389FB85-D60E-438C-8B27-92F41ED64C6D}.Release|Mixed Platforms.Build.0 = Release|x86
		{E389FB85-D60E-438C-8B27-92F41ED64C6D}.Release|Mixed Platforms.Deploy.0 = Release|x86
		{E389FB85-D60E-438C-8B27-92F41ED64C6D}.Release|x64.ActiveCfg = Release|x64
		{E389FB85-D60E-438C-8B27-92F41ED64C6D}.Release|x64.Build.0 = Release|x64
		{E389FB85-D60E-438C-8B27-92F41ED64C6D}.Release|x64.Deploy.0 = Release|x64
		{E389FB85-D60E-438C-8B27-92F41ED64C6D}.Release|x86.ActiveCfg = Release|x86
		{E389FB85-D60E-438C-8B27-92F41ED64C6D}.Release|x86.Build.0 = Release|x86
		{E389FB85-D60E-438C-8B27-92F41ED64C6D}.Release|x86.Deploy.0 = Release|x86
	EndGlobalSection
	GlobalSection(SolutionProperties) = preSolution
		HideSolutionNode = FALSE
	EndGlobalSection
EndGlobal
